
Microsoft Visual Studio Solution File, Format Version 12.00
# Visual Studio Version 16
VisualStudioVersion = 16.0.29025.244
MinimumVisualStudioVersion = 10.0.40219.1
Project("{9A19103F-16F7-4668-BE54-9A1E7A4F7556}") = "Microsoft.Bot.Builder.Handoff", "libraries\Microsoft.Bot.Builder.Handoff\Microsoft.Bot.Builder.Handoff.csproj", "{09BF44BE-AA88-440C-B8B8-1D6196DED3D1}"
EndProject
Global
	GlobalSection(SolutionConfigurationPlatforms) = preSolution
		Debug|Any CPU = Debug|Any CPU
		Release|Any CPU = Release|Any CPU
	EndGlobalSection
	GlobalSection(ProjectConfigurationPlatforms) = postSolution
		{09BF44BE-AA88-440C-B8B8-1D6196DED3D1}.Debug|Any CPU.ActiveCfg = Debug|Any CPU
		{09BF44BE-AA88-440C-B8B8-1D6196DED3D1}.Debug|Any CPU.Build.0 = Debug|Any CPU
		{09BF44BE-AA88-440C-B8B8-1D6196DED3D1}.Release|Any CPU.ActiveCfg = Release|Any CPU
		{09BF44BE-AA88-440C-B8B8-1D6196DED3D1}.Release|Any CPU.Build.0 = Release|Any CPU
	EndGlobalSection
	GlobalSection(SolutionProperties) = preSolution
		HideSolutionNode = FALSE
	EndGlobalSection
	GlobalSection(ExtensibilityGlobals) = postSolution
		SolutionGuid = {1E1BBDC1-E0E2-4A07-A51F-55EEB3857D5F}
	EndGlobalSection
EndGlobal
