
Microsoft Visual Studio Solution File, Format Version 12.00
# Visual Studio 15
VisualStudioVersion = 15.0.27130.2027
MinimumVisualStudioVersion = 10.0.40219.1
Project("{FAE04EC0-301F-11D3-BF4B-00C04F79EFBC}") = "Console-EchoBot-With-State", "samples-final\Console-EchoBot-With-State\Console-EchoBot-With-State.csproj", "{0549C776-A599-49B7-AF01-D0B9F46A2BCD}"
EndProject
Global
	GlobalSection(SolutionConfigurationPlatforms) = preSolution
		Debug|Any CPU = Debug|Any CPU
		Release|Any CPU = Release|Any CPU
	EndGlobalSection
	GlobalSection(ProjectConfigurationPlatforms) = postSolution
		{0549C776-A599-49B7-AF01-D0B9F46A2BCD}.Debug|Any CPU.ActiveCfg = Debug|Any CPU
		{0549C776-A599-49B7-AF01-D0B9F46A2BCD}.Debug|Any CPU.Build.0 = Debug|Any CPU
		{0549C776-A599-49B7-AF01-D0B9F46A2BCD}.Release|Any CPU.ActiveCfg = Release|Any CPU
		{0549C776-A599-49B7-AF01-D0B9F46A2BCD}.Release|Any CPU.Build.0 = Release|Any CPU
	EndGlobalSection
	GlobalSection(SolutionProperties) = preSolution
		HideSolutionNode = FALSE
	EndGlobalSection
	GlobalSection(ExtensibilityGlobals) = postSolution
		SolutionGuid = {68EA4F74-8BF2-4600-9588-AC42C2FED632}
	EndGlobalSection
EndGlobal
