Microsoft Visual Studio Solution File, Format Version 12.00
# Visual Studio 15
VisualStudioVersion = 15.0.27130.2027
MinimumVisualStudioVersion = 10.0.40219.1
Project("{9A19103F-16F7-4668-BE54-9A1E7A4F7556}") = "Console-EchoBot-With-State", "samples-final\Console-EchoBot-With-State\Console-EchoBot-With-State.csproj", "{0549C776-A599-49B7-AF01-D0B9F46A2BCD}"
EndProject
Project("{9A19103F-16F7-4668-BE54-9A1E7A4F7556}") = "AspNetCore-EchoBot-With-State", "samples-final\AspNetCore-EchoBot-With-State\AspNetCore-EchoBot-With-State.csproj", "{4E798715-1A00-49FA-A4F9-C3F3EF884442}"
EndProject
Project("{9A19103F-16F7-4668-BE54-9A1E7A4F7556}") = "AspNetCore-SinglePrompt-Bot", "samples-final\AspNetCore-SinglePrompt-Bot\AspNetCore-SinglePrompt-Bot.csproj", "{B262213B-33AA-4A01-97C6-12BF79EDEAA6}"
EndProject
Project("{9A19103F-16F7-4668-BE54-9A1E7A4F7556}") = "AspNetCore-MultiplePrompts-Bot", "samples-final\AspNetCore-MultiplePrompts-Bot\AspNetCore-MultiplePrompts-Bot.csproj", "{D4DBD202-CF46-4FB2-8A51-94DD1B9EBF39}"
EndProject
Project("{9A19103F-16F7-4668-BE54-9A1E7A4F7556}") = "AspNetCore-ConversationUpdate-Bot", "samples-final\AspNetCore-ConversationUpdate-Bot\AspNetCore-ConversationUpdate-Bot.csproj", "{7A157D63-57D0-40F3-9F5F-3F868B3F9690}"
EndProject
Project("{9A19103F-16F7-4668-BE54-9A1E7A4F7556}") = "AspNetCore-RichCards-Bot", "samples-final\AspNetCore-RichCards-Bot\AspNetCore-RichCards-Bot.csproj", "{68DFB72F-8348-4521-918E-8A86B00E1BA5}"
EndProject
Project("{9A19103F-16F7-4668-BE54-9A1E7A4F7556}") = "AspNetCore-Luis-Dispatch-Bot", "samples-final\AspNetCore-Luis-Dispatch-Bot\AspNetCore-Luis-Dispatch-Bot.csproj", "{190D9D9B-34C2-4597-B3F3-27EF4BB2A032}"
EndProject
Project("{9A19103F-16F7-4668-BE54-9A1E7A4F7556}") = "AspNetCore-LUIS-Bot", "samples-final\AspNetCore-LUIS-Bot\AspNetCore-LUIS-Bot.csproj", "{C4B026E6-7B20-48DF-84A6-F7DEC53A1D68}"
EndProject
Project("{9A19103F-16F7-4668-BE54-9A1E7A4F7556}") = "AspNetCore-QnA-Bot", "samples-final\AspNetCore-QnA-Bot\AspNetCore-QnA-Bot.csproj", "{72E9DF07-1404-447B-8C50-1898B8FE2F5F}"
EndProject
Project("{2150E333-8FDC-42A3-9474-1A3956D46DE8}") = "Tests", "Tests", "{7705E119-9A93-45AF-A1CC-BCCD35CC491E}"
EndProject
Project("{9A19103F-16F7-4668-BE54-9A1E7A4F7556}") = "Samples.Tests", "samples-final\Tests\Samples.Tests\Samples.Tests.csproj", "{7A0744B5-E5A9-4EFF-A2D1-A755E727618D}"
EndProject
Project("{2150E333-8FDC-42A3-9474-1A3956D46DE8}") = "Libraries", "Libraries", "{51403E4B-B479-4ECD-8548-AF164A30E99E}"
EndProject
Project("{9A19103F-16F7-4668-BE54-9A1E7A4F7556}") = "Microsoft.Bot.Builder.Testing", "libraries\Microsoft.Bot.Builder.Testing\Microsoft.Bot.Builder.Testing.csproj", "{9B4132BB-24B9-4B7F-93C7-22D7C4700A28}"
EndProject
Global
	GlobalSection(SolutionConfigurationPlatforms) = preSolution
		Debug - NuGet Packages|Any CPU = Debug - NuGet Packages|Any CPU
		Debug|Any CPU = Debug|Any CPU
		Documentation|Any CPU = Documentation|Any CPU
		Release|Any CPU = Release|Any CPU
	EndGlobalSection
	GlobalSection(ProjectConfigurationPlatforms) = postSolution
		{0549C776-A599-49B7-AF01-D0B9F46A2BCD}.Debug - NuGet Packages|Any CPU.ActiveCfg = Debug|Any CPU
		{0549C776-A599-49B7-AF01-D0B9F46A2BCD}.Debug - NuGet Packages|Any CPU.Build.0 = Debug|Any CPU
		{0549C776-A599-49B7-AF01-D0B9F46A2BCD}.Debug|Any CPU.ActiveCfg = Debug|Any CPU
		{0549C776-A599-49B7-AF01-D0B9F46A2BCD}.Debug|Any CPU.Build.0 = Debug|Any CPU
		{0549C776-A599-49B7-AF01-D0B9F46A2BCD}.Documentation|Any CPU.ActiveCfg = Debug|Any CPU
		{0549C776-A599-49B7-AF01-D0B9F46A2BCD}.Documentation|Any CPU.Build.0 = Debug|Any CPU
		{0549C776-A599-49B7-AF01-D0B9F46A2BCD}.Release|Any CPU.ActiveCfg = Release|Any CPU
		{0549C776-A599-49B7-AF01-D0B9F46A2BCD}.Release|Any CPU.Build.0 = Release|Any CPU
		{4E798715-1A00-49FA-A4F9-C3F3EF884442}.Debug - NuGet Packages|Any CPU.ActiveCfg = Debug|Any CPU
		{4E798715-1A00-49FA-A4F9-C3F3EF884442}.Debug - NuGet Packages|Any CPU.Build.0 = Debug|Any CPU
		{4E798715-1A00-49FA-A4F9-C3F3EF884442}.Debug|Any CPU.ActiveCfg = Debug|Any CPU
		{4E798715-1A00-49FA-A4F9-C3F3EF884442}.Debug|Any CPU.Build.0 = Debug|Any CPU
		{4E798715-1A00-49FA-A4F9-C3F3EF884442}.Documentation|Any CPU.ActiveCfg = Debug|Any CPU
		{4E798715-1A00-49FA-A4F9-C3F3EF884442}.Documentation|Any CPU.Build.0 = Debug|Any CPU
		{4E798715-1A00-49FA-A4F9-C3F3EF884442}.Release|Any CPU.ActiveCfg = Release|Any CPU
		{4E798715-1A00-49FA-A4F9-C3F3EF884442}.Release|Any CPU.Build.0 = Release|Any CPU
		{B262213B-33AA-4A01-97C6-12BF79EDEAA6}.Debug - NuGet Packages|Any CPU.ActiveCfg = Debug|Any CPU
		{B262213B-33AA-4A01-97C6-12BF79EDEAA6}.Debug - NuGet Packages|Any CPU.Build.0 = Debug|Any CPU
		{B262213B-33AA-4A01-97C6-12BF79EDEAA6}.Debug|Any CPU.ActiveCfg = Debug|Any CPU
		{B262213B-33AA-4A01-97C6-12BF79EDEAA6}.Debug|Any CPU.Build.0 = Debug|Any CPU
		{B262213B-33AA-4A01-97C6-12BF79EDEAA6}.Documentation|Any CPU.ActiveCfg = Debug|Any CPU
		{B262213B-33AA-4A01-97C6-12BF79EDEAA6}.Documentation|Any CPU.Build.0 = Debug|Any CPU
		{B262213B-33AA-4A01-97C6-12BF79EDEAA6}.Release|Any CPU.ActiveCfg = Release|Any CPU
		{B262213B-33AA-4A01-97C6-12BF79EDEAA6}.Release|Any CPU.Build.0 = Release|Any CPU
		{D4DBD202-CF46-4FB2-8A51-94DD1B9EBF39}.Debug - NuGet Packages|Any CPU.ActiveCfg = Debug|Any CPU
		{D4DBD202-CF46-4FB2-8A51-94DD1B9EBF39}.Debug - NuGet Packages|Any CPU.Build.0 = Debug|Any CPU
		{D4DBD202-CF46-4FB2-8A51-94DD1B9EBF39}.Debug|Any CPU.ActiveCfg = Debug|Any CPU
		{D4DBD202-CF46-4FB2-8A51-94DD1B9EBF39}.Debug|Any CPU.Build.0 = Debug|Any CPU
		{D4DBD202-CF46-4FB2-8A51-94DD1B9EBF39}.Documentation|Any CPU.ActiveCfg = Debug|Any CPU
		{D4DBD202-CF46-4FB2-8A51-94DD1B9EBF39}.Documentation|Any CPU.Build.0 = Debug|Any CPU
		{D4DBD202-CF46-4FB2-8A51-94DD1B9EBF39}.Release|Any CPU.ActiveCfg = Release|Any CPU
		{D4DBD202-CF46-4FB2-8A51-94DD1B9EBF39}.Release|Any CPU.Build.0 = Release|Any CPU
		{7A157D63-57D0-40F3-9F5F-3F868B3F9690}.Debug - NuGet Packages|Any CPU.ActiveCfg = Debug|Any CPU
		{7A157D63-57D0-40F3-9F5F-3F868B3F9690}.Debug - NuGet Packages|Any CPU.Build.0 = Debug|Any CPU
		{7A157D63-57D0-40F3-9F5F-3F868B3F9690}.Debug|Any CPU.ActiveCfg = Debug|Any CPU
		{7A157D63-57D0-40F3-9F5F-3F868B3F9690}.Debug|Any CPU.Build.0 = Debug|Any CPU
		{7A157D63-57D0-40F3-9F5F-3F868B3F9690}.Documentation|Any CPU.ActiveCfg = Debug|Any CPU
		{7A157D63-57D0-40F3-9F5F-3F868B3F9690}.Documentation|Any CPU.Build.0 = Debug|Any CPU
		{7A157D63-57D0-40F3-9F5F-3F868B3F9690}.Release|Any CPU.ActiveCfg = Release|Any CPU
		{7A157D63-57D0-40F3-9F5F-3F868B3F9690}.Release|Any CPU.Build.0 = Release|Any CPU
		{68DFB72F-8348-4521-918E-8A86B00E1BA5}.Debug - NuGet Packages|Any CPU.ActiveCfg = Debug|Any CPU
		{68DFB72F-8348-4521-918E-8A86B00E1BA5}.Debug - NuGet Packages|Any CPU.Build.0 = Debug|Any CPU
		{68DFB72F-8348-4521-918E-8A86B00E1BA5}.Debug|Any CPU.ActiveCfg = Debug|Any CPU
		{68DFB72F-8348-4521-918E-8A86B00E1BA5}.Debug|Any CPU.Build.0 = Debug|Any CPU
		{68DFB72F-8348-4521-918E-8A86B00E1BA5}.Documentation|Any CPU.ActiveCfg = Debug|Any CPU
		{68DFB72F-8348-4521-918E-8A86B00E1BA5}.Documentation|Any CPU.Build.0 = Debug|Any CPU
		{68DFB72F-8348-4521-918E-8A86B00E1BA5}.Release|Any CPU.ActiveCfg = Release|Any CPU
		{68DFB72F-8348-4521-918E-8A86B00E1BA5}.Release|Any CPU.Build.0 = Release|Any CPU
		{190D9D9B-34C2-4597-B3F3-27EF4BB2A032}.Debug - NuGet Packages|Any CPU.ActiveCfg = Debug|Any CPU
		{190D9D9B-34C2-4597-B3F3-27EF4BB2A032}.Debug - NuGet Packages|Any CPU.Build.0 = Debug|Any CPU
		{190D9D9B-34C2-4597-B3F3-27EF4BB2A032}.Debug|Any CPU.ActiveCfg = Debug|Any CPU
		{190D9D9B-34C2-4597-B3F3-27EF4BB2A032}.Debug|Any CPU.Build.0 = Debug|Any CPU
		{190D9D9B-34C2-4597-B3F3-27EF4BB2A032}.Documentation|Any CPU.ActiveCfg = Debug|Any CPU
		{190D9D9B-34C2-4597-B3F3-27EF4BB2A032}.Documentation|Any CPU.Build.0 = Debug|Any CPU
		{190D9D9B-34C2-4597-B3F3-27EF4BB2A032}.Release|Any CPU.ActiveCfg = Release|Any CPU
		{190D9D9B-34C2-4597-B3F3-27EF4BB2A032}.Release|Any CPU.Build.0 = Release|Any CPU
		{C4B026E6-7B20-48DF-84A6-F7DEC53A1D68}.Debug - NuGet Packages|Any CPU.ActiveCfg = Debug|Any CPU
		{C4B026E6-7B20-48DF-84A6-F7DEC53A1D68}.Debug - NuGet Packages|Any CPU.Build.0 = Debug|Any CPU
		{C4B026E6-7B20-48DF-84A6-F7DEC53A1D68}.Debug|Any CPU.ActiveCfg = Debug|Any CPU
		{C4B026E6-7B20-48DF-84A6-F7DEC53A1D68}.Debug|Any CPU.Build.0 = Debug|Any CPU
		{C4B026E6-7B20-48DF-84A6-F7DEC53A1D68}.Documentation|Any CPU.ActiveCfg = Debug|Any CPU
		{C4B026E6-7B20-48DF-84A6-F7DEC53A1D68}.Documentation|Any CPU.Build.0 = Debug|Any CPU
		{C4B026E6-7B20-48DF-84A6-F7DEC53A1D68}.Release|Any CPU.ActiveCfg = Release|Any CPU
		{C4B026E6-7B20-48DF-84A6-F7DEC53A1D68}.Release|Any CPU.Build.0 = Release|Any CPU
		{72E9DF07-1404-447B-8C50-1898B8FE2F5F}.Debug - NuGet Packages|Any CPU.ActiveCfg = Debug|Any CPU
		{72E9DF07-1404-447B-8C50-1898B8FE2F5F}.Debug - NuGet Packages|Any CPU.Build.0 = Debug|Any CPU
		{72E9DF07-1404-447B-8C50-1898B8FE2F5F}.Debug|Any CPU.ActiveCfg = Debug|Any CPU
		{72E9DF07-1404-447B-8C50-1898B8FE2F5F}.Debug|Any CPU.Build.0 = Debug|Any CPU
		{72E9DF07-1404-447B-8C50-1898B8FE2F5F}.Documentation|Any CPU.ActiveCfg = Debug|Any CPU
		{72E9DF07-1404-447B-8C50-1898B8FE2F5F}.Documentation|Any CPU.Build.0 = Debug|Any CPU
		{72E9DF07-1404-447B-8C50-1898B8FE2F5F}.Release|Any CPU.ActiveCfg = Release|Any CPU
		{72E9DF07-1404-447B-8C50-1898B8FE2F5F}.Release|Any CPU.Build.0 = Release|Any CPU
		{7A0744B5-E5A9-4EFF-A2D1-A755E727618D}.Debug - NuGet Packages|Any CPU.ActiveCfg = Debug|Any CPU
		{7A0744B5-E5A9-4EFF-A2D1-A755E727618D}.Debug - NuGet Packages|Any CPU.Build.0 = Debug|Any CPU
		{7A0744B5-E5A9-4EFF-A2D1-A755E727618D}.Debug|Any CPU.ActiveCfg = Debug|Any CPU
		{7A0744B5-E5A9-4EFF-A2D1-A755E727618D}.Debug|Any CPU.Build.0 = Debug|Any CPU
		{7A0744B5-E5A9-4EFF-A2D1-A755E727618D}.Documentation|Any CPU.ActiveCfg = Debug|Any CPU
		{7A0744B5-E5A9-4EFF-A2D1-A755E727618D}.Documentation|Any CPU.Build.0 = Debug|Any CPU
		{7A0744B5-E5A9-4EFF-A2D1-A755E727618D}.Release|Any CPU.ActiveCfg = Release|Any CPU
		{7A0744B5-E5A9-4EFF-A2D1-A755E727618D}.Release|Any CPU.Build.0 = Release|Any CPU
		{9B4132BB-24B9-4B7F-93C7-22D7C4700A28}.Debug - NuGet Packages|Any CPU.ActiveCfg = Debug|Any CPU
		{9B4132BB-24B9-4B7F-93C7-22D7C4700A28}.Debug - NuGet Packages|Any CPU.Build.0 = Debug|Any CPU
		{9B4132BB-24B9-4B7F-93C7-22D7C4700A28}.Debug|Any CPU.ActiveCfg = Debug|Any CPU
		{9B4132BB-24B9-4B7F-93C7-22D7C4700A28}.Debug|Any CPU.Build.0 = Debug|Any CPU
		{9B4132BB-24B9-4B7F-93C7-22D7C4700A28}.Documentation|Any CPU.ActiveCfg = Debug|Any CPU
		{9B4132BB-24B9-4B7F-93C7-22D7C4700A28}.Documentation|Any CPU.Build.0 = Debug|Any CPU
		{9B4132BB-24B9-4B7F-93C7-22D7C4700A28}.Release|Any CPU.ActiveCfg = Release|Any CPU
		{9B4132BB-24B9-4B7F-93C7-22D7C4700A28}.Release|Any CPU.Build.0 = Release|Any CPU
	EndGlobalSection
	GlobalSection(SolutionProperties) = preSolution
		HideSolutionNode = FALSE
	EndGlobalSection
	GlobalSection(NestedProjects) = preSolution
		{7A0744B5-E5A9-4EFF-A2D1-A755E727618D} = {7705E119-9A93-45AF-A1CC-BCCD35CC491E}
		{9B4132BB-24B9-4B7F-93C7-22D7C4700A28} = {51403E4B-B479-4ECD-8548-AF164A30E99E}
	EndGlobalSection
	GlobalSection(ExtensibilityGlobals) = postSolution
		SolutionGuid = {68EA4F74-8BF2-4600-9588-AC42C2FED632}
	EndGlobalSection
EndGlobal
