Microsoft Visual Studio Solution File, Format Version 12.00
# Visual Studio 15
VisualStudioVersion = 15.0.27130.2027
MinimumVisualStudioVersion = 10.0.40219.1
Project("{2150E333-8FDC-42A3-9474-1A3956D46DE8}") = "Libraries", "Libraries", "{4269F3C3-6B42-419B-B64A-3E6DC0F1574A}"
EndProject
Project("{2150E333-8FDC-42A3-9474-1A3956D46DE8}") = "Tests", "Tests", "{AD743B78-D61F-4FBF-B620-FA83CE599A50}"
EndProject
Project("{2150E333-8FDC-42A3-9474-1A3956D46DE8}") = "Samples", "Samples", "{3ADFB27A-95FA-4330-B211-1D66A29A17AB}"
EndProject
Project("{9A19103F-16F7-4668-BE54-9A1E7A4F7556}") = "Microsoft.Bot.Builder.Azure", "libraries\Microsoft.Bot.Builder.Azure\Microsoft.Bot.Builder.Azure.csproj", "{B2C5EED9-21B2-4763-AB92-C1995B76DA3A}"
EndProject
Project("{9A19103F-16F7-4668-BE54-9A1E7A4F7556}") = "Microsoft.Bot.Builder.Ai", "libraries\Microsoft.Bot.Builder.Ai\Microsoft.Bot.Builder.Ai.csproj", "{F31CF172-6FEE-4188-9828-E5FDA531C871}"
EndProject
Project("{9A19103F-16F7-4668-BE54-9A1E7A4F7556}") = "Microsoft.Bot.Builder.Ai.Tests", "tests\Microsoft.Bot.Builder.Ai.Tests\Microsoft.Bot.Builder.Ai.Tests.csproj", "{9BDF7020-A19F-4C6C-B329-E4BFEFF6DE6B}"
EndProject
Project("{9A19103F-16F7-4668-BE54-9A1E7A4F7556}") = "Microsoft.Bot.Builder.Tests", "tests\Microsoft.Bot.Builder.Tests\Microsoft.Bot.Builder.Tests.csproj", "{6AE5D88B-7F99-444E-ADA0-7CEAADFC477C}"
EndProject
Project("{9A19103F-16F7-4668-BE54-9A1E7A4F7556}") = "Microsoft.Bot.Builder.Azure.Tests", "tests\Microsoft.Bot.Builder.Azure.Tests\Microsoft.Bot.Builder.Azure.Tests.csproj", "{E325A0E2-716A-49E0-9767-5087CF05727C}"
EndProject
Project("{9A19103F-16F7-4668-BE54-9A1E7A4F7556}") = "AlarmBot", "Samples\AlarmBot\AlarmBot.csproj", "{AF1A1EAB-9427-4798-A356-65EB4B4BDFCA}"
EndProject
Project("{9A19103F-16F7-4668-BE54-9A1E7A4F7556}") = "AlarmBot-Cards", "samples\AlarmBot-Cards\AlarmBot-Cards.csproj", "{3B5BFCCB-23CF-4849-8B2C-74D05DC3E402}"
EndProject
Project("{9A19103F-16F7-4668-BE54-9A1E7A4F7556}") = "Microsoft.Bot.Connector", "libraries\Microsoft.Bot.Connector\Microsoft.Bot.Connector.csproj", "{6462DA5D-27DC-4CD5-9467-5EFB998FD838}"
EndProject
Project("{9A19103F-16F7-4668-BE54-9A1E7A4F7556}") = "Microsoft.Bot.Schema", "libraries\Microsoft.Bot.Schema\Microsoft.Bot.Schema.csproj", "{C1F54CDC-AD1D-45BB-8F7D-F49E411AFAF1}"
EndProject
Project("{9A19103F-16F7-4668-BE54-9A1E7A4F7556}") = "Microsoft.Bot.Builder.Core", "libraries\Microsoft.Bot.Builder.Core\Microsoft.Bot.Builder.Core.csproj", "{F0C150E2-9B8A-444C-B70E-97AD918CB3D4}"
EndProject
Project("{9A19103F-16F7-4668-BE54-9A1E7A4F7556}") = "Microsoft.Bot.Builder", "libraries\Microsoft.Bot.Builder\Microsoft.Bot.Builder.csproj", "{ADA8AB8B-2066-4193-B8F7-985669B23E00}"
EndProject
Project("{9A19103F-16F7-4668-BE54-9A1E7A4F7556}") = "Microsoft.Bot.Samples.Connector.EchoBot", "samples\Microsoft.Bot.Samples.Connector.EchoBot\Microsoft.Bot.Samples.Connector.EchoBot.csproj", "{92DFB040-DC80-4AC7-A0CB-A2DDF4844B9B}"
EndProject
Project("{FAE04EC0-301F-11D3-BF4B-00C04F79EFBC}") = "Microsoft.Bot.Samples.EchoBot-AspNet461", "samples\Microsoft.Bot.Samples.EchoBot-AspNet461\Microsoft.Bot.Samples.EchoBot-AspNet461.csproj", "{AAC0F76C-4114-4D64-A99E-8BE4C43982F9}"
EndProject
Project("{9A19103F-16F7-4668-BE54-9A1E7A4F7556}") = "Microsoft.Bot.Samples.EchoBot-Console", "samples\Microsoft.Bot.Samples.EchoBot-Console\Microsoft.Bot.Samples.EchoBot-Console.csproj", "{C8DF8AE3-0A4D-445D-993E-F7A1784BFDD4}"
EndProject
Project("{9A19103F-16F7-4668-BE54-9A1E7A4F7556}") = "Microsoft.Bot.Connector.Tests", "tests\Microsoft.Bot.Connector.Tests\Microsoft.Bot.Connector.Tests.csproj", "{BF414C86-DB3B-4022-9B29-DCE8AA954C12}"
EndProject
Project("{9A19103F-16F7-4668-BE54-9A1E7A4F7556}") = "Microsoft.Bot.Samples.Ai.QnA", "samples\Microsoft.Bot.Samples.Ai.QnA\Microsoft.Bot.Samples.Ai.QnA.csproj", "{A8CE6B0F-E054-45F7-B4D7-23D2C65D2D26}"
EndProject
Project("{2150E333-8FDC-42A3-9474-1A3956D46DE8}") = "Integration", "Integration", "{276EBE79-A13A-46BD-A566-B01DC0477A9B}"
EndProject
Project("{9A19103F-16F7-4668-BE54-9A1E7A4F7556}") = "Microsoft.Bot.Builder.Integration.AspNet.NetFx", "libraries\integration\Microsoft.Bot.Builder.Integration.AspNet.NetFx\Microsoft.Bot.Builder.Integration.AspNet.NetFx.csproj", "{E875FE31-83C6-4064-B000-641D5A8DBD91}"
EndProject
Project("{9A19103F-16F7-4668-BE54-9A1E7A4F7556}") = "Microsoft.Bot.Builder.Integration.NetCore", "libraries\integration\Microsoft.Bot.Builder.Integration.NetCore\Microsoft.Bot.Builder.Integration.NetCore.csproj", "{EE32B822-1241-4C63-858D-3A4AF8DB216C}"
EndProject
Project("{FAE04EC0-301F-11D3-BF4B-00C04F79EFBC}") = "Microsoft.Bot.Builder.Prompts", "libraries\Microsoft.Bot.Builder.Prompts\Microsoft.Bot.Builder.Prompts.csproj", "{7A197F41-3411-47BF-87A6-5BC8A44CDB74}"
EndProject
Project("{FAE04EC0-301F-11D3-BF4B-00C04F79EFBC}") = "Microsoft.Bot.Builder.Prompts.Tests", "tests\Microsoft.Bot.Builder.Prompts.Tests\Microsoft.Bot.Builder.Prompts.Tests.csproj", "{5D145BFC-1C30-4FC5-989A-82260F8225BE}"
EndProject
Global
	GlobalSection(SolutionConfigurationPlatforms) = preSolution
		Debug|Any CPU = Debug|Any CPU
		Release|Any CPU = Release|Any CPU
	EndGlobalSection
	GlobalSection(ProjectConfigurationPlatforms) = postSolution
		{B2C5EED9-21B2-4763-AB92-C1995B76DA3A}.Debug|Any CPU.ActiveCfg = Debug|Any CPU
		{B2C5EED9-21B2-4763-AB92-C1995B76DA3A}.Debug|Any CPU.Build.0 = Debug|Any CPU
		{B2C5EED9-21B2-4763-AB92-C1995B76DA3A}.Release|Any CPU.ActiveCfg = Release|Any CPU
		{B2C5EED9-21B2-4763-AB92-C1995B76DA3A}.Release|Any CPU.Build.0 = Release|Any CPU
		{F31CF172-6FEE-4188-9828-E5FDA531C871}.Debug|Any CPU.ActiveCfg = Debug|Any CPU
		{F31CF172-6FEE-4188-9828-E5FDA531C871}.Debug|Any CPU.Build.0 = Debug|Any CPU
		{F31CF172-6FEE-4188-9828-E5FDA531C871}.Release|Any CPU.ActiveCfg = Release|Any CPU
		{F31CF172-6FEE-4188-9828-E5FDA531C871}.Release|Any CPU.Build.0 = Release|Any CPU
		{9BDF7020-A19F-4C6C-B329-E4BFEFF6DE6B}.Debug|Any CPU.ActiveCfg = Debug|Any CPU
		{9BDF7020-A19F-4C6C-B329-E4BFEFF6DE6B}.Debug|Any CPU.Build.0 = Debug|Any CPU
		{9BDF7020-A19F-4C6C-B329-E4BFEFF6DE6B}.Release|Any CPU.ActiveCfg = Release|Any CPU
		{9BDF7020-A19F-4C6C-B329-E4BFEFF6DE6B}.Release|Any CPU.Build.0 = Release|Any CPU
		{6AE5D88B-7F99-444E-ADA0-7CEAADFC477C}.Debug|Any CPU.ActiveCfg = Debug|Any CPU
		{6AE5D88B-7F99-444E-ADA0-7CEAADFC477C}.Debug|Any CPU.Build.0 = Debug|Any CPU
		{6AE5D88B-7F99-444E-ADA0-7CEAADFC477C}.Release|Any CPU.ActiveCfg = Release|Any CPU
		{6AE5D88B-7F99-444E-ADA0-7CEAADFC477C}.Release|Any CPU.Build.0 = Release|Any CPU
		{E325A0E2-716A-49E0-9767-5087CF05727C}.Debug|Any CPU.ActiveCfg = Debug|Any CPU
		{E325A0E2-716A-49E0-9767-5087CF05727C}.Debug|Any CPU.Build.0 = Debug|Any CPU
		{E325A0E2-716A-49E0-9767-5087CF05727C}.Release|Any CPU.ActiveCfg = Release|Any CPU
		{E325A0E2-716A-49E0-9767-5087CF05727C}.Release|Any CPU.Build.0 = Release|Any CPU
		{AF1A1EAB-9427-4798-A356-65EB4B4BDFCA}.Debug|Any CPU.ActiveCfg = Debug|Any CPU
		{AF1A1EAB-9427-4798-A356-65EB4B4BDFCA}.Debug|Any CPU.Build.0 = Debug|Any CPU
		{AF1A1EAB-9427-4798-A356-65EB4B4BDFCA}.Release|Any CPU.ActiveCfg = Release|Any CPU
		{AF1A1EAB-9427-4798-A356-65EB4B4BDFCA}.Release|Any CPU.Build.0 = Release|Any CPU
		{3B5BFCCB-23CF-4849-8B2C-74D05DC3E402}.Debug|Any CPU.ActiveCfg = Debug|Any CPU
		{3B5BFCCB-23CF-4849-8B2C-74D05DC3E402}.Debug|Any CPU.Build.0 = Debug|Any CPU
		{3B5BFCCB-23CF-4849-8B2C-74D05DC3E402}.Release|Any CPU.ActiveCfg = Release|Any CPU
		{3B5BFCCB-23CF-4849-8B2C-74D05DC3E402}.Release|Any CPU.Build.0 = Release|Any CPU
		{6462DA5D-27DC-4CD5-9467-5EFB998FD838}.Debug|Any CPU.ActiveCfg = Debug|Any CPU
		{6462DA5D-27DC-4CD5-9467-5EFB998FD838}.Debug|Any CPU.Build.0 = Debug|Any CPU
		{6462DA5D-27DC-4CD5-9467-5EFB998FD838}.Release|Any CPU.ActiveCfg = Release|Any CPU
		{6462DA5D-27DC-4CD5-9467-5EFB998FD838}.Release|Any CPU.Build.0 = Release|Any CPU
		{C1F54CDC-AD1D-45BB-8F7D-F49E411AFAF1}.Debug|Any CPU.ActiveCfg = Debug|Any CPU
		{C1F54CDC-AD1D-45BB-8F7D-F49E411AFAF1}.Debug|Any CPU.Build.0 = Debug|Any CPU
		{C1F54CDC-AD1D-45BB-8F7D-F49E411AFAF1}.Release|Any CPU.ActiveCfg = Release|Any CPU
		{C1F54CDC-AD1D-45BB-8F7D-F49E411AFAF1}.Release|Any CPU.Build.0 = Release|Any CPU
		{F0C150E2-9B8A-444C-B70E-97AD918CB3D4}.Debug|Any CPU.ActiveCfg = Debug|Any CPU
		{F0C150E2-9B8A-444C-B70E-97AD918CB3D4}.Debug|Any CPU.Build.0 = Debug|Any CPU
		{F0C150E2-9B8A-444C-B70E-97AD918CB3D4}.Release|Any CPU.ActiveCfg = Release|Any CPU
		{F0C150E2-9B8A-444C-B70E-97AD918CB3D4}.Release|Any CPU.Build.0 = Release|Any CPU
		{ADA8AB8B-2066-4193-B8F7-985669B23E00}.Debug|Any CPU.ActiveCfg = Debug|Any CPU
		{ADA8AB8B-2066-4193-B8F7-985669B23E00}.Debug|Any CPU.Build.0 = Debug|Any CPU
		{ADA8AB8B-2066-4193-B8F7-985669B23E00}.Release|Any CPU.ActiveCfg = Release|Any CPU
		{ADA8AB8B-2066-4193-B8F7-985669B23E00}.Release|Any CPU.Build.0 = Release|Any CPU
		{92DFB040-DC80-4AC7-A0CB-A2DDF4844B9B}.Debug|Any CPU.ActiveCfg = Debug|Any CPU
		{92DFB040-DC80-4AC7-A0CB-A2DDF4844B9B}.Debug|Any CPU.Build.0 = Debug|Any CPU
		{92DFB040-DC80-4AC7-A0CB-A2DDF4844B9B}.Release|Any CPU.ActiveCfg = Release|Any CPU
		{92DFB040-DC80-4AC7-A0CB-A2DDF4844B9B}.Release|Any CPU.Build.0 = Release|Any CPU
		{AAC0F76C-4114-4D64-A99E-8BE4C43982F9}.Debug|Any CPU.ActiveCfg = Debug|Any CPU
		{AAC0F76C-4114-4D64-A99E-8BE4C43982F9}.Debug|Any CPU.Build.0 = Debug|Any CPU
		{AAC0F76C-4114-4D64-A99E-8BE4C43982F9}.Release|Any CPU.ActiveCfg = Release|Any CPU
		{AAC0F76C-4114-4D64-A99E-8BE4C43982F9}.Release|Any CPU.Build.0 = Release|Any CPU
		{C8DF8AE3-0A4D-445D-993E-F7A1784BFDD4}.Debug|Any CPU.ActiveCfg = Debug|Any CPU
		{C8DF8AE3-0A4D-445D-993E-F7A1784BFDD4}.Debug|Any CPU.Build.0 = Debug|Any CPU
		{C8DF8AE3-0A4D-445D-993E-F7A1784BFDD4}.Release|Any CPU.ActiveCfg = Release|Any CPU
		{C8DF8AE3-0A4D-445D-993E-F7A1784BFDD4}.Release|Any CPU.Build.0 = Release|Any CPU
		{BF414C86-DB3B-4022-9B29-DCE8AA954C12}.Debug|Any CPU.ActiveCfg = Debug|Any CPU
		{BF414C86-DB3B-4022-9B29-DCE8AA954C12}.Debug|Any CPU.Build.0 = Debug|Any CPU
		{BF414C86-DB3B-4022-9B29-DCE8AA954C12}.Release|Any CPU.ActiveCfg = Release|Any CPU
		{BF414C86-DB3B-4022-9B29-DCE8AA954C12}.Release|Any CPU.Build.0 = Release|Any CPU
		{A8CE6B0F-E054-45F7-B4D7-23D2C65D2D26}.Debug|Any CPU.ActiveCfg = Debug|Any CPU
		{A8CE6B0F-E054-45F7-B4D7-23D2C65D2D26}.Debug|Any CPU.Build.0 = Debug|Any CPU
		{A8CE6B0F-E054-45F7-B4D7-23D2C65D2D26}.Release|Any CPU.ActiveCfg = Release|Any CPU
		{A8CE6B0F-E054-45F7-B4D7-23D2C65D2D26}.Release|Any CPU.Build.0 = Release|Any CPU
		{E875FE31-83C6-4064-B000-641D5A8DBD91}.Debug|Any CPU.ActiveCfg = Debug|Any CPU
		{E875FE31-83C6-4064-B000-641D5A8DBD91}.Debug|Any CPU.Build.0 = Debug|Any CPU
		{E875FE31-83C6-4064-B000-641D5A8DBD91}.Release|Any CPU.ActiveCfg = Release|Any CPU
		{E875FE31-83C6-4064-B000-641D5A8DBD91}.Release|Any CPU.Build.0 = Release|Any CPU
		{EE32B822-1241-4C63-858D-3A4AF8DB216C}.Debug|Any CPU.ActiveCfg = Debug|Any CPU
		{EE32B822-1241-4C63-858D-3A4AF8DB216C}.Debug|Any CPU.Build.0 = Debug|Any CPU
		{EE32B822-1241-4C63-858D-3A4AF8DB216C}.Release|Any CPU.ActiveCfg = Release|Any CPU
		{EE32B822-1241-4C63-858D-3A4AF8DB216C}.Release|Any CPU.Build.0 = Release|Any CPU
		{7A197F41-3411-47BF-87A6-5BC8A44CDB74}.Debug|Any CPU.ActiveCfg = Debug|Any CPU
		{7A197F41-3411-47BF-87A6-5BC8A44CDB74}.Debug|Any CPU.Build.0 = Debug|Any CPU
		{7A197F41-3411-47BF-87A6-5BC8A44CDB74}.Release|Any CPU.ActiveCfg = Release|Any CPU
		{7A197F41-3411-47BF-87A6-5BC8A44CDB74}.Release|Any CPU.Build.0 = Release|Any CPU
		{5D145BFC-1C30-4FC5-989A-82260F8225BE}.Debug|Any CPU.ActiveCfg = Debug|Any CPU
		{5D145BFC-1C30-4FC5-989A-82260F8225BE}.Debug|Any CPU.Build.0 = Debug|Any CPU
		{5D145BFC-1C30-4FC5-989A-82260F8225BE}.Release|Any CPU.ActiveCfg = Release|Any CPU
		{5D145BFC-1C30-4FC5-989A-82260F8225BE}.Release|Any CPU.Build.0 = Release|Any CPU
	EndGlobalSection
	GlobalSection(SolutionProperties) = preSolution
		HideSolutionNode = FALSE
	EndGlobalSection
	GlobalSection(NestedProjects) = preSolution
		{B2C5EED9-21B2-4763-AB92-C1995B76DA3A} = {4269F3C3-6B42-419B-B64A-3E6DC0F1574A}
		{F31CF172-6FEE-4188-9828-E5FDA531C871} = {4269F3C3-6B42-419B-B64A-3E6DC0F1574A}
		{9BDF7020-A19F-4C6C-B329-E4BFEFF6DE6B} = {AD743B78-D61F-4FBF-B620-FA83CE599A50}
		{6AE5D88B-7F99-444E-ADA0-7CEAADFC477C} = {AD743B78-D61F-4FBF-B620-FA83CE599A50}
		{E325A0E2-716A-49E0-9767-5087CF05727C} = {AD743B78-D61F-4FBF-B620-FA83CE599A50}
		{AF1A1EAB-9427-4798-A356-65EB4B4BDFCA} = {3ADFB27A-95FA-4330-B211-1D66A29A17AB}
		{3B5BFCCB-23CF-4849-8B2C-74D05DC3E402} = {3ADFB27A-95FA-4330-B211-1D66A29A17AB}
		{6462DA5D-27DC-4CD5-9467-5EFB998FD838} = {4269F3C3-6B42-419B-B64A-3E6DC0F1574A}
		{C1F54CDC-AD1D-45BB-8F7D-F49E411AFAF1} = {4269F3C3-6B42-419B-B64A-3E6DC0F1574A}
		{F0C150E2-9B8A-444C-B70E-97AD918CB3D4} = {4269F3C3-6B42-419B-B64A-3E6DC0F1574A}
		{ADA8AB8B-2066-4193-B8F7-985669B23E00} = {4269F3C3-6B42-419B-B64A-3E6DC0F1574A}
		{92DFB040-DC80-4AC7-A0CB-A2DDF4844B9B} = {3ADFB27A-95FA-4330-B211-1D66A29A17AB}
		{AAC0F76C-4114-4D64-A99E-8BE4C43982F9} = {3ADFB27A-95FA-4330-B211-1D66A29A17AB}
		{C8DF8AE3-0A4D-445D-993E-F7A1784BFDD4} = {3ADFB27A-95FA-4330-B211-1D66A29A17AB}
		{BF414C86-DB3B-4022-9B29-DCE8AA954C12} = {AD743B78-D61F-4FBF-B620-FA83CE599A50}
		{A8CE6B0F-E054-45F7-B4D7-23D2C65D2D26} = {3ADFB27A-95FA-4330-B211-1D66A29A17AB}
		{276EBE79-A13A-46BD-A566-B01DC0477A9B} = {4269F3C3-6B42-419B-B64A-3E6DC0F1574A}
		{E875FE31-83C6-4064-B000-641D5A8DBD91} = {276EBE79-A13A-46BD-A566-B01DC0477A9B}
		{EE32B822-1241-4C63-858D-3A4AF8DB216C} = {276EBE79-A13A-46BD-A566-B01DC0477A9B}
		{7A197F41-3411-47BF-87A6-5BC8A44CDB74} = {4269F3C3-6B42-419B-B64A-3E6DC0F1574A}
		{5D145BFC-1C30-4FC5-989A-82260F8225BE} = {AD743B78-D61F-4FBF-B620-FA83CE599A50}
	EndGlobalSection
	GlobalSection(ExtensibilityGlobals) = postSolution
		SolutionGuid = {7173C9F3-A7F9-496E-9078-9156E35D6E16}
	EndGlobalSection
EndGlobal
