
Microsoft Visual Studio Solution File, Format Version 12.00
# Visual Studio 15
VisualStudioVersion = 15.0.27130.2036
MinimumVisualStudioVersion = 10.0.40219.1
Project("{9A19103F-16F7-4668-BE54-9A1E7A4F7556}") = "Microsoft.Bot.Builder", "libraries\Microsoft.Bot.Builder\Microsoft.Bot.Builder.csproj", "{74908F42-3842-49B4-9344-60BB791FDE32}"
EndProject
Project("{2150E333-8FDC-42A3-9474-1A3956D46DE8}") = "Libraries", "Libraries", "{4269F3C3-6B42-419B-B64A-3E6DC0F1574A}"
EndProject
Project("{2150E333-8FDC-42A3-9474-1A3956D46DE8}") = "Tests", "Tests", "{AD743B78-D61F-4FBF-B620-FA83CE599A50}"
EndProject
Project("{2150E333-8FDC-42A3-9474-1A3956D46DE8}") = "Samples", "Samples", "{3ADFB27A-95FA-4330-B211-1D66A29A17AB}"
EndProject
Project("{9A19103F-16F7-4668-BE54-9A1E7A4F7556}") = "Microsoft.Bot.Samples.EchoBot-Console", "samples\Microsoft.Bot.Samples.EchoBot-Console\Microsoft.Bot.Samples.EchoBot-Console.csproj", "{41BC20C1-523A-4715-8E8B-88390E6F45F6}"
EndProject
Project("{9A19103F-16F7-4668-BE54-9A1E7A4F7556}") = "Microsoft.Bot.Builder.Azure", "libraries\Microsoft.Bot.Builder.Azure\Microsoft.Bot.Builder.Azure.csproj", "{B2C5EED9-21B2-4763-AB92-C1995B76DA3A}"
EndProject
Project("{9A19103F-16F7-4668-BE54-9A1E7A4F7556}") = "Microsoft.Bot.Builder.Ai", "libraries\Microsoft.Bot.Builder.Ai\Microsoft.Bot.Builder.Ai.csproj", "{F31CF172-6FEE-4188-9828-E5FDA531C871}"
EndProject
Project("{9A19103F-16F7-4668-BE54-9A1E7A4F7556}") = "Microsoft.Bot.Builder.BotFramework", "libraries\Microsoft.Bot.Builder.BotFramework\Microsoft.Bot.Builder.BotFramework.csproj", "{20DB2748-6562-472F-AD20-E57167913C7D}"
EndProject
Project("{9A19103F-16F7-4668-BE54-9A1E7A4F7556}") = "Microsoft.Bot.Builder.Ai.Tests", "tests\Microsoft.Bot.Builder.Ai.Tests\Microsoft.Bot.Builder.Ai.Tests.csproj", "{9BDF7020-A19F-4C6C-B329-E4BFEFF6DE6B}"
EndProject
Project("{9A19103F-16F7-4668-BE54-9A1E7A4F7556}") = "Microsoft.Bot.Builder.Tests", "tests\Microsoft.Bot.Builder.Tests\Microsoft.Bot.Builder.Tests.csproj", "{6AE5D88B-7F99-444E-ADA0-7CEAADFC477C}"
EndProject
Project("{9A19103F-16F7-4668-BE54-9A1E7A4F7556}") = "Microsoft.Bot.Builder.Azure.Tests", "tests\Microsoft.Bot.Builder.Azure.Tests\Microsoft.Bot.Builder.Azure.Tests.csproj", "{E325A0E2-716A-49E0-9767-5087CF05727C}"
EndProject
Project("{9A19103F-16F7-4668-BE54-9A1E7A4F7556}") = "AlarmBot", "Samples\AlarmBot\AlarmBot.csproj", "{AF1A1EAB-9427-4798-A356-65EB4B4BDFCA}"
EndProject
Project("{9A19103F-16F7-4668-BE54-9A1E7A4F7556}") = "AlarmBot-Cards", "samples\AlarmBot-Cards\AlarmBot-Cards.csproj", "{3B5BFCCB-23CF-4849-8B2C-74D05DC3E402}"
EndProject
Project("{9A19103F-16F7-4668-BE54-9A1E7A4F7556}") = "Microsoft.Bot.Connector", "libraries\Microsoft.Bot.Connector\Microsoft.Bot.Connector.csproj", "{6462DA5D-27DC-4CD5-9467-5EFB998FD838}"
EndProject
Project("{9A19103F-16F7-4668-BE54-9A1E7A4F7556}") = "Microsoft.Bot.Connector.AspNetCore", "libraries\Microsoft.Bot.Connector.AspNetCore\Microsoft.Bot.Connector.AspNetCore.csproj", "{7663C249-6BC3-4CB0-A930-A1C6C7DA5EDD}"
EndProject
Project("{9A19103F-16F7-4668-BE54-9A1E7A4F7556}") = "Microsoft.Bot.Schema", "libraries\Microsoft.Bot.Schema\Microsoft.Bot.Schema.csproj", "{C1F54CDC-AD1D-45BB-8F7D-F49E411AFAF1}"
EndProject
Project("{9A19103F-16F7-4668-BE54-9A1E7A4F7556}") = "Microsoft.Bot.Samples.Ai.Luis", "samples\Microsoft.Bot.Samples.Ai.Luis\Microsoft.Bot.Samples.Ai.Luis.csproj", "{3902803E-78B7-4236-A4E4-884CF0034FA4}"
EndProject
Project("{9A19103F-16F7-4668-BE54-9A1E7A4F7556}") = "Microsoft.Bot.Samples.Ai.QnA", "samples\Microsoft.Bot.Samples.Ai.QnA\Microsoft.Bot.Samples.Ai.QnA.csproj", "{57E8A156-5D68-4A84-9DE8-3403CA4D2733}"
EndProject
Project("{9A19103F-16F7-4668-BE54-9A1E7A4F7556}") = "Microsoft.Bot.Samples.CustomMiddleware", "samples\Microsoft.Bot.Samples.CustomMiddleware\Microsoft.Bot.Samples.CustomMiddleware.csproj", "{7DFD2037-A631-48B2-9704-3F9AC9363BF5}"
EndProject
Project("{9A19103F-16F7-4668-BE54-9A1E7A4F7556}") = "Microsoft.Bot.Samples.Simplified.Asp", "samples\Microsoft.Bot.Samples.Simplified.Asp\Microsoft.Bot.Samples.Simplified.Asp.csproj", "{BF6D1EA0-BA3B-4DB3-8247-5CEB18584E59}"
EndProject
Project("{FAE04EC0-301F-11D3-BF4B-00C04F79EFBC}") = "Microsoft.Bot.Samples.EchoBot-AspNet461", "samples\Microsoft.Bot.Samples.EchoBot-AspNet461\Microsoft.Bot.Samples.EchoBot-AspNet461.csproj", "{AAC0F76C-4114-4D64-A99E-8BE4C43982F9}"
EndProject
Project("{9A19103F-16F7-4668-BE54-9A1E7A4F7556}") = "Microsoft.Bot.Samples.Ai.Luis.Translator", "samples\Microsoft.Bot.Samples.Ai.Luis.Translator\Microsoft.Bot.Samples.Ai.Luis.Translator.csproj", "{CB3E5EC8-F666-4A13-AD9C-DB79E014AA43}"
EndProject
Project("{9A19103F-16F7-4668-BE54-9A1E7A4F7556}") = "Microsoft.Bot.Samples.Ai.QnA.Translator", "samples\Microsoft.Bot.Samples.Ai.QnA.Translator\Microsoft.Bot.Samples.Ai.QnA.Translator.csproj", "{10A00767-431E-4C18-BE26-1FA2AE3D18E2}"
EndProject
Global
	GlobalSection(SolutionConfigurationPlatforms) = preSolution
		Debug|Any CPU = Debug|Any CPU
		Release|Any CPU = Release|Any CPU
	EndGlobalSection
	GlobalSection(ProjectConfigurationPlatforms) = postSolution
		{74908F42-3842-49B4-9344-60BB791FDE32}.Debug|Any CPU.ActiveCfg = Debug|Any CPU
		{74908F42-3842-49B4-9344-60BB791FDE32}.Debug|Any CPU.Build.0 = Debug|Any CPU
		{74908F42-3842-49B4-9344-60BB791FDE32}.Release|Any CPU.ActiveCfg = Release|Any CPU
		{74908F42-3842-49B4-9344-60BB791FDE32}.Release|Any CPU.Build.0 = Release|Any CPU
		{41BC20C1-523A-4715-8E8B-88390E6F45F6}.Debug|Any CPU.ActiveCfg = Debug|Any CPU
		{41BC20C1-523A-4715-8E8B-88390E6F45F6}.Debug|Any CPU.Build.0 = Debug|Any CPU
		{41BC20C1-523A-4715-8E8B-88390E6F45F6}.Release|Any CPU.ActiveCfg = Release|Any CPU
		{41BC20C1-523A-4715-8E8B-88390E6F45F6}.Release|Any CPU.Build.0 = Release|Any CPU
		{B2C5EED9-21B2-4763-AB92-C1995B76DA3A}.Debug|Any CPU.ActiveCfg = Debug|Any CPU
		{B2C5EED9-21B2-4763-AB92-C1995B76DA3A}.Debug|Any CPU.Build.0 = Debug|Any CPU
		{B2C5EED9-21B2-4763-AB92-C1995B76DA3A}.Release|Any CPU.ActiveCfg = Release|Any CPU
		{B2C5EED9-21B2-4763-AB92-C1995B76DA3A}.Release|Any CPU.Build.0 = Release|Any CPU
		{F31CF172-6FEE-4188-9828-E5FDA531C871}.Debug|Any CPU.ActiveCfg = Debug|Any CPU
		{F31CF172-6FEE-4188-9828-E5FDA531C871}.Debug|Any CPU.Build.0 = Debug|Any CPU
		{F31CF172-6FEE-4188-9828-E5FDA531C871}.Release|Any CPU.ActiveCfg = Release|Any CPU
		{F31CF172-6FEE-4188-9828-E5FDA531C871}.Release|Any CPU.Build.0 = Release|Any CPU
		{20DB2748-6562-472F-AD20-E57167913C7D}.Debug|Any CPU.ActiveCfg = Debug|Any CPU
		{20DB2748-6562-472F-AD20-E57167913C7D}.Debug|Any CPU.Build.0 = Debug|Any CPU
		{20DB2748-6562-472F-AD20-E57167913C7D}.Release|Any CPU.ActiveCfg = Release|Any CPU
		{20DB2748-6562-472F-AD20-E57167913C7D}.Release|Any CPU.Build.0 = Release|Any CPU
		{9BDF7020-A19F-4C6C-B329-E4BFEFF6DE6B}.Debug|Any CPU.ActiveCfg = Debug|Any CPU
		{9BDF7020-A19F-4C6C-B329-E4BFEFF6DE6B}.Debug|Any CPU.Build.0 = Debug|Any CPU
		{9BDF7020-A19F-4C6C-B329-E4BFEFF6DE6B}.Release|Any CPU.ActiveCfg = Release|Any CPU
		{9BDF7020-A19F-4C6C-B329-E4BFEFF6DE6B}.Release|Any CPU.Build.0 = Release|Any CPU
		{6AE5D88B-7F99-444E-ADA0-7CEAADFC477C}.Debug|Any CPU.ActiveCfg = Debug|Any CPU
		{6AE5D88B-7F99-444E-ADA0-7CEAADFC477C}.Debug|Any CPU.Build.0 = Debug|Any CPU
		{6AE5D88B-7F99-444E-ADA0-7CEAADFC477C}.Release|Any CPU.ActiveCfg = Release|Any CPU
		{6AE5D88B-7F99-444E-ADA0-7CEAADFC477C}.Release|Any CPU.Build.0 = Release|Any CPU
		{E325A0E2-716A-49E0-9767-5087CF05727C}.Debug|Any CPU.ActiveCfg = Debug|Any CPU
		{E325A0E2-716A-49E0-9767-5087CF05727C}.Debug|Any CPU.Build.0 = Debug|Any CPU
		{E325A0E2-716A-49E0-9767-5087CF05727C}.Release|Any CPU.ActiveCfg = Release|Any CPU
		{E325A0E2-716A-49E0-9767-5087CF05727C}.Release|Any CPU.Build.0 = Release|Any CPU
		{AF1A1EAB-9427-4798-A356-65EB4B4BDFCA}.Debug|Any CPU.ActiveCfg = Debug|Any CPU
		{AF1A1EAB-9427-4798-A356-65EB4B4BDFCA}.Debug|Any CPU.Build.0 = Debug|Any CPU
		{AF1A1EAB-9427-4798-A356-65EB4B4BDFCA}.Release|Any CPU.ActiveCfg = Release|Any CPU
		{AF1A1EAB-9427-4798-A356-65EB4B4BDFCA}.Release|Any CPU.Build.0 = Release|Any CPU
		{3B5BFCCB-23CF-4849-8B2C-74D05DC3E402}.Debug|Any CPU.ActiveCfg = Debug|Any CPU
		{3B5BFCCB-23CF-4849-8B2C-74D05DC3E402}.Debug|Any CPU.Build.0 = Debug|Any CPU
		{3B5BFCCB-23CF-4849-8B2C-74D05DC3E402}.Release|Any CPU.ActiveCfg = Release|Any CPU
		{3B5BFCCB-23CF-4849-8B2C-74D05DC3E402}.Release|Any CPU.Build.0 = Release|Any CPU
		{6462DA5D-27DC-4CD5-9467-5EFB998FD838}.Debug|Any CPU.ActiveCfg = Debug|Any CPU
		{6462DA5D-27DC-4CD5-9467-5EFB998FD838}.Debug|Any CPU.Build.0 = Debug|Any CPU
		{6462DA5D-27DC-4CD5-9467-5EFB998FD838}.Release|Any CPU.ActiveCfg = Release|Any CPU
		{6462DA5D-27DC-4CD5-9467-5EFB998FD838}.Release|Any CPU.Build.0 = Release|Any CPU
		{7663C249-6BC3-4CB0-A930-A1C6C7DA5EDD}.Debug|Any CPU.ActiveCfg = Debug|Any CPU
		{7663C249-6BC3-4CB0-A930-A1C6C7DA5EDD}.Debug|Any CPU.Build.0 = Debug|Any CPU
		{7663C249-6BC3-4CB0-A930-A1C6C7DA5EDD}.Release|Any CPU.ActiveCfg = Release|Any CPU
		{7663C249-6BC3-4CB0-A930-A1C6C7DA5EDD}.Release|Any CPU.Build.0 = Release|Any CPU
		{C1F54CDC-AD1D-45BB-8F7D-F49E411AFAF1}.Debug|Any CPU.ActiveCfg = Debug|Any CPU
		{C1F54CDC-AD1D-45BB-8F7D-F49E411AFAF1}.Debug|Any CPU.Build.0 = Debug|Any CPU
		{C1F54CDC-AD1D-45BB-8F7D-F49E411AFAF1}.Release|Any CPU.ActiveCfg = Release|Any CPU
		{C1F54CDC-AD1D-45BB-8F7D-F49E411AFAF1}.Release|Any CPU.Build.0 = Release|Any CPU
		{3902803E-78B7-4236-A4E4-884CF0034FA4}.Debug|Any CPU.ActiveCfg = Debug|Any CPU
		{3902803E-78B7-4236-A4E4-884CF0034FA4}.Debug|Any CPU.Build.0 = Debug|Any CPU
		{3902803E-78B7-4236-A4E4-884CF0034FA4}.Release|Any CPU.ActiveCfg = Release|Any CPU
		{3902803E-78B7-4236-A4E4-884CF0034FA4}.Release|Any CPU.Build.0 = Release|Any CPU
		{57E8A156-5D68-4A84-9DE8-3403CA4D2733}.Debug|Any CPU.ActiveCfg = Debug|Any CPU
		{57E8A156-5D68-4A84-9DE8-3403CA4D2733}.Debug|Any CPU.Build.0 = Debug|Any CPU
		{57E8A156-5D68-4A84-9DE8-3403CA4D2733}.Release|Any CPU.ActiveCfg = Release|Any CPU
		{57E8A156-5D68-4A84-9DE8-3403CA4D2733}.Release|Any CPU.Build.0 = Release|Any CPU
		{7DFD2037-A631-48B2-9704-3F9AC9363BF5}.Debug|Any CPU.ActiveCfg = Debug|Any CPU
		{7DFD2037-A631-48B2-9704-3F9AC9363BF5}.Debug|Any CPU.Build.0 = Debug|Any CPU
		{7DFD2037-A631-48B2-9704-3F9AC9363BF5}.Release|Any CPU.ActiveCfg = Release|Any CPU
		{7DFD2037-A631-48B2-9704-3F9AC9363BF5}.Release|Any CPU.Build.0 = Release|Any CPU
		{BF6D1EA0-BA3B-4DB3-8247-5CEB18584E59}.Debug|Any CPU.ActiveCfg = Debug|Any CPU
		{BF6D1EA0-BA3B-4DB3-8247-5CEB18584E59}.Debug|Any CPU.Build.0 = Debug|Any CPU
		{BF6D1EA0-BA3B-4DB3-8247-5CEB18584E59}.Release|Any CPU.ActiveCfg = Release|Any CPU
		{BF6D1EA0-BA3B-4DB3-8247-5CEB18584E59}.Release|Any CPU.Build.0 = Release|Any CPU
		{AAC0F76C-4114-4D64-A99E-8BE4C43982F9}.Debug|Any CPU.ActiveCfg = Debug|Any CPU
		{AAC0F76C-4114-4D64-A99E-8BE4C43982F9}.Debug|Any CPU.Build.0 = Debug|Any CPU
		{AAC0F76C-4114-4D64-A99E-8BE4C43982F9}.Release|Any CPU.ActiveCfg = Release|Any CPU
		{AAC0F76C-4114-4D64-A99E-8BE4C43982F9}.Release|Any CPU.Build.0 = Release|Any CPU
		{CB3E5EC8-F666-4A13-AD9C-DB79E014AA43}.Debug|Any CPU.ActiveCfg = Debug|Any CPU
		{CB3E5EC8-F666-4A13-AD9C-DB79E014AA43}.Debug|Any CPU.Build.0 = Debug|Any CPU
		{CB3E5EC8-F666-4A13-AD9C-DB79E014AA43}.Release|Any CPU.ActiveCfg = Release|Any CPU
		{CB3E5EC8-F666-4A13-AD9C-DB79E014AA43}.Release|Any CPU.Build.0 = Release|Any CPU
		{10A00767-431E-4C18-BE26-1FA2AE3D18E2}.Debug|Any CPU.ActiveCfg = Debug|Any CPU
		{10A00767-431E-4C18-BE26-1FA2AE3D18E2}.Debug|Any CPU.Build.0 = Debug|Any CPU
		{10A00767-431E-4C18-BE26-1FA2AE3D18E2}.Release|Any CPU.ActiveCfg = Release|Any CPU
		{10A00767-431E-4C18-BE26-1FA2AE3D18E2}.Release|Any CPU.Build.0 = Release|Any CPU
	EndGlobalSection
	GlobalSection(SolutionProperties) = preSolution
		HideSolutionNode = FALSE
	EndGlobalSection
	GlobalSection(NestedProjects) = preSolution
		{74908F42-3842-49B4-9344-60BB791FDE32} = {4269F3C3-6B42-419B-B64A-3E6DC0F1574A}
		{41BC20C1-523A-4715-8E8B-88390E6F45F6} = {3ADFB27A-95FA-4330-B211-1D66A29A17AB}
		{B2C5EED9-21B2-4763-AB92-C1995B76DA3A} = {4269F3C3-6B42-419B-B64A-3E6DC0F1574A}
		{F31CF172-6FEE-4188-9828-E5FDA531C871} = {4269F3C3-6B42-419B-B64A-3E6DC0F1574A}
		{20DB2748-6562-472F-AD20-E57167913C7D} = {4269F3C3-6B42-419B-B64A-3E6DC0F1574A}
		{9BDF7020-A19F-4C6C-B329-E4BFEFF6DE6B} = {AD743B78-D61F-4FBF-B620-FA83CE599A50}
		{6AE5D88B-7F99-444E-ADA0-7CEAADFC477C} = {AD743B78-D61F-4FBF-B620-FA83CE599A50}
		{E325A0E2-716A-49E0-9767-5087CF05727C} = {AD743B78-D61F-4FBF-B620-FA83CE599A50}
		{AF1A1EAB-9427-4798-A356-65EB4B4BDFCA} = {3ADFB27A-95FA-4330-B211-1D66A29A17AB}
		{3B5BFCCB-23CF-4849-8B2C-74D05DC3E402} = {3ADFB27A-95FA-4330-B211-1D66A29A17AB}
		{6462DA5D-27DC-4CD5-9467-5EFB998FD838} = {4269F3C3-6B42-419B-B64A-3E6DC0F1574A}
		{7663C249-6BC3-4CB0-A930-A1C6C7DA5EDD} = {4269F3C3-6B42-419B-B64A-3E6DC0F1574A}
		{C1F54CDC-AD1D-45BB-8F7D-F49E411AFAF1} = {4269F3C3-6B42-419B-B64A-3E6DC0F1574A}
		{3902803E-78B7-4236-A4E4-884CF0034FA4} = {3ADFB27A-95FA-4330-B211-1D66A29A17AB}
		{57E8A156-5D68-4A84-9DE8-3403CA4D2733} = {3ADFB27A-95FA-4330-B211-1D66A29A17AB}
		{7DFD2037-A631-48B2-9704-3F9AC9363BF5} = {3ADFB27A-95FA-4330-B211-1D66A29A17AB}
		{BF6D1EA0-BA3B-4DB3-8247-5CEB18584E59} = {3ADFB27A-95FA-4330-B211-1D66A29A17AB}
		{AAC0F76C-4114-4D64-A99E-8BE4C43982F9} = {3ADFB27A-95FA-4330-B211-1D66A29A17AB}
		{CB3E5EC8-F666-4A13-AD9C-DB79E014AA43} = {3ADFB27A-95FA-4330-B211-1D66A29A17AB}
		{10A00767-431E-4C18-BE26-1FA2AE3D18E2} = {3ADFB27A-95FA-4330-B211-1D66A29A17AB}
	EndGlobalSection
	GlobalSection(ExtensibilityGlobals) = postSolution
		SolutionGuid = {7173C9F3-A7F9-496E-9078-9156E35D6E16}
	EndGlobalSection
EndGlobal
