Microsoft Visual Studio Solution File, Format Version 12.00
# Visual Studio Version 16
VisualStudioVersion = 16.0.29123.88
MinimumVisualStudioVersion = 10.0.40219.1
Project("{2150E333-8FDC-42A3-9474-1A3956D46DE8}") = "Libraries", "Libraries", "{4269F3C3-6B42-419B-B64A-3E6DC0F1574A}"
EndProject
Project("{2150E333-8FDC-42A3-9474-1A3956D46DE8}") = "Tests", "Tests", "{AD743B78-D61F-4FBF-B620-FA83CE599A50}"
EndProject
Project("{9A19103F-16F7-4668-BE54-9A1E7A4F7556}") = "Microsoft.Bot.Builder.Dialogs.Adaptive", "libraries\Microsoft.Bot.Builder.Dialogs.Adaptive\Microsoft.Bot.Builder.Dialogs.Adaptive.csproj", "{3CF175CF-1AF4-4109-96CB-221684DCED7D}"
EndProject
Project("{9A19103F-16F7-4668-BE54-9A1E7A4F7556}") = "Microsoft.Bot.Builder.Dialogs.Adaptive.Tests", "tests\Microsoft.Bot.Builder.Dialogs.Adaptive.Tests\Microsoft.Bot.Builder.Dialogs.Adaptive.Tests.csproj", "{CA008713-655E-46DA-BBDF-1EF6B8CE7DCA}"
EndProject
Project("{9A19103F-16F7-4668-BE54-9A1E7A4F7556}") = "Microsoft.Bot.Builder.Azure.Tests", "tests\Microsoft.Bot.Builder.Azure.Tests\Microsoft.Bot.Builder.Azure.Tests.csproj", "{E325A0E2-716A-49E0-9767-5087CF05727C}"
EndProject
Project("{9A19103F-16F7-4668-BE54-9A1E7A4F7556}") = "Microsoft.Bot.Builder.Azure", "libraries\Microsoft.Bot.Builder.Azure\Microsoft.Bot.Builder.Azure.csproj", "{B2C5EED9-21B2-4763-AB92-C1995B76DA3A}"
EndProject
Project("{9A19103F-16F7-4668-BE54-9A1E7A4F7556}") = "Microsoft.Bot.Builder.AI.QnA.Tests", "tests\Microsoft.Bot.Builder.AI.QnA.Tests\Microsoft.Bot.Builder.AI.QnA.Tests.csproj", "{9BDF7020-A19F-4C6C-B329-E4BFEFF6DE6B}"
EndProject
Project("{9A19103F-16F7-4668-BE54-9A1E7A4F7556}") = "Microsoft.Bot.Connector", "libraries\Microsoft.Bot.Connector\Microsoft.Bot.Connector.csproj", "{6462DA5D-27DC-4CD5-9467-5EFB998FD838}"
EndProject
Project("{9A19103F-16F7-4668-BE54-9A1E7A4F7556}") = "Microsoft.Bot.Schema", "libraries\Microsoft.Bot.Schema\Microsoft.Bot.Schema.csproj", "{C1F54CDC-AD1D-45BB-8F7D-F49E411AFAF1}"
EndProject
Project("{9A19103F-16F7-4668-BE54-9A1E7A4F7556}") = "Microsoft.Bot.Builder", "libraries\Microsoft.Bot.Builder\Microsoft.Bot.Builder.csproj", "{ADA8AB8B-2066-4193-B8F7-985669B23E00}"
EndProject
Project("{9A19103F-16F7-4668-BE54-9A1E7A4F7556}") = "Microsoft.Bot.Connector.Tests", "tests\Microsoft.Bot.Connector.Tests\Microsoft.Bot.Connector.Tests.csproj", "{BF414C86-DB3B-4022-9B29-DCE8AA954C12}"
EndProject
Project("{2150E333-8FDC-42A3-9474-1A3956D46DE8}") = "Integration", "Integration", "{276EBE79-A13A-46BD-A566-B01DC0477A9B}"
EndProject
Project("{9A19103F-16F7-4668-BE54-9A1E7A4F7556}") = "Microsoft.Bot.Builder.AI.Luis", "libraries\Microsoft.Bot.Builder.AI.LUIS\Microsoft.Bot.Builder.AI.Luis.csproj", "{67AA3C00-E2C5-4D13-BA5E-72EB0E5B8DAA}"
EndProject
Project("{9A19103F-16F7-4668-BE54-9A1E7A4F7556}") = "Microsoft.Bot.Builder.AI.Luis.Tests", "tests\Microsoft.Bot.Builder.AI.LUIS.Tests\Microsoft.Bot.Builder.AI.Luis.Tests.csproj", "{7BCEBDC1-D57F-4717-9B15-4FACD5473489}"
EndProject
Project("{9A19103F-16F7-4668-BE54-9A1E7A4F7556}") = "Microsoft.Bot.Builder.Integration.AspNet.Core", "libraries\integration\Microsoft.Bot.Builder.Integration.AspNet.Core\Microsoft.Bot.Builder.Integration.AspNet.Core.csproj", "{053BD8B8-B5C1-4C45-81D4-C9BA8D5B3CE2}"
EndProject
Project("{9A19103F-16F7-4668-BE54-9A1E7A4F7556}") = "Microsoft.Bot.Builder.TemplateManager", "libraries\Microsoft.Bot.Builder.TemplateManager\Microsoft.Bot.Builder.TemplateManager.csproj", "{EED5F0D3-6F00-4ED1-9108-5ADCB10A3734}"
EndProject
Project("{9A19103F-16F7-4668-BE54-9A1E7A4F7556}") = "Microsoft.Bot.Builder.TemplateManager.Tests", "tests\Microsoft.Bot.Builder.TemplateManager\Microsoft.Bot.Builder.TemplateManager.Tests.csproj", "{C93F6192-0123-4121-AD92-374A71E4B0F3}"
EndProject
Project("{9A19103F-16F7-4668-BE54-9A1E7A4F7556}") = "Microsoft.Bot.Schema.Tests", "tests\Microsoft.Bot.Schema.Tests\Microsoft.Bot.Schema.Tests.csproj", "{A4184239-F13F-4A09-B2D3-0B9532609248}"
EndProject
Project("{9A19103F-16F7-4668-BE54-9A1E7A4F7556}") = "Microsoft.Bot.Builder.AI.QnA", "libraries\Microsoft.Bot.Builder.AI.QnA\Microsoft.Bot.Builder.AI.QnA.csproj", "{D9B2EF5D-0515-460F-948A-2BB70C8DCF62}"
EndProject
Project("{2150E333-8FDC-42A3-9474-1A3956D46DE8}") = "AI", "AI", "{763168FA-A590-482C-84D8-2922F7ADB1A2}"
EndProject
Project("{9A19103F-16F7-4668-BE54-9A1E7A4F7556}") = "Microsoft.Bot.Builder.Dialogs", "libraries\Microsoft.Bot.Builder.Dialogs\Microsoft.Bot.Builder.Dialogs.csproj", "{0F639EB4-FB64-4909-8A10-FB93E7BE3AFB}"
EndProject
Project("{9A19103F-16F7-4668-BE54-9A1E7A4F7556}") = "Microsoft.Bot.Builder.Dialogs.Tests", "tests\Microsoft.Bot.Builder.Dialogs.Tests\Microsoft.Bot.Builder.Dialogs.Tests.csproj", "{2F77CA1D-E6F0-4DEA-96BB-8A039F4D0FF8}"
EndProject
Project("{2150E333-8FDC-42A3-9474-1A3956D46DE8}") = "Integration", "Integration", "{0A0E26B0-7A46-4F1A-8BFE-9A763FDF6CF8}"
EndProject
Project("{9A19103F-16F7-4668-BE54-9A1E7A4F7556}") = "Microsoft.Bot.Builder.Integration.AspNet.Core.Tests", "tests\integration\Microsoft.Bot.Builder.Integration.AspNet.Core.Tests\Microsoft.Bot.Builder.Integration.AspNet.Core.Tests.csproj", "{62C4DC83-3B07-45D7-856E-224FFB368E5F}"
EndProject
Project("{9A19103F-16F7-4668-BE54-9A1E7A4F7556}") = "Microsoft.Bot.Builder.Tests", "tests\Microsoft.Bot.Builder.Tests\Microsoft.Bot.Builder.Tests.csproj", "{35F9B8A8-1974-4795-930B-5E4980EE85E5}"
EndProject
Project("{9A19103F-16F7-4668-BE54-9A1E7A4F7556}") = "Microsoft.Bot.Builder.Transcripts.Tests", "tests\Microsoft.Bot.Builder.Transcripts.Tests\Microsoft.Bot.Builder.Transcripts.Tests.csproj", "{71698D71-4C6F-40D5-8BDE-2587514CA21C}"
EndProject
Project("{9A19103F-16F7-4668-BE54-9A1E7A4F7556}") = "Microsoft.Bot.Configuration", "libraries\Microsoft.Bot.Configuration\Microsoft.Bot.Configuration.csproj", "{0B8ABFDB-F9CF-4EC6-988E-9C32D9E01C26}"
EndProject
Project("{9A19103F-16F7-4668-BE54-9A1E7A4F7556}") = "Microsoft.Bot.Configuration.Tests", "tests\Microsoft.Bot.Configuration.Tests\Microsoft.Bot.Configuration.Tests.csproj", "{1B7920E6-5262-4054-B72D-3A8DBBA057D2}"
EndProject
Project("{9A19103F-16F7-4668-BE54-9A1E7A4F7556}") = "Microsoft.Bot.Builder.Integration.ApplicationInsights.Core", "libraries\integration\Microsoft.Bot.Builder.Integration.ApplicationInsights.Core\Microsoft.Bot.Builder.Integration.ApplicationInsights.Core.csproj", "{8FC920C6-E895-4A17-AB2F-452FAAA36CC8}"
EndProject
Project("{9A19103F-16F7-4668-BE54-9A1E7A4F7556}") = "Microsoft.Bot.Builder.ApplicationInsights", "libraries\Microsoft.Bot.Builder.ApplicationInsights\Microsoft.Bot.Builder.ApplicationInsights.csproj", "{B609DB2C-5C1F-46D1-A0FA-A0FF9216899A}"
EndProject
Project("{9A19103F-16F7-4668-BE54-9A1E7A4F7556}") = "Microsoft.Bot.ApplicationInsights.Core.Tests", "tests\integration\Microsoft.Bot.ApplicationInsights.Core.Tests\Microsoft.Bot.ApplicationInsights.Core.Tests.csproj", "{3F4A0DD8-4D47-4B9C-939A-3146E68C84F7}"
EndProject
Project("{9A19103F-16F7-4668-BE54-9A1E7A4F7556}") = "Microsoft.Bot.Builder.ApplicationInsights.Tests", "tests\Microsoft.Bot.Builder.ApplicationInsights.Tests\Microsoft.Bot.Builder.ApplicationInsights.Tests.csproj", "{D790A4BB-D8AC-4AAE-B3FE-0CF432CA8031}"
EndProject
Project("{9A19103F-16F7-4668-BE54-9A1E7A4F7556}") = "Microsoft.Bot.Builder.TestBot", "tests\Microsoft.Bot.Builder.TestBot\Microsoft.Bot.Builder.TestBot.csproj", "{C113E0AE-5564-4389-BA39-183A8D574210}"
EndProject
Project("{2150E333-8FDC-42A3-9474-1A3956D46DE8}") = "FunctionalTests", "FunctionalTests", "{8667F820-8ADA-4498-91AE-AE95DEE5227E}"
EndProject
Project("{9A19103F-16F7-4668-BE54-9A1E7A4F7556}") = "Microsoft.Bot.Builder.Testing", "libraries\Microsoft.Bot.Builder.Testing\Microsoft.Bot.Builder.Testing.csproj", "{060F070A-BBFA-490E-BE89-3844C857B771}"
EndProject
Project("{9A19103F-16F7-4668-BE54-9A1E7A4F7556}") = "Microsoft.Bot.Builder.Testing.Tests", "tests\Microsoft.Bot.Builder.Testing.Tests\Microsoft.Bot.Builder.Testing.Tests.csproj", "{E4E13301-9193-4106-B0E3-41276B478E7C}"
EndProject
Project("{9A19103F-16F7-4668-BE54-9A1E7A4F7556}") = "Microsoft.Bot.Builder.TestBot.Tests", "tests\Microsoft.Bot.Builder.TestBot.Tests\Microsoft.Bot.Builder.TestBot.Tests.csproj", "{76391566-9F22-4994-8B0F-02EFC0E9E228}"
EndProject
Project("{9A19103F-16F7-4668-BE54-9A1E7A4F7556}") = "Microsoft.Bot.Builder.Dialogs.Declarative", "libraries\Microsoft.Bot.Builder.Dialogs.Declarative\Microsoft.Bot.Builder.Dialogs.Declarative.csproj", "{1BC05915-044E-4776-8956-B44BBEFF2F84}"
EndProject
Project("{9A19103F-16F7-4668-BE54-9A1E7A4F7556}") = "AdaptiveExpressions.Tests", "tests\AdaptiveExpressions.Tests\AdaptiveExpressions.Tests.csproj", "{AE3FC7F6-B212-4438-B1D7-C121BB4C15ED}"
EndProject
Project("{9A19103F-16F7-4668-BE54-9A1E7A4F7556}") = "AdaptiveExpressions", "libraries\AdaptiveExpressions\AdaptiveExpressions.csproj", "{8DC1257B-7650-40EB-97A2-C1CBA306DA6A}"
EndProject
Project("{9A19103F-16F7-4668-BE54-9A1E7A4F7556}") = "Microsoft.Bot.Builder.Dialogs.Declarative.Tests", "tests\Microsoft.Bot.Builder.Dialogs.Declarative.Tests\Microsoft.Bot.Builder.Dialogs.Declarative.Tests.csproj", "{D5E70443-4BA2-42ED-992A-010268440B08}"
EndProject
Project("{9A19103F-16F7-4668-BE54-9A1E7A4F7556}") = "Microsoft.Bot.Builder.Dialogs.Debugging", "libraries\Microsoft.Bot.Builder.Dialogs.Debugging\Microsoft.Bot.Builder.Dialogs.Debugging.csproj", "{84E3B6A2-42D9-498A-9CD2-1C5F5BE0D526}"
EndProject
Project("{9A19103F-16F7-4668-BE54-9A1E7A4F7556}") = "Microsoft.Bot.Builder.LanguageGeneration", "libraries\Microsoft.Bot.Builder.LanguageGeneration\Microsoft.Bot.Builder.LanguageGeneration.csproj", "{52CDBBA9-E5AF-433C-80F0-5EF3C8B14946}"
EndProject
Project("{9A19103F-16F7-4668-BE54-9A1E7A4F7556}") = "Microsoft.Bot.Builder.Dialogs.Debugging.Tests", "tests\Microsoft.Bot.Builder.Dialogs.Debugging.Tests\Microsoft.Bot.Builder.Dialogs.Debugging.Tests.csproj", "{F59673EA-2D0D-441A-BB85-CD343DE6BE45}"
EndProject
Project("{9A19103F-16F7-4668-BE54-9A1E7A4F7556}") = "Microsoft.Bot.Builder.LanguageGeneration.Tests", "tests\Microsoft.Bot.Builder.LanguageGeneration.Tests\Microsoft.Bot.Builder.LanguageGeneration.Tests.csproj", "{72EE26E2-E8BE-4169-82AD-93E021539C34}"
EndProject
Project("{2150E333-8FDC-42A3-9474-1A3956D46DE8}") = "Solution Items", "Solution Items", "{6B6AFE9D-6FA5-4699-B0EB-62335FD431C8}"
	ProjectSection(SolutionItems) = preProject
		bot.png = bot.png
		bot_icon.png = bot_icon.png
		BotBuilder-DotNet.ruleset = BotBuilder-DotNet.ruleset
		CodeCoverage.runsettings = CodeCoverage.runsettings
		Directory.Build.props = Directory.Build.props
	EndProjectSection
EndProject
Project("{2150E333-8FDC-42A3-9474-1A3956D46DE8}") = "Schemas", "Schemas", "{EE56F2B6-4995-4E8F-ACFF-310AF0A4DA0F}"
	ProjectSection(SolutionItems) = preProject
		schemas\baseComponent.schema = schemas\baseComponent.schema
		schemas\component.schema = schemas\component.schema
		schemas\readme.md = schemas\readme.md
		schemas\sdk.schema = schemas\sdk.schema
		schemas\update.cmd = schemas\update.cmd
		schemas\updateBranch.cmd = schemas\updateBranch.cmd
	EndProjectSection
EndProject
Project("{9A19103F-16F7-4668-BE54-9A1E7A4F7556}") = "Microsoft.Bot.Builder.TestBot.Json", "tests\Microsoft.Bot.Builder.TestBot.Json\Microsoft.Bot.Builder.TestBot.Json.csproj", "{2454BBCD-77BC-4E3D-B5A6-3562BED898D6}"
EndProject
Project("{9A19103F-16F7-4668-BE54-9A1E7A4F7556}") = "Microsoft.Bot.Builder.AI.Luis.TestUtils", "tests\Microsoft.Bot.Builder.AI.Luis.TestUtils\Microsoft.Bot.Builder.AI.Luis.TestUtils.csproj", "{685271A8-6C69-46E4-9B11-89AF9761CE0A}"
EndProject
Project("{9A19103F-16F7-4668-BE54-9A1E7A4F7556}") = "Microsoft.Bot.Builder.AI.LuisV3.Tests", "tests\Microsoft.Bot.Builder.Ai.LUISV3.tests\Microsoft.Bot.Builder.AI.LuisV3.Tests.csproj", "{474C57B1-C9FC-4B71-A92B-B25BA27FAFA7}"
EndProject
Project("{9A19103F-16F7-4668-BE54-9A1E7A4F7556}") = "Microsoft.Bot.Builder.Integration.ApplicationInsights.WebApi", "libraries\integration\Microsoft.Bot.Builder.Integration.ApplicationInsights.WebApi\Microsoft.Bot.Builder.Integration.ApplicationInsights.WebApi.csproj", "{E0223463-97C6-4108-B5A9-AFBA16B9D5CC}"
EndProject
Project("{9A19103F-16F7-4668-BE54-9A1E7A4F7556}") = "Microsoft.Bot.Builder.Integration.AspNet.WebApi", "libraries\integration\Microsoft.Bot.Builder.Integration.AspNet.WebApi\Microsoft.Bot.Builder.Integration.AspNet.WebApi.csproj", "{EE76BD65-FB01-498F-B053-4E1B2693D85F}"
EndProject
Project("{FAE04EC0-301F-11D3-BF4B-00C04F79EFBC}") = "Microsoft.Bot.ApplicationInsights.WebApi.Tests", "tests\integration\Microsoft.Bot.ApplicationInsights.WebApi.Tests\Microsoft.Bot.ApplicationInsights.WebApi.Tests.csproj", "{873BCC1F-ED12-424E-93FA-D76F4BA022C2}"
EndProject
Project("{FAE04EC0-301F-11D3-BF4B-00C04F79EFBC}") = "Microsoft.Bot.Builder.Integration.AspNet.WebApi.Tests", "tests\integration\Microsoft.Bot.Builder.Integration.AspNet.WebApi.Tests\Microsoft.Bot.Builder.Integration.AspNet.WebApi.Tests.csproj", "{2614D290-1345-4A41-BE90-F85F817CEADE}"
EndProject
Project("{9A19103F-16F7-4668-BE54-9A1E7A4F7556}") = "Microsoft.Bot.Builder.Dialogs.Adaptive.Templates.Tests", "tests\Microsoft.Bot.Builder.Dialogs.Adaptive.Templates.Tests\Microsoft.Bot.Builder.Dialogs.Adaptive.Templates.Tests.csproj", "{EFAA1D3D-3102-4307-A5DD-EAB4DB9B0386}"
EndProject
Project("{9A19103F-16F7-4668-BE54-9A1E7A4F7556}") = "Microsoft.Bot.Streaming", "libraries\Microsoft.Bot.Streaming\Microsoft.Bot.Streaming.csproj", "{4C82FD14-418F-43E4-AC59-3D926B55CEA3}"
EndProject
Project("{9A19103F-16F7-4668-BE54-9A1E7A4F7556}") = "Microsoft.Bot.Streaming.Tests", "tests\Microsoft.Bot.Streaming.Tests\Microsoft.Bot.Streaming.Tests.csproj", "{D243AC2D-7823-4177-9D8A-23FDFDA274D2}"
	ProjectSection(ProjectDependencies) = postProject
		{ADA8AB8B-2066-4193-B8F7-985669B23E00} = {ADA8AB8B-2066-4193-B8F7-985669B23E00}
	EndProjectSection
EndProject
Project("{9A19103F-16F7-4668-BE54-9A1E7A4F7556}") = "Microsoft.Bot.Builder.TestProtocol", "tests\Microsoft.Bot.Builder.TestProtocol\Microsoft.Bot.Builder.TestProtocol.csproj", "{24CCB459-B4F6-484F-8BA4-946A4AB816FA}"
EndProject
Project("{9A19103F-16F7-4668-BE54-9A1E7A4F7556}") = "Microsoft.Bot.Builder.Dialogs.Adaptive.Profiling", "tests\Microsoft.Bot.Builder.Dialogs.Adaptive.Profiling\Microsoft.Bot.Builder.Dialogs.Adaptive.Profiling.csproj", "{D9242899-AB3F-46BB-BAB4-386CB8EC535C}"
EndProject
Project("{9A19103F-16F7-4668-BE54-9A1E7A4F7556}") = "Microsoft.Bot.Builder.TestBot.NetCore21", "tests\Microsoft.Bot.Builder.TestBot.NetCore21\Microsoft.Bot.Builder.TestBot.NetCore21.csproj", "{99C466C3-1931-4C0E-AA0A-A8D9D140F56E}"
EndProject
Project("{9A19103F-16F7-4668-BE54-9A1E7A4F7556}") = "Microsoft.Bot.Builder.TestBot.NetCore21.Tests", "tests\Microsoft.Bot.Builder.TestBot.NetCore21.Tests\Microsoft.Bot.Builder.TestBot.NetCore21.Tests.csproj", "{2FBA2BB7-73C8-45CD-99B7-D65F817C9051}"
EndProject
Project("{2150E333-8FDC-42A3-9474-1A3956D46DE8}") = "Skills", "Skills", "{3C16F609-61D8-49C5-A243-9D32B9491D91}"
EndProject
Project("{2150E333-8FDC-42A3-9474-1A3956D46DE8}") = "SimpleBotToBot", "SimpleBotToBot", "{C9B9D0E6-1579-4F5E-B23B-9EFD17F50D34}"
EndProject
Project("{9A19103F-16F7-4668-BE54-9A1E7A4F7556}") = "SimpleRootBot", "FunctionalTests\Skills\SimpleBotToBot\SimpleRootBot\SimpleRootBot.csproj", "{A0080C33-4628-4259-84D6-2E6DEDBD26B7}"
EndProject
Project("{9A19103F-16F7-4668-BE54-9A1E7A4F7556}") = "EchoSkillBot", "FunctionalTests\Skills\SimpleBotToBot\EchoSkillBot\EchoSkillBot.csproj", "{C8F3C6E5-6A21-4F77-ADF7-30119D836A4D}"
EndProject
Project("{2150E333-8FDC-42A3-9474-1A3956D46DE8}") = "DialogToDialog", "DialogToDialog", "{3E023AB7-FE1F-41B1-9EF4-1550BCE1DC37}"
	ProjectSection(SolutionItems) = preProject
		FunctionalTests\Skills\DialogToDialog\README.md = FunctionalTests\Skills\DialogToDialog\README.md
	EndProjectSection
EndProject
Project("{9A19103F-16F7-4668-BE54-9A1E7A4F7556}") = "DialogRootBot", "FunctionalTests\Skills\DialogToDialog\DialogRootBot\DialogRootBot.csproj", "{E65DC262-CA77-41F6-8439-02C1917874DD}"
EndProject
Project("{9A19103F-16F7-4668-BE54-9A1E7A4F7556}") = "DialogEchoSkillBot", "FunctionalTests\Skills\DialogToDialog\DialogEchoSkillBot\DialogEchoSkillBot.csproj", "{31D0EA80-192C-4645-911D-F0393535B176}"
EndProject
Project("{9A19103F-16F7-4668-BE54-9A1E7A4F7556}") = "DialogSkillBot", "FunctionalTests\Skills\DialogToDialog\DialogSkillBot\DialogSkillBot.csproj", "{AB75F219-CFA4-4051-8A11-3EE7A128AF08}"
EndProject
Project("{9A19103F-16F7-4668-BE54-9A1E7A4F7556}") = "Microsoft.Bot.Builder.Dialogs.Adaptive.Testing", "libraries\Microsoft.Bot.Builder.Dialogs.Adaptive.Testing\Microsoft.Bot.Builder.Dialogs.Adaptive.Testing.csproj", "{27ADE3CC-43B5-4563-B6D1-4103E8A6ECCD}"
EndProject
Project("{2150E333-8FDC-42A3-9474-1A3956D46DE8}") = "Adaptive", "Adaptive", "{AE7143FE-C460-449D-AA50-EFA4820EBADE}"
EndProject
Project("{FAE04EC0-301F-11D3-BF4B-00C04F79EFBC}") = "AdaptiveRootBot", "FunctionalTests\Skills\Adaptive\AdaptiveRootBot\AdaptiveRootBot.csproj", "{1E638E89-43B9-4381-8CC7-B65548DB0070}"
EndProject
Project("{FAE04EC0-301F-11D3-BF4B-00C04F79EFBC}") = "AdaptiveSkillBot", "FunctionalTests\Skills\Adaptive\AdaptiveSkillBot\AdaptiveSkillBot.csproj", "{3EA28B80-440E-4919-9850-31236968BC04}"
EndProject
Global
	GlobalSection(SolutionConfigurationPlatforms) = preSolution
		Debug|Any CPU = Debug|Any CPU
		Debug-Windows|Any CPU = Debug-Windows|Any CPU
		Release|Any CPU = Release|Any CPU
		Release-Windows|Any CPU = Release-Windows|Any CPU
	EndGlobalSection
	GlobalSection(ProjectConfigurationPlatforms) = postSolution
		{3CF175CF-1AF4-4109-96CB-221684DCED7D}.Debug|Any CPU.ActiveCfg = Debug|Any CPU
		{3CF175CF-1AF4-4109-96CB-221684DCED7D}.Debug|Any CPU.Build.0 = Debug|Any CPU
		{3CF175CF-1AF4-4109-96CB-221684DCED7D}.Debug-Windows|Any CPU.ActiveCfg = Debug|Any CPU
		{3CF175CF-1AF4-4109-96CB-221684DCED7D}.Debug-Windows|Any CPU.Build.0 = Debug|Any CPU
		{3CF175CF-1AF4-4109-96CB-221684DCED7D}.Release|Any CPU.ActiveCfg = Release|Any CPU
		{3CF175CF-1AF4-4109-96CB-221684DCED7D}.Release|Any CPU.Build.0 = Release|Any CPU
		{3CF175CF-1AF4-4109-96CB-221684DCED7D}.Release-Windows|Any CPU.ActiveCfg = Release|Any CPU
		{3CF175CF-1AF4-4109-96CB-221684DCED7D}.Release-Windows|Any CPU.Build.0 = Release|Any CPU
		{CA008713-655E-46DA-BBDF-1EF6B8CE7DCA}.Debug|Any CPU.ActiveCfg = Debug|Any CPU
		{CA008713-655E-46DA-BBDF-1EF6B8CE7DCA}.Debug|Any CPU.Build.0 = Debug|Any CPU
		{CA008713-655E-46DA-BBDF-1EF6B8CE7DCA}.Debug-Windows|Any CPU.ActiveCfg = Debug|Any CPU
		{CA008713-655E-46DA-BBDF-1EF6B8CE7DCA}.Debug-Windows|Any CPU.Build.0 = Debug|Any CPU
		{CA008713-655E-46DA-BBDF-1EF6B8CE7DCA}.Release|Any CPU.ActiveCfg = Release|Any CPU
		{CA008713-655E-46DA-BBDF-1EF6B8CE7DCA}.Release|Any CPU.Build.0 = Release|Any CPU
		{CA008713-655E-46DA-BBDF-1EF6B8CE7DCA}.Release-Windows|Any CPU.ActiveCfg = Release|Any CPU
		{CA008713-655E-46DA-BBDF-1EF6B8CE7DCA}.Release-Windows|Any CPU.Build.0 = Release|Any CPU
		{E325A0E2-716A-49E0-9767-5087CF05727C}.Debug|Any CPU.ActiveCfg = Debug|Any CPU
		{E325A0E2-716A-49E0-9767-5087CF05727C}.Debug|Any CPU.Build.0 = Debug|Any CPU
		{E325A0E2-716A-49E0-9767-5087CF05727C}.Debug-Windows|Any CPU.ActiveCfg = Debug|Any CPU
		{E325A0E2-716A-49E0-9767-5087CF05727C}.Debug-Windows|Any CPU.Build.0 = Debug|Any CPU
		{E325A0E2-716A-49E0-9767-5087CF05727C}.Release|Any CPU.ActiveCfg = Release|Any CPU
		{E325A0E2-716A-49E0-9767-5087CF05727C}.Release|Any CPU.Build.0 = Release|Any CPU
		{E325A0E2-716A-49E0-9767-5087CF05727C}.Release-Windows|Any CPU.ActiveCfg = Release|Any CPU
		{E325A0E2-716A-49E0-9767-5087CF05727C}.Release-Windows|Any CPU.Build.0 = Release|Any CPU
		{B2C5EED9-21B2-4763-AB92-C1995B76DA3A}.Debug|Any CPU.ActiveCfg = Debug|Any CPU
		{B2C5EED9-21B2-4763-AB92-C1995B76DA3A}.Debug|Any CPU.Build.0 = Debug|Any CPU
		{B2C5EED9-21B2-4763-AB92-C1995B76DA3A}.Debug-Windows|Any CPU.ActiveCfg = Debug|Any CPU
		{B2C5EED9-21B2-4763-AB92-C1995B76DA3A}.Debug-Windows|Any CPU.Build.0 = Debug|Any CPU
		{B2C5EED9-21B2-4763-AB92-C1995B76DA3A}.Release|Any CPU.ActiveCfg = Release|Any CPU
		{B2C5EED9-21B2-4763-AB92-C1995B76DA3A}.Release|Any CPU.Build.0 = Release|Any CPU
		{B2C5EED9-21B2-4763-AB92-C1995B76DA3A}.Release-Windows|Any CPU.ActiveCfg = Release|Any CPU
		{B2C5EED9-21B2-4763-AB92-C1995B76DA3A}.Release-Windows|Any CPU.Build.0 = Release|Any CPU
		{9BDF7020-A19F-4C6C-B329-E4BFEFF6DE6B}.Debug|Any CPU.ActiveCfg = Debug|Any CPU
		{9BDF7020-A19F-4C6C-B329-E4BFEFF6DE6B}.Debug|Any CPU.Build.0 = Debug|Any CPU
		{9BDF7020-A19F-4C6C-B329-E4BFEFF6DE6B}.Debug-Windows|Any CPU.ActiveCfg = Debug|Any CPU
		{9BDF7020-A19F-4C6C-B329-E4BFEFF6DE6B}.Debug-Windows|Any CPU.Build.0 = Debug|Any CPU
		{9BDF7020-A19F-4C6C-B329-E4BFEFF6DE6B}.Release|Any CPU.ActiveCfg = Release|Any CPU
		{9BDF7020-A19F-4C6C-B329-E4BFEFF6DE6B}.Release|Any CPU.Build.0 = Release|Any CPU
		{9BDF7020-A19F-4C6C-B329-E4BFEFF6DE6B}.Release-Windows|Any CPU.ActiveCfg = Release|Any CPU
		{9BDF7020-A19F-4C6C-B329-E4BFEFF6DE6B}.Release-Windows|Any CPU.Build.0 = Release|Any CPU
		{6462DA5D-27DC-4CD5-9467-5EFB998FD838}.Debug|Any CPU.ActiveCfg = Debug|Any CPU
		{6462DA5D-27DC-4CD5-9467-5EFB998FD838}.Debug|Any CPU.Build.0 = Debug|Any CPU
		{6462DA5D-27DC-4CD5-9467-5EFB998FD838}.Debug-Windows|Any CPU.ActiveCfg = Debug|Any CPU
		{6462DA5D-27DC-4CD5-9467-5EFB998FD838}.Debug-Windows|Any CPU.Build.0 = Debug|Any CPU
		{6462DA5D-27DC-4CD5-9467-5EFB998FD838}.Release|Any CPU.ActiveCfg = Release|Any CPU
		{6462DA5D-27DC-4CD5-9467-5EFB998FD838}.Release|Any CPU.Build.0 = Release|Any CPU
		{6462DA5D-27DC-4CD5-9467-5EFB998FD838}.Release-Windows|Any CPU.ActiveCfg = Release|Any CPU
		{6462DA5D-27DC-4CD5-9467-5EFB998FD838}.Release-Windows|Any CPU.Build.0 = Release|Any CPU
		{C1F54CDC-AD1D-45BB-8F7D-F49E411AFAF1}.Debug|Any CPU.ActiveCfg = Debug|Any CPU
		{C1F54CDC-AD1D-45BB-8F7D-F49E411AFAF1}.Debug|Any CPU.Build.0 = Debug|Any CPU
		{C1F54CDC-AD1D-45BB-8F7D-F49E411AFAF1}.Debug-Windows|Any CPU.ActiveCfg = Debug|Any CPU
		{C1F54CDC-AD1D-45BB-8F7D-F49E411AFAF1}.Debug-Windows|Any CPU.Build.0 = Debug|Any CPU
		{C1F54CDC-AD1D-45BB-8F7D-F49E411AFAF1}.Release|Any CPU.ActiveCfg = Release|Any CPU
		{C1F54CDC-AD1D-45BB-8F7D-F49E411AFAF1}.Release|Any CPU.Build.0 = Release|Any CPU
		{C1F54CDC-AD1D-45BB-8F7D-F49E411AFAF1}.Release-Windows|Any CPU.ActiveCfg = Release|Any CPU
		{C1F54CDC-AD1D-45BB-8F7D-F49E411AFAF1}.Release-Windows|Any CPU.Build.0 = Release|Any CPU
		{ADA8AB8B-2066-4193-B8F7-985669B23E00}.Debug|Any CPU.ActiveCfg = Debug|Any CPU
		{ADA8AB8B-2066-4193-B8F7-985669B23E00}.Debug|Any CPU.Build.0 = Debug|Any CPU
		{ADA8AB8B-2066-4193-B8F7-985669B23E00}.Debug-Windows|Any CPU.ActiveCfg = Debug|Any CPU
		{ADA8AB8B-2066-4193-B8F7-985669B23E00}.Debug-Windows|Any CPU.Build.0 = Debug|Any CPU
		{ADA8AB8B-2066-4193-B8F7-985669B23E00}.Release|Any CPU.ActiveCfg = Release|Any CPU
		{ADA8AB8B-2066-4193-B8F7-985669B23E00}.Release|Any CPU.Build.0 = Release|Any CPU
		{ADA8AB8B-2066-4193-B8F7-985669B23E00}.Release-Windows|Any CPU.ActiveCfg = Release|Any CPU
		{ADA8AB8B-2066-4193-B8F7-985669B23E00}.Release-Windows|Any CPU.Build.0 = Release|Any CPU
		{BF414C86-DB3B-4022-9B29-DCE8AA954C12}.Debug|Any CPU.ActiveCfg = Debug|Any CPU
		{BF414C86-DB3B-4022-9B29-DCE8AA954C12}.Debug|Any CPU.Build.0 = Debug|Any CPU
		{BF414C86-DB3B-4022-9B29-DCE8AA954C12}.Debug-Windows|Any CPU.ActiveCfg = Debug|Any CPU
		{BF414C86-DB3B-4022-9B29-DCE8AA954C12}.Debug-Windows|Any CPU.Build.0 = Debug|Any CPU
		{BF414C86-DB3B-4022-9B29-DCE8AA954C12}.Release|Any CPU.ActiveCfg = Release|Any CPU
		{BF414C86-DB3B-4022-9B29-DCE8AA954C12}.Release|Any CPU.Build.0 = Release|Any CPU
		{BF414C86-DB3B-4022-9B29-DCE8AA954C12}.Release-Windows|Any CPU.ActiveCfg = Release|Any CPU
		{BF414C86-DB3B-4022-9B29-DCE8AA954C12}.Release-Windows|Any CPU.Build.0 = Release|Any CPU
		{67AA3C00-E2C5-4D13-BA5E-72EB0E5B8DAA}.Debug|Any CPU.ActiveCfg = Debug|Any CPU
		{67AA3C00-E2C5-4D13-BA5E-72EB0E5B8DAA}.Debug|Any CPU.Build.0 = Debug|Any CPU
		{67AA3C00-E2C5-4D13-BA5E-72EB0E5B8DAA}.Debug-Windows|Any CPU.ActiveCfg = Debug|Any CPU
		{67AA3C00-E2C5-4D13-BA5E-72EB0E5B8DAA}.Debug-Windows|Any CPU.Build.0 = Debug|Any CPU
		{67AA3C00-E2C5-4D13-BA5E-72EB0E5B8DAA}.Release|Any CPU.ActiveCfg = Release|Any CPU
		{67AA3C00-E2C5-4D13-BA5E-72EB0E5B8DAA}.Release|Any CPU.Build.0 = Release|Any CPU
		{67AA3C00-E2C5-4D13-BA5E-72EB0E5B8DAA}.Release-Windows|Any CPU.ActiveCfg = Release|Any CPU
		{67AA3C00-E2C5-4D13-BA5E-72EB0E5B8DAA}.Release-Windows|Any CPU.Build.0 = Release|Any CPU
		{7BCEBDC1-D57F-4717-9B15-4FACD5473489}.Debug|Any CPU.ActiveCfg = Debug|Any CPU
		{7BCEBDC1-D57F-4717-9B15-4FACD5473489}.Debug|Any CPU.Build.0 = Debug|Any CPU
		{7BCEBDC1-D57F-4717-9B15-4FACD5473489}.Debug-Windows|Any CPU.ActiveCfg = Debug|Any CPU
		{7BCEBDC1-D57F-4717-9B15-4FACD5473489}.Debug-Windows|Any CPU.Build.0 = Debug|Any CPU
		{7BCEBDC1-D57F-4717-9B15-4FACD5473489}.Release|Any CPU.ActiveCfg = Release|Any CPU
		{7BCEBDC1-D57F-4717-9B15-4FACD5473489}.Release|Any CPU.Build.0 = Release|Any CPU
		{7BCEBDC1-D57F-4717-9B15-4FACD5473489}.Release-Windows|Any CPU.ActiveCfg = Release|Any CPU
		{7BCEBDC1-D57F-4717-9B15-4FACD5473489}.Release-Windows|Any CPU.Build.0 = Release|Any CPU
		{053BD8B8-B5C1-4C45-81D4-C9BA8D5B3CE2}.Debug|Any CPU.ActiveCfg = Debug|Any CPU
		{053BD8B8-B5C1-4C45-81D4-C9BA8D5B3CE2}.Debug|Any CPU.Build.0 = Debug|Any CPU
		{053BD8B8-B5C1-4C45-81D4-C9BA8D5B3CE2}.Debug-Windows|Any CPU.ActiveCfg = Debug|Any CPU
		{053BD8B8-B5C1-4C45-81D4-C9BA8D5B3CE2}.Debug-Windows|Any CPU.Build.0 = Debug|Any CPU
		{053BD8B8-B5C1-4C45-81D4-C9BA8D5B3CE2}.Release|Any CPU.ActiveCfg = Release|Any CPU
		{053BD8B8-B5C1-4C45-81D4-C9BA8D5B3CE2}.Release|Any CPU.Build.0 = Release|Any CPU
		{053BD8B8-B5C1-4C45-81D4-C9BA8D5B3CE2}.Release-Windows|Any CPU.ActiveCfg = Release|Any CPU
		{053BD8B8-B5C1-4C45-81D4-C9BA8D5B3CE2}.Release-Windows|Any CPU.Build.0 = Release|Any CPU
		{EED5F0D3-6F00-4ED1-9108-5ADCB10A3734}.Debug|Any CPU.ActiveCfg = Debug|Any CPU
		{EED5F0D3-6F00-4ED1-9108-5ADCB10A3734}.Debug|Any CPU.Build.0 = Debug|Any CPU
		{EED5F0D3-6F00-4ED1-9108-5ADCB10A3734}.Debug-Windows|Any CPU.ActiveCfg = Debug|Any CPU
		{EED5F0D3-6F00-4ED1-9108-5ADCB10A3734}.Debug-Windows|Any CPU.Build.0 = Debug|Any CPU
		{EED5F0D3-6F00-4ED1-9108-5ADCB10A3734}.Release|Any CPU.ActiveCfg = Release|Any CPU
		{EED5F0D3-6F00-4ED1-9108-5ADCB10A3734}.Release|Any CPU.Build.0 = Release|Any CPU
		{EED5F0D3-6F00-4ED1-9108-5ADCB10A3734}.Release-Windows|Any CPU.ActiveCfg = Release|Any CPU
		{EED5F0D3-6F00-4ED1-9108-5ADCB10A3734}.Release-Windows|Any CPU.Build.0 = Release|Any CPU
		{C93F6192-0123-4121-AD92-374A71E4B0F3}.Debug|Any CPU.ActiveCfg = Debug|Any CPU
		{C93F6192-0123-4121-AD92-374A71E4B0F3}.Debug|Any CPU.Build.0 = Debug|Any CPU
		{C93F6192-0123-4121-AD92-374A71E4B0F3}.Debug-Windows|Any CPU.ActiveCfg = Debug|Any CPU
		{C93F6192-0123-4121-AD92-374A71E4B0F3}.Debug-Windows|Any CPU.Build.0 = Debug|Any CPU
		{C93F6192-0123-4121-AD92-374A71E4B0F3}.Release|Any CPU.ActiveCfg = Release|Any CPU
		{C93F6192-0123-4121-AD92-374A71E4B0F3}.Release|Any CPU.Build.0 = Release|Any CPU
		{C93F6192-0123-4121-AD92-374A71E4B0F3}.Release-Windows|Any CPU.ActiveCfg = Release|Any CPU
		{C93F6192-0123-4121-AD92-374A71E4B0F3}.Release-Windows|Any CPU.Build.0 = Release|Any CPU
		{A4184239-F13F-4A09-B2D3-0B9532609248}.Debug|Any CPU.ActiveCfg = Debug|Any CPU
		{A4184239-F13F-4A09-B2D3-0B9532609248}.Debug|Any CPU.Build.0 = Debug|Any CPU
		{A4184239-F13F-4A09-B2D3-0B9532609248}.Debug-Windows|Any CPU.ActiveCfg = Debug|Any CPU
		{A4184239-F13F-4A09-B2D3-0B9532609248}.Debug-Windows|Any CPU.Build.0 = Debug|Any CPU
		{A4184239-F13F-4A09-B2D3-0B9532609248}.Release|Any CPU.ActiveCfg = Release|Any CPU
		{A4184239-F13F-4A09-B2D3-0B9532609248}.Release|Any CPU.Build.0 = Release|Any CPU
		{A4184239-F13F-4A09-B2D3-0B9532609248}.Release-Windows|Any CPU.ActiveCfg = Release|Any CPU
		{A4184239-F13F-4A09-B2D3-0B9532609248}.Release-Windows|Any CPU.Build.0 = Release|Any CPU
		{D9B2EF5D-0515-460F-948A-2BB70C8DCF62}.Debug|Any CPU.ActiveCfg = Debug|Any CPU
		{D9B2EF5D-0515-460F-948A-2BB70C8DCF62}.Debug|Any CPU.Build.0 = Debug|Any CPU
		{D9B2EF5D-0515-460F-948A-2BB70C8DCF62}.Debug-Windows|Any CPU.ActiveCfg = Debug|Any CPU
		{D9B2EF5D-0515-460F-948A-2BB70C8DCF62}.Debug-Windows|Any CPU.Build.0 = Debug|Any CPU
		{D9B2EF5D-0515-460F-948A-2BB70C8DCF62}.Release|Any CPU.ActiveCfg = Release|Any CPU
		{D9B2EF5D-0515-460F-948A-2BB70C8DCF62}.Release|Any CPU.Build.0 = Release|Any CPU
		{D9B2EF5D-0515-460F-948A-2BB70C8DCF62}.Release-Windows|Any CPU.ActiveCfg = Release|Any CPU
		{D9B2EF5D-0515-460F-948A-2BB70C8DCF62}.Release-Windows|Any CPU.Build.0 = Release|Any CPU
		{0F639EB4-FB64-4909-8A10-FB93E7BE3AFB}.Debug|Any CPU.ActiveCfg = Debug|Any CPU
		{0F639EB4-FB64-4909-8A10-FB93E7BE3AFB}.Debug|Any CPU.Build.0 = Debug|Any CPU
		{0F639EB4-FB64-4909-8A10-FB93E7BE3AFB}.Debug-Windows|Any CPU.ActiveCfg = Debug|Any CPU
		{0F639EB4-FB64-4909-8A10-FB93E7BE3AFB}.Debug-Windows|Any CPU.Build.0 = Debug|Any CPU
		{0F639EB4-FB64-4909-8A10-FB93E7BE3AFB}.Release|Any CPU.ActiveCfg = Release|Any CPU
		{0F639EB4-FB64-4909-8A10-FB93E7BE3AFB}.Release|Any CPU.Build.0 = Release|Any CPU
		{0F639EB4-FB64-4909-8A10-FB93E7BE3AFB}.Release-Windows|Any CPU.ActiveCfg = Release|Any CPU
		{0F639EB4-FB64-4909-8A10-FB93E7BE3AFB}.Release-Windows|Any CPU.Build.0 = Release|Any CPU
		{2F77CA1D-E6F0-4DEA-96BB-8A039F4D0FF8}.Debug|Any CPU.ActiveCfg = Debug|Any CPU
		{2F77CA1D-E6F0-4DEA-96BB-8A039F4D0FF8}.Debug|Any CPU.Build.0 = Debug|Any CPU
		{2F77CA1D-E6F0-4DEA-96BB-8A039F4D0FF8}.Debug-Windows|Any CPU.ActiveCfg = Debug|Any CPU
		{2F77CA1D-E6F0-4DEA-96BB-8A039F4D0FF8}.Debug-Windows|Any CPU.Build.0 = Debug|Any CPU
		{2F77CA1D-E6F0-4DEA-96BB-8A039F4D0FF8}.Release|Any CPU.ActiveCfg = Release|Any CPU
		{2F77CA1D-E6F0-4DEA-96BB-8A039F4D0FF8}.Release|Any CPU.Build.0 = Release|Any CPU
		{2F77CA1D-E6F0-4DEA-96BB-8A039F4D0FF8}.Release-Windows|Any CPU.ActiveCfg = Release|Any CPU
		{2F77CA1D-E6F0-4DEA-96BB-8A039F4D0FF8}.Release-Windows|Any CPU.Build.0 = Release|Any CPU
		{62C4DC83-3B07-45D7-856E-224FFB368E5F}.Debug|Any CPU.ActiveCfg = Debug|Any CPU
		{62C4DC83-3B07-45D7-856E-224FFB368E5F}.Debug|Any CPU.Build.0 = Debug|Any CPU
		{62C4DC83-3B07-45D7-856E-224FFB368E5F}.Debug-Windows|Any CPU.ActiveCfg = Debug|Any CPU
		{62C4DC83-3B07-45D7-856E-224FFB368E5F}.Debug-Windows|Any CPU.Build.0 = Debug|Any CPU
		{62C4DC83-3B07-45D7-856E-224FFB368E5F}.Release|Any CPU.ActiveCfg = Release|Any CPU
		{62C4DC83-3B07-45D7-856E-224FFB368E5F}.Release|Any CPU.Build.0 = Release|Any CPU
		{62C4DC83-3B07-45D7-856E-224FFB368E5F}.Release-Windows|Any CPU.ActiveCfg = Release|Any CPU
		{62C4DC83-3B07-45D7-856E-224FFB368E5F}.Release-Windows|Any CPU.Build.0 = Release|Any CPU
		{35F9B8A8-1974-4795-930B-5E4980EE85E5}.Debug|Any CPU.ActiveCfg = Debug|Any CPU
		{35F9B8A8-1974-4795-930B-5E4980EE85E5}.Debug|Any CPU.Build.0 = Debug|Any CPU
		{35F9B8A8-1974-4795-930B-5E4980EE85E5}.Debug-Windows|Any CPU.ActiveCfg = Debug|Any CPU
		{35F9B8A8-1974-4795-930B-5E4980EE85E5}.Debug-Windows|Any CPU.Build.0 = Debug|Any CPU
		{35F9B8A8-1974-4795-930B-5E4980EE85E5}.Release|Any CPU.ActiveCfg = Release|Any CPU
		{35F9B8A8-1974-4795-930B-5E4980EE85E5}.Release|Any CPU.Build.0 = Release|Any CPU
		{35F9B8A8-1974-4795-930B-5E4980EE85E5}.Release-Windows|Any CPU.ActiveCfg = Release|Any CPU
		{35F9B8A8-1974-4795-930B-5E4980EE85E5}.Release-Windows|Any CPU.Build.0 = Release|Any CPU
		{71698D71-4C6F-40D5-8BDE-2587514CA21C}.Debug|Any CPU.ActiveCfg = Debug|Any CPU
		{71698D71-4C6F-40D5-8BDE-2587514CA21C}.Debug|Any CPU.Build.0 = Debug|Any CPU
		{71698D71-4C6F-40D5-8BDE-2587514CA21C}.Debug-Windows|Any CPU.ActiveCfg = Debug|Any CPU
		{71698D71-4C6F-40D5-8BDE-2587514CA21C}.Debug-Windows|Any CPU.Build.0 = Debug|Any CPU
		{71698D71-4C6F-40D5-8BDE-2587514CA21C}.Release|Any CPU.ActiveCfg = Release|Any CPU
		{71698D71-4C6F-40D5-8BDE-2587514CA21C}.Release|Any CPU.Build.0 = Release|Any CPU
		{71698D71-4C6F-40D5-8BDE-2587514CA21C}.Release-Windows|Any CPU.ActiveCfg = Release|Any CPU
		{71698D71-4C6F-40D5-8BDE-2587514CA21C}.Release-Windows|Any CPU.Build.0 = Release|Any CPU
		{0B8ABFDB-F9CF-4EC6-988E-9C32D9E01C26}.Debug|Any CPU.ActiveCfg = Debug|Any CPU
		{0B8ABFDB-F9CF-4EC6-988E-9C32D9E01C26}.Debug|Any CPU.Build.0 = Debug|Any CPU
		{0B8ABFDB-F9CF-4EC6-988E-9C32D9E01C26}.Debug-Windows|Any CPU.ActiveCfg = Debug|Any CPU
		{0B8ABFDB-F9CF-4EC6-988E-9C32D9E01C26}.Debug-Windows|Any CPU.Build.0 = Debug|Any CPU
		{0B8ABFDB-F9CF-4EC6-988E-9C32D9E01C26}.Release|Any CPU.ActiveCfg = Release|Any CPU
		{0B8ABFDB-F9CF-4EC6-988E-9C32D9E01C26}.Release|Any CPU.Build.0 = Release|Any CPU
		{0B8ABFDB-F9CF-4EC6-988E-9C32D9E01C26}.Release-Windows|Any CPU.ActiveCfg = Release|Any CPU
		{0B8ABFDB-F9CF-4EC6-988E-9C32D9E01C26}.Release-Windows|Any CPU.Build.0 = Release|Any CPU
		{1B7920E6-5262-4054-B72D-3A8DBBA057D2}.Debug|Any CPU.ActiveCfg = Debug|Any CPU
		{1B7920E6-5262-4054-B72D-3A8DBBA057D2}.Debug|Any CPU.Build.0 = Debug|Any CPU
		{1B7920E6-5262-4054-B72D-3A8DBBA057D2}.Debug-Windows|Any CPU.ActiveCfg = Debug|Any CPU
		{1B7920E6-5262-4054-B72D-3A8DBBA057D2}.Debug-Windows|Any CPU.Build.0 = Debug|Any CPU
		{1B7920E6-5262-4054-B72D-3A8DBBA057D2}.Release|Any CPU.ActiveCfg = Release|Any CPU
		{1B7920E6-5262-4054-B72D-3A8DBBA057D2}.Release|Any CPU.Build.0 = Release|Any CPU
		{1B7920E6-5262-4054-B72D-3A8DBBA057D2}.Release-Windows|Any CPU.ActiveCfg = Release|Any CPU
		{1B7920E6-5262-4054-B72D-3A8DBBA057D2}.Release-Windows|Any CPU.Build.0 = Release|Any CPU
		{8FC920C6-E895-4A17-AB2F-452FAAA36CC8}.Debug|Any CPU.ActiveCfg = Debug|Any CPU
		{8FC920C6-E895-4A17-AB2F-452FAAA36CC8}.Debug|Any CPU.Build.0 = Debug|Any CPU
		{8FC920C6-E895-4A17-AB2F-452FAAA36CC8}.Debug-Windows|Any CPU.ActiveCfg = Debug|Any CPU
		{8FC920C6-E895-4A17-AB2F-452FAAA36CC8}.Debug-Windows|Any CPU.Build.0 = Debug|Any CPU
		{8FC920C6-E895-4A17-AB2F-452FAAA36CC8}.Release|Any CPU.ActiveCfg = Release|Any CPU
		{8FC920C6-E895-4A17-AB2F-452FAAA36CC8}.Release|Any CPU.Build.0 = Release|Any CPU
		{8FC920C6-E895-4A17-AB2F-452FAAA36CC8}.Release-Windows|Any CPU.ActiveCfg = Release|Any CPU
		{8FC920C6-E895-4A17-AB2F-452FAAA36CC8}.Release-Windows|Any CPU.Build.0 = Release|Any CPU
		{B609DB2C-5C1F-46D1-A0FA-A0FF9216899A}.Debug|Any CPU.ActiveCfg = Debug|Any CPU
		{B609DB2C-5C1F-46D1-A0FA-A0FF9216899A}.Debug|Any CPU.Build.0 = Debug|Any CPU
		{B609DB2C-5C1F-46D1-A0FA-A0FF9216899A}.Debug-Windows|Any CPU.ActiveCfg = Debug|Any CPU
		{B609DB2C-5C1F-46D1-A0FA-A0FF9216899A}.Debug-Windows|Any CPU.Build.0 = Debug|Any CPU
		{B609DB2C-5C1F-46D1-A0FA-A0FF9216899A}.Release|Any CPU.ActiveCfg = Release|Any CPU
		{B609DB2C-5C1F-46D1-A0FA-A0FF9216899A}.Release|Any CPU.Build.0 = Release|Any CPU
		{B609DB2C-5C1F-46D1-A0FA-A0FF9216899A}.Release-Windows|Any CPU.ActiveCfg = Release|Any CPU
		{B609DB2C-5C1F-46D1-A0FA-A0FF9216899A}.Release-Windows|Any CPU.Build.0 = Release|Any CPU
		{3F4A0DD8-4D47-4B9C-939A-3146E68C84F7}.Debug|Any CPU.ActiveCfg = Debug|Any CPU
		{3F4A0DD8-4D47-4B9C-939A-3146E68C84F7}.Debug|Any CPU.Build.0 = Debug|Any CPU
		{3F4A0DD8-4D47-4B9C-939A-3146E68C84F7}.Debug-Windows|Any CPU.ActiveCfg = Debug|Any CPU
		{3F4A0DD8-4D47-4B9C-939A-3146E68C84F7}.Debug-Windows|Any CPU.Build.0 = Debug|Any CPU
		{3F4A0DD8-4D47-4B9C-939A-3146E68C84F7}.Release|Any CPU.ActiveCfg = Release|Any CPU
		{3F4A0DD8-4D47-4B9C-939A-3146E68C84F7}.Release|Any CPU.Build.0 = Release|Any CPU
		{3F4A0DD8-4D47-4B9C-939A-3146E68C84F7}.Release-Windows|Any CPU.ActiveCfg = Release|Any CPU
		{3F4A0DD8-4D47-4B9C-939A-3146E68C84F7}.Release-Windows|Any CPU.Build.0 = Release|Any CPU
		{D790A4BB-D8AC-4AAE-B3FE-0CF432CA8031}.Debug|Any CPU.ActiveCfg = Debug|Any CPU
		{D790A4BB-D8AC-4AAE-B3FE-0CF432CA8031}.Debug|Any CPU.Build.0 = Debug|Any CPU
		{D790A4BB-D8AC-4AAE-B3FE-0CF432CA8031}.Debug-Windows|Any CPU.ActiveCfg = Debug|Any CPU
		{D790A4BB-D8AC-4AAE-B3FE-0CF432CA8031}.Debug-Windows|Any CPU.Build.0 = Debug|Any CPU
		{D790A4BB-D8AC-4AAE-B3FE-0CF432CA8031}.Release|Any CPU.ActiveCfg = Release|Any CPU
		{D790A4BB-D8AC-4AAE-B3FE-0CF432CA8031}.Release|Any CPU.Build.0 = Release|Any CPU
		{D790A4BB-D8AC-4AAE-B3FE-0CF432CA8031}.Release-Windows|Any CPU.ActiveCfg = Release|Any CPU
		{D790A4BB-D8AC-4AAE-B3FE-0CF432CA8031}.Release-Windows|Any CPU.Build.0 = Release|Any CPU
		{C113E0AE-5564-4389-BA39-183A8D574210}.Debug|Any CPU.ActiveCfg = Debug|Any CPU
		{C113E0AE-5564-4389-BA39-183A8D574210}.Debug|Any CPU.Build.0 = Debug|Any CPU
		{C113E0AE-5564-4389-BA39-183A8D574210}.Debug-Windows|Any CPU.ActiveCfg = Debug|Any CPU
		{C113E0AE-5564-4389-BA39-183A8D574210}.Debug-Windows|Any CPU.Build.0 = Debug|Any CPU
		{C113E0AE-5564-4389-BA39-183A8D574210}.Release|Any CPU.ActiveCfg = Release|Any CPU
		{C113E0AE-5564-4389-BA39-183A8D574210}.Release|Any CPU.Build.0 = Release|Any CPU
		{C113E0AE-5564-4389-BA39-183A8D574210}.Release-Windows|Any CPU.ActiveCfg = Release|Any CPU
		{C113E0AE-5564-4389-BA39-183A8D574210}.Release-Windows|Any CPU.Build.0 = Release|Any CPU
		{060F070A-BBFA-490E-BE89-3844C857B771}.Debug|Any CPU.ActiveCfg = Debug|Any CPU
		{060F070A-BBFA-490E-BE89-3844C857B771}.Debug|Any CPU.Build.0 = Debug|Any CPU
		{060F070A-BBFA-490E-BE89-3844C857B771}.Debug-Windows|Any CPU.ActiveCfg = Debug|Any CPU
		{060F070A-BBFA-490E-BE89-3844C857B771}.Debug-Windows|Any CPU.Build.0 = Debug|Any CPU
		{060F070A-BBFA-490E-BE89-3844C857B771}.Release|Any CPU.ActiveCfg = Release|Any CPU
		{060F070A-BBFA-490E-BE89-3844C857B771}.Release|Any CPU.Build.0 = Release|Any CPU
		{060F070A-BBFA-490E-BE89-3844C857B771}.Release-Windows|Any CPU.ActiveCfg = Release|Any CPU
		{060F070A-BBFA-490E-BE89-3844C857B771}.Release-Windows|Any CPU.Build.0 = Release|Any CPU
		{E4E13301-9193-4106-B0E3-41276B478E7C}.Debug|Any CPU.ActiveCfg = Debug|Any CPU
		{E4E13301-9193-4106-B0E3-41276B478E7C}.Debug|Any CPU.Build.0 = Debug|Any CPU
		{E4E13301-9193-4106-B0E3-41276B478E7C}.Debug-Windows|Any CPU.ActiveCfg = Debug|Any CPU
		{E4E13301-9193-4106-B0E3-41276B478E7C}.Debug-Windows|Any CPU.Build.0 = Debug|Any CPU
		{E4E13301-9193-4106-B0E3-41276B478E7C}.Release|Any CPU.ActiveCfg = Release|Any CPU
		{E4E13301-9193-4106-B0E3-41276B478E7C}.Release|Any CPU.Build.0 = Release|Any CPU
		{E4E13301-9193-4106-B0E3-41276B478E7C}.Release-Windows|Any CPU.ActiveCfg = Release|Any CPU
		{E4E13301-9193-4106-B0E3-41276B478E7C}.Release-Windows|Any CPU.Build.0 = Release|Any CPU
		{76391566-9F22-4994-8B0F-02EFC0E9E228}.Debug|Any CPU.ActiveCfg = Debug|Any CPU
		{76391566-9F22-4994-8B0F-02EFC0E9E228}.Debug|Any CPU.Build.0 = Debug|Any CPU
		{76391566-9F22-4994-8B0F-02EFC0E9E228}.Debug-Windows|Any CPU.ActiveCfg = Debug|Any CPU
		{76391566-9F22-4994-8B0F-02EFC0E9E228}.Debug-Windows|Any CPU.Build.0 = Debug|Any CPU
		{76391566-9F22-4994-8B0F-02EFC0E9E228}.Release|Any CPU.ActiveCfg = Release|Any CPU
		{76391566-9F22-4994-8B0F-02EFC0E9E228}.Release|Any CPU.Build.0 = Release|Any CPU
		{76391566-9F22-4994-8B0F-02EFC0E9E228}.Release-Windows|Any CPU.ActiveCfg = Release|Any CPU
		{76391566-9F22-4994-8B0F-02EFC0E9E228}.Release-Windows|Any CPU.Build.0 = Release|Any CPU
		{1BC05915-044E-4776-8956-B44BBEFF2F84}.Debug|Any CPU.ActiveCfg = Debug|Any CPU
		{1BC05915-044E-4776-8956-B44BBEFF2F84}.Debug|Any CPU.Build.0 = Debug|Any CPU
		{1BC05915-044E-4776-8956-B44BBEFF2F84}.Debug-Windows|Any CPU.ActiveCfg = Debug|Any CPU
		{1BC05915-044E-4776-8956-B44BBEFF2F84}.Debug-Windows|Any CPU.Build.0 = Debug|Any CPU
		{1BC05915-044E-4776-8956-B44BBEFF2F84}.Release|Any CPU.ActiveCfg = Release|Any CPU
		{1BC05915-044E-4776-8956-B44BBEFF2F84}.Release|Any CPU.Build.0 = Release|Any CPU
		{1BC05915-044E-4776-8956-B44BBEFF2F84}.Release-Windows|Any CPU.ActiveCfg = Release|Any CPU
		{1BC05915-044E-4776-8956-B44BBEFF2F84}.Release-Windows|Any CPU.Build.0 = Release|Any CPU
		{AE3FC7F6-B212-4438-B1D7-C121BB4C15ED}.Debug|Any CPU.ActiveCfg = Debug|Any CPU
		{AE3FC7F6-B212-4438-B1D7-C121BB4C15ED}.Debug|Any CPU.Build.0 = Debug|Any CPU
		{AE3FC7F6-B212-4438-B1D7-C121BB4C15ED}.Debug-Windows|Any CPU.ActiveCfg = Debug|Any CPU
		{AE3FC7F6-B212-4438-B1D7-C121BB4C15ED}.Debug-Windows|Any CPU.Build.0 = Debug|Any CPU
		{AE3FC7F6-B212-4438-B1D7-C121BB4C15ED}.Release|Any CPU.ActiveCfg = Release|Any CPU
		{AE3FC7F6-B212-4438-B1D7-C121BB4C15ED}.Release|Any CPU.Build.0 = Release|Any CPU
		{AE3FC7F6-B212-4438-B1D7-C121BB4C15ED}.Release-Windows|Any CPU.ActiveCfg = Release|Any CPU
		{AE3FC7F6-B212-4438-B1D7-C121BB4C15ED}.Release-Windows|Any CPU.Build.0 = Release|Any CPU
		{8DC1257B-7650-40EB-97A2-C1CBA306DA6A}.Debug|Any CPU.ActiveCfg = Debug|Any CPU
		{8DC1257B-7650-40EB-97A2-C1CBA306DA6A}.Debug|Any CPU.Build.0 = Debug|Any CPU
		{8DC1257B-7650-40EB-97A2-C1CBA306DA6A}.Debug-Windows|Any CPU.ActiveCfg = Debug|Any CPU
		{8DC1257B-7650-40EB-97A2-C1CBA306DA6A}.Debug-Windows|Any CPU.Build.0 = Debug|Any CPU
		{8DC1257B-7650-40EB-97A2-C1CBA306DA6A}.Release|Any CPU.ActiveCfg = Release|Any CPU
		{8DC1257B-7650-40EB-97A2-C1CBA306DA6A}.Release|Any CPU.Build.0 = Release|Any CPU
		{8DC1257B-7650-40EB-97A2-C1CBA306DA6A}.Release-Windows|Any CPU.ActiveCfg = Release|Any CPU
		{8DC1257B-7650-40EB-97A2-C1CBA306DA6A}.Release-Windows|Any CPU.Build.0 = Release|Any CPU
		{D5E70443-4BA2-42ED-992A-010268440B08}.Debug|Any CPU.ActiveCfg = Debug|Any CPU
		{D5E70443-4BA2-42ED-992A-010268440B08}.Debug|Any CPU.Build.0 = Debug|Any CPU
		{D5E70443-4BA2-42ED-992A-010268440B08}.Debug-Windows|Any CPU.ActiveCfg = Debug|Any CPU
		{D5E70443-4BA2-42ED-992A-010268440B08}.Debug-Windows|Any CPU.Build.0 = Debug|Any CPU
		{D5E70443-4BA2-42ED-992A-010268440B08}.Release|Any CPU.ActiveCfg = Release|Any CPU
		{D5E70443-4BA2-42ED-992A-010268440B08}.Release|Any CPU.Build.0 = Release|Any CPU
		{D5E70443-4BA2-42ED-992A-010268440B08}.Release-Windows|Any CPU.ActiveCfg = Release|Any CPU
		{D5E70443-4BA2-42ED-992A-010268440B08}.Release-Windows|Any CPU.Build.0 = Release|Any CPU
		{84E3B6A2-42D9-498A-9CD2-1C5F5BE0D526}.Debug|Any CPU.ActiveCfg = Debug|Any CPU
		{84E3B6A2-42D9-498A-9CD2-1C5F5BE0D526}.Debug|Any CPU.Build.0 = Debug|Any CPU
		{84E3B6A2-42D9-498A-9CD2-1C5F5BE0D526}.Debug-Windows|Any CPU.ActiveCfg = Debug|Any CPU
		{84E3B6A2-42D9-498A-9CD2-1C5F5BE0D526}.Debug-Windows|Any CPU.Build.0 = Debug|Any CPU
		{84E3B6A2-42D9-498A-9CD2-1C5F5BE0D526}.Release|Any CPU.ActiveCfg = Release|Any CPU
		{84E3B6A2-42D9-498A-9CD2-1C5F5BE0D526}.Release|Any CPU.Build.0 = Release|Any CPU
		{84E3B6A2-42D9-498A-9CD2-1C5F5BE0D526}.Release-Windows|Any CPU.ActiveCfg = Release|Any CPU
		{84E3B6A2-42D9-498A-9CD2-1C5F5BE0D526}.Release-Windows|Any CPU.Build.0 = Release|Any CPU
		{52CDBBA9-E5AF-433C-80F0-5EF3C8B14946}.Debug|Any CPU.ActiveCfg = Debug|Any CPU
		{52CDBBA9-E5AF-433C-80F0-5EF3C8B14946}.Debug|Any CPU.Build.0 = Debug|Any CPU
		{52CDBBA9-E5AF-433C-80F0-5EF3C8B14946}.Debug-Windows|Any CPU.ActiveCfg = Debug|Any CPU
		{52CDBBA9-E5AF-433C-80F0-5EF3C8B14946}.Debug-Windows|Any CPU.Build.0 = Debug|Any CPU
		{52CDBBA9-E5AF-433C-80F0-5EF3C8B14946}.Release|Any CPU.ActiveCfg = Release|Any CPU
		{52CDBBA9-E5AF-433C-80F0-5EF3C8B14946}.Release|Any CPU.Build.0 = Release|Any CPU
		{52CDBBA9-E5AF-433C-80F0-5EF3C8B14946}.Release-Windows|Any CPU.ActiveCfg = Release|Any CPU
		{52CDBBA9-E5AF-433C-80F0-5EF3C8B14946}.Release-Windows|Any CPU.Build.0 = Release|Any CPU
		{F59673EA-2D0D-441A-BB85-CD343DE6BE45}.Debug|Any CPU.ActiveCfg = Debug|Any CPU
		{F59673EA-2D0D-441A-BB85-CD343DE6BE45}.Debug|Any CPU.Build.0 = Debug|Any CPU
		{F59673EA-2D0D-441A-BB85-CD343DE6BE45}.Debug-Windows|Any CPU.ActiveCfg = Debug|Any CPU
		{F59673EA-2D0D-441A-BB85-CD343DE6BE45}.Debug-Windows|Any CPU.Build.0 = Debug|Any CPU
		{F59673EA-2D0D-441A-BB85-CD343DE6BE45}.Release|Any CPU.ActiveCfg = Release|Any CPU
		{F59673EA-2D0D-441A-BB85-CD343DE6BE45}.Release|Any CPU.Build.0 = Release|Any CPU
		{F59673EA-2D0D-441A-BB85-CD343DE6BE45}.Release-Windows|Any CPU.ActiveCfg = Release|Any CPU
		{F59673EA-2D0D-441A-BB85-CD343DE6BE45}.Release-Windows|Any CPU.Build.0 = Release|Any CPU
		{72EE26E2-E8BE-4169-82AD-93E021539C34}.Debug|Any CPU.ActiveCfg = Debug|Any CPU
		{72EE26E2-E8BE-4169-82AD-93E021539C34}.Debug|Any CPU.Build.0 = Debug|Any CPU
		{72EE26E2-E8BE-4169-82AD-93E021539C34}.Debug-Windows|Any CPU.ActiveCfg = Debug|Any CPU
		{72EE26E2-E8BE-4169-82AD-93E021539C34}.Debug-Windows|Any CPU.Build.0 = Debug|Any CPU
		{72EE26E2-E8BE-4169-82AD-93E021539C34}.Release|Any CPU.ActiveCfg = Release|Any CPU
		{72EE26E2-E8BE-4169-82AD-93E021539C34}.Release|Any CPU.Build.0 = Release|Any CPU
		{72EE26E2-E8BE-4169-82AD-93E021539C34}.Release-Windows|Any CPU.ActiveCfg = Release|Any CPU
		{72EE26E2-E8BE-4169-82AD-93E021539C34}.Release-Windows|Any CPU.Build.0 = Release|Any CPU
		{2454BBCD-77BC-4E3D-B5A6-3562BED898D6}.Debug|Any CPU.ActiveCfg = Debug|Any CPU
		{2454BBCD-77BC-4E3D-B5A6-3562BED898D6}.Debug|Any CPU.Build.0 = Debug|Any CPU
		{2454BBCD-77BC-4E3D-B5A6-3562BED898D6}.Debug-Windows|Any CPU.ActiveCfg = Debug|Any CPU
		{2454BBCD-77BC-4E3D-B5A6-3562BED898D6}.Debug-Windows|Any CPU.Build.0 = Debug|Any CPU
		{2454BBCD-77BC-4E3D-B5A6-3562BED898D6}.Release|Any CPU.ActiveCfg = Release|Any CPU
		{2454BBCD-77BC-4E3D-B5A6-3562BED898D6}.Release|Any CPU.Build.0 = Release|Any CPU
		{2454BBCD-77BC-4E3D-B5A6-3562BED898D6}.Release-Windows|Any CPU.ActiveCfg = Release|Any CPU
		{2454BBCD-77BC-4E3D-B5A6-3562BED898D6}.Release-Windows|Any CPU.Build.0 = Release|Any CPU
		{685271A8-6C69-46E4-9B11-89AF9761CE0A}.Debug|Any CPU.ActiveCfg = Debug|Any CPU
		{685271A8-6C69-46E4-9B11-89AF9761CE0A}.Debug|Any CPU.Build.0 = Debug|Any CPU
		{685271A8-6C69-46E4-9B11-89AF9761CE0A}.Debug-Windows|Any CPU.ActiveCfg = Debug|Any CPU
		{685271A8-6C69-46E4-9B11-89AF9761CE0A}.Debug-Windows|Any CPU.Build.0 = Debug|Any CPU
		{685271A8-6C69-46E4-9B11-89AF9761CE0A}.Release|Any CPU.ActiveCfg = Release|Any CPU
		{685271A8-6C69-46E4-9B11-89AF9761CE0A}.Release|Any CPU.Build.0 = Release|Any CPU
		{685271A8-6C69-46E4-9B11-89AF9761CE0A}.Release-Windows|Any CPU.ActiveCfg = Release|Any CPU
		{685271A8-6C69-46E4-9B11-89AF9761CE0A}.Release-Windows|Any CPU.Build.0 = Release|Any CPU
		{474C57B1-C9FC-4B71-A92B-B25BA27FAFA7}.Debug|Any CPU.ActiveCfg = Debug|Any CPU
		{474C57B1-C9FC-4B71-A92B-B25BA27FAFA7}.Debug|Any CPU.Build.0 = Debug|Any CPU
		{474C57B1-C9FC-4B71-A92B-B25BA27FAFA7}.Debug-Windows|Any CPU.ActiveCfg = Debug|Any CPU
		{474C57B1-C9FC-4B71-A92B-B25BA27FAFA7}.Debug-Windows|Any CPU.Build.0 = Debug|Any CPU
		{474C57B1-C9FC-4B71-A92B-B25BA27FAFA7}.Release|Any CPU.ActiveCfg = Release|Any CPU
		{474C57B1-C9FC-4B71-A92B-B25BA27FAFA7}.Release|Any CPU.Build.0 = Release|Any CPU
		{474C57B1-C9FC-4B71-A92B-B25BA27FAFA7}.Release-Windows|Any CPU.ActiveCfg = Release|Any CPU
		{474C57B1-C9FC-4B71-A92B-B25BA27FAFA7}.Release-Windows|Any CPU.Build.0 = Release|Any CPU
		{E0223463-97C6-4108-B5A9-AFBA16B9D5CC}.Debug|Any CPU.ActiveCfg = Debug|Any CPU
		{E0223463-97C6-4108-B5A9-AFBA16B9D5CC}.Debug-Windows|Any CPU.ActiveCfg = Debug|Any CPU
		{E0223463-97C6-4108-B5A9-AFBA16B9D5CC}.Debug-Windows|Any CPU.Build.0 = Debug|Any CPU
		{E0223463-97C6-4108-B5A9-AFBA16B9D5CC}.Release|Any CPU.ActiveCfg = Release|Any CPU
		{E0223463-97C6-4108-B5A9-AFBA16B9D5CC}.Release-Windows|Any CPU.ActiveCfg = Release|Any CPU
		{E0223463-97C6-4108-B5A9-AFBA16B9D5CC}.Release-Windows|Any CPU.Build.0 = Release|Any CPU
		{EE76BD65-FB01-498F-B053-4E1B2693D85F}.Debug|Any CPU.ActiveCfg = Debug|Any CPU
		{EE76BD65-FB01-498F-B053-4E1B2693D85F}.Debug-Windows|Any CPU.ActiveCfg = Debug|Any CPU
		{EE76BD65-FB01-498F-B053-4E1B2693D85F}.Debug-Windows|Any CPU.Build.0 = Debug|Any CPU
		{EE76BD65-FB01-498F-B053-4E1B2693D85F}.Release|Any CPU.ActiveCfg = Release|Any CPU
		{EE76BD65-FB01-498F-B053-4E1B2693D85F}.Release-Windows|Any CPU.ActiveCfg = Release|Any CPU
		{EE76BD65-FB01-498F-B053-4E1B2693D85F}.Release-Windows|Any CPU.Build.0 = Release|Any CPU
		{873BCC1F-ED12-424E-93FA-D76F4BA022C2}.Debug|Any CPU.ActiveCfg = Debug|Any CPU
		{873BCC1F-ED12-424E-93FA-D76F4BA022C2}.Debug-Windows|Any CPU.ActiveCfg = Debug|Any CPU
		{873BCC1F-ED12-424E-93FA-D76F4BA022C2}.Debug-Windows|Any CPU.Build.0 = Debug|Any CPU
		{873BCC1F-ED12-424E-93FA-D76F4BA022C2}.Release|Any CPU.ActiveCfg = Release|Any CPU
		{873BCC1F-ED12-424E-93FA-D76F4BA022C2}.Release-Windows|Any CPU.ActiveCfg = Release|Any CPU
		{873BCC1F-ED12-424E-93FA-D76F4BA022C2}.Release-Windows|Any CPU.Build.0 = Release|Any CPU
		{2614D290-1345-4A41-BE90-F85F817CEADE}.Debug|Any CPU.ActiveCfg = Debug|Any CPU
		{2614D290-1345-4A41-BE90-F85F817CEADE}.Debug-Windows|Any CPU.ActiveCfg = Debug|Any CPU
		{2614D290-1345-4A41-BE90-F85F817CEADE}.Debug-Windows|Any CPU.Build.0 = Debug|Any CPU
		{2614D290-1345-4A41-BE90-F85F817CEADE}.Release|Any CPU.ActiveCfg = Release|Any CPU
		{2614D290-1345-4A41-BE90-F85F817CEADE}.Release-Windows|Any CPU.ActiveCfg = Release|Any CPU
		{2614D290-1345-4A41-BE90-F85F817CEADE}.Release-Windows|Any CPU.Build.0 = Release|Any CPU
		{EFAA1D3D-3102-4307-A5DD-EAB4DB9B0386}.Debug|Any CPU.ActiveCfg = Debug|Any CPU
		{EFAA1D3D-3102-4307-A5DD-EAB4DB9B0386}.Debug|Any CPU.Build.0 = Debug|Any CPU
		{EFAA1D3D-3102-4307-A5DD-EAB4DB9B0386}.Debug-Windows|Any CPU.ActiveCfg = Debug|Any CPU
		{EFAA1D3D-3102-4307-A5DD-EAB4DB9B0386}.Debug-Windows|Any CPU.Build.0 = Debug|Any CPU
		{EFAA1D3D-3102-4307-A5DD-EAB4DB9B0386}.Release|Any CPU.ActiveCfg = Release|Any CPU
		{EFAA1D3D-3102-4307-A5DD-EAB4DB9B0386}.Release|Any CPU.Build.0 = Release|Any CPU
		{EFAA1D3D-3102-4307-A5DD-EAB4DB9B0386}.Release-Windows|Any CPU.ActiveCfg = Release|Any CPU
		{EFAA1D3D-3102-4307-A5DD-EAB4DB9B0386}.Release-Windows|Any CPU.Build.0 = Release|Any CPU
		{4C82FD14-418F-43E4-AC59-3D926B55CEA3}.Debug|Any CPU.ActiveCfg = Debug|Any CPU
		{4C82FD14-418F-43E4-AC59-3D926B55CEA3}.Debug|Any CPU.Build.0 = Debug|Any CPU
		{4C82FD14-418F-43E4-AC59-3D926B55CEA3}.Debug-Windows|Any CPU.ActiveCfg = Debug|Any CPU
		{4C82FD14-418F-43E4-AC59-3D926B55CEA3}.Debug-Windows|Any CPU.Build.0 = Debug|Any CPU
		{4C82FD14-418F-43E4-AC59-3D926B55CEA3}.Release|Any CPU.ActiveCfg = Release|Any CPU
		{4C82FD14-418F-43E4-AC59-3D926B55CEA3}.Release|Any CPU.Build.0 = Release|Any CPU
		{4C82FD14-418F-43E4-AC59-3D926B55CEA3}.Release-Windows|Any CPU.ActiveCfg = Release|Any CPU
		{4C82FD14-418F-43E4-AC59-3D926B55CEA3}.Release-Windows|Any CPU.Build.0 = Release|Any CPU
		{D243AC2D-7823-4177-9D8A-23FDFDA274D2}.Debug|Any CPU.ActiveCfg = Debug|Any CPU
		{D243AC2D-7823-4177-9D8A-23FDFDA274D2}.Debug|Any CPU.Build.0 = Debug|Any CPU
		{D243AC2D-7823-4177-9D8A-23FDFDA274D2}.Debug-Windows|Any CPU.ActiveCfg = Debug|Any CPU
		{D243AC2D-7823-4177-9D8A-23FDFDA274D2}.Debug-Windows|Any CPU.Build.0 = Debug|Any CPU
		{D243AC2D-7823-4177-9D8A-23FDFDA274D2}.Release|Any CPU.ActiveCfg = Release|Any CPU
		{D243AC2D-7823-4177-9D8A-23FDFDA274D2}.Release|Any CPU.Build.0 = Release|Any CPU
		{D243AC2D-7823-4177-9D8A-23FDFDA274D2}.Release-Windows|Any CPU.ActiveCfg = Release|Any CPU
		{D243AC2D-7823-4177-9D8A-23FDFDA274D2}.Release-Windows|Any CPU.Build.0 = Release|Any CPU
		{24CCB459-B4F6-484F-8BA4-946A4AB816FA}.Debug|Any CPU.ActiveCfg = Debug|Any CPU
		{24CCB459-B4F6-484F-8BA4-946A4AB816FA}.Debug|Any CPU.Build.0 = Debug|Any CPU
		{24CCB459-B4F6-484F-8BA4-946A4AB816FA}.Debug-Windows|Any CPU.ActiveCfg = Debug|Any CPU
		{24CCB459-B4F6-484F-8BA4-946A4AB816FA}.Debug-Windows|Any CPU.Build.0 = Debug|Any CPU
		{24CCB459-B4F6-484F-8BA4-946A4AB816FA}.Release|Any CPU.ActiveCfg = Release|Any CPU
		{24CCB459-B4F6-484F-8BA4-946A4AB816FA}.Release|Any CPU.Build.0 = Release|Any CPU
		{24CCB459-B4F6-484F-8BA4-946A4AB816FA}.Release-Windows|Any CPU.ActiveCfg = Release|Any CPU
		{24CCB459-B4F6-484F-8BA4-946A4AB816FA}.Release-Windows|Any CPU.Build.0 = Release|Any CPU
		{D9242899-AB3F-46BB-BAB4-386CB8EC535C}.Debug|Any CPU.ActiveCfg = Debug|Any CPU
		{D9242899-AB3F-46BB-BAB4-386CB8EC535C}.Debug|Any CPU.Build.0 = Debug|Any CPU
		{D9242899-AB3F-46BB-BAB4-386CB8EC535C}.Debug-Windows|Any CPU.ActiveCfg = Debug|Any CPU
		{D9242899-AB3F-46BB-BAB4-386CB8EC535C}.Debug-Windows|Any CPU.Build.0 = Debug|Any CPU
		{D9242899-AB3F-46BB-BAB4-386CB8EC535C}.Release|Any CPU.ActiveCfg = Release|Any CPU
		{D9242899-AB3F-46BB-BAB4-386CB8EC535C}.Release|Any CPU.Build.0 = Release|Any CPU
		{D9242899-AB3F-46BB-BAB4-386CB8EC535C}.Release-Windows|Any CPU.ActiveCfg = Release|Any CPU
		{D9242899-AB3F-46BB-BAB4-386CB8EC535C}.Release-Windows|Any CPU.Build.0 = Release|Any CPU
		{99C466C3-1931-4C0E-AA0A-A8D9D140F56E}.Debug|Any CPU.ActiveCfg = Debug|Any CPU
		{99C466C3-1931-4C0E-AA0A-A8D9D140F56E}.Debug|Any CPU.Build.0 = Debug|Any CPU
		{99C466C3-1931-4C0E-AA0A-A8D9D140F56E}.Debug-Windows|Any CPU.ActiveCfg = Debug|Any CPU
		{99C466C3-1931-4C0E-AA0A-A8D9D140F56E}.Debug-Windows|Any CPU.Build.0 = Debug|Any CPU
		{99C466C3-1931-4C0E-AA0A-A8D9D140F56E}.Release|Any CPU.ActiveCfg = Release|Any CPU
		{99C466C3-1931-4C0E-AA0A-A8D9D140F56E}.Release|Any CPU.Build.0 = Release|Any CPU
		{99C466C3-1931-4C0E-AA0A-A8D9D140F56E}.Release-Windows|Any CPU.ActiveCfg = Release|Any CPU
		{99C466C3-1931-4C0E-AA0A-A8D9D140F56E}.Release-Windows|Any CPU.Build.0 = Release|Any CPU
		{2FBA2BB7-73C8-45CD-99B7-D65F817C9051}.Debug|Any CPU.ActiveCfg = Debug|Any CPU
		{2FBA2BB7-73C8-45CD-99B7-D65F817C9051}.Debug|Any CPU.Build.0 = Debug|Any CPU
		{2FBA2BB7-73C8-45CD-99B7-D65F817C9051}.Debug-Windows|Any CPU.ActiveCfg = Debug|Any CPU
		{2FBA2BB7-73C8-45CD-99B7-D65F817C9051}.Debug-Windows|Any CPU.Build.0 = Debug|Any CPU
		{2FBA2BB7-73C8-45CD-99B7-D65F817C9051}.Release|Any CPU.ActiveCfg = Release|Any CPU
		{2FBA2BB7-73C8-45CD-99B7-D65F817C9051}.Release|Any CPU.Build.0 = Release|Any CPU
		{2FBA2BB7-73C8-45CD-99B7-D65F817C9051}.Release-Windows|Any CPU.ActiveCfg = Release|Any CPU
		{2FBA2BB7-73C8-45CD-99B7-D65F817C9051}.Release-Windows|Any CPU.Build.0 = Release|Any CPU
		{A0080C33-4628-4259-84D6-2E6DEDBD26B7}.Debug|Any CPU.ActiveCfg = Debug|Any CPU
		{A0080C33-4628-4259-84D6-2E6DEDBD26B7}.Debug|Any CPU.Build.0 = Debug|Any CPU
		{A0080C33-4628-4259-84D6-2E6DEDBD26B7}.Debug-Windows|Any CPU.ActiveCfg = Debug|Any CPU
		{A0080C33-4628-4259-84D6-2E6DEDBD26B7}.Debug-Windows|Any CPU.Build.0 = Debug|Any CPU
		{A0080C33-4628-4259-84D6-2E6DEDBD26B7}.Release|Any CPU.ActiveCfg = Release|Any CPU
		{A0080C33-4628-4259-84D6-2E6DEDBD26B7}.Release|Any CPU.Build.0 = Release|Any CPU
		{A0080C33-4628-4259-84D6-2E6DEDBD26B7}.Release-Windows|Any CPU.ActiveCfg = Release|Any CPU
		{A0080C33-4628-4259-84D6-2E6DEDBD26B7}.Release-Windows|Any CPU.Build.0 = Release|Any CPU
		{C8F3C6E5-6A21-4F77-ADF7-30119D836A4D}.Debug|Any CPU.ActiveCfg = Debug|Any CPU
		{C8F3C6E5-6A21-4F77-ADF7-30119D836A4D}.Debug|Any CPU.Build.0 = Debug|Any CPU
		{C8F3C6E5-6A21-4F77-ADF7-30119D836A4D}.Debug-Windows|Any CPU.ActiveCfg = Debug|Any CPU
		{C8F3C6E5-6A21-4F77-ADF7-30119D836A4D}.Debug-Windows|Any CPU.Build.0 = Debug|Any CPU
		{C8F3C6E5-6A21-4F77-ADF7-30119D836A4D}.Release|Any CPU.ActiveCfg = Release|Any CPU
		{C8F3C6E5-6A21-4F77-ADF7-30119D836A4D}.Release|Any CPU.Build.0 = Release|Any CPU
		{C8F3C6E5-6A21-4F77-ADF7-30119D836A4D}.Release-Windows|Any CPU.ActiveCfg = Release|Any CPU
		{C8F3C6E5-6A21-4F77-ADF7-30119D836A4D}.Release-Windows|Any CPU.Build.0 = Release|Any CPU
		{E65DC262-CA77-41F6-8439-02C1917874DD}.Debug|Any CPU.ActiveCfg = Debug|Any CPU
		{E65DC262-CA77-41F6-8439-02C1917874DD}.Debug|Any CPU.Build.0 = Debug|Any CPU
		{E65DC262-CA77-41F6-8439-02C1917874DD}.Debug-Windows|Any CPU.ActiveCfg = Debug|Any CPU
		{E65DC262-CA77-41F6-8439-02C1917874DD}.Debug-Windows|Any CPU.Build.0 = Debug|Any CPU
		{E65DC262-CA77-41F6-8439-02C1917874DD}.Release|Any CPU.ActiveCfg = Release|Any CPU
		{E65DC262-CA77-41F6-8439-02C1917874DD}.Release|Any CPU.Build.0 = Release|Any CPU
		{E65DC262-CA77-41F6-8439-02C1917874DD}.Release-Windows|Any CPU.ActiveCfg = Release|Any CPU
		{E65DC262-CA77-41F6-8439-02C1917874DD}.Release-Windows|Any CPU.Build.0 = Release|Any CPU
		{31D0EA80-192C-4645-911D-F0393535B176}.Debug|Any CPU.ActiveCfg = Debug|Any CPU
		{31D0EA80-192C-4645-911D-F0393535B176}.Debug|Any CPU.Build.0 = Debug|Any CPU
		{31D0EA80-192C-4645-911D-F0393535B176}.Debug-Windows|Any CPU.ActiveCfg = Debug|Any CPU
		{31D0EA80-192C-4645-911D-F0393535B176}.Debug-Windows|Any CPU.Build.0 = Debug|Any CPU
		{31D0EA80-192C-4645-911D-F0393535B176}.Release|Any CPU.ActiveCfg = Release|Any CPU
		{31D0EA80-192C-4645-911D-F0393535B176}.Release|Any CPU.Build.0 = Release|Any CPU
		{31D0EA80-192C-4645-911D-F0393535B176}.Release-Windows|Any CPU.ActiveCfg = Release|Any CPU
		{31D0EA80-192C-4645-911D-F0393535B176}.Release-Windows|Any CPU.Build.0 = Release|Any CPU
		{AB75F219-CFA4-4051-8A11-3EE7A128AF08}.Debug|Any CPU.ActiveCfg = Debug|Any CPU
		{AB75F219-CFA4-4051-8A11-3EE7A128AF08}.Debug|Any CPU.Build.0 = Debug|Any CPU
		{AB75F219-CFA4-4051-8A11-3EE7A128AF08}.Debug-Windows|Any CPU.ActiveCfg = Debug|Any CPU
		{AB75F219-CFA4-4051-8A11-3EE7A128AF08}.Debug-Windows|Any CPU.Build.0 = Debug|Any CPU
		{AB75F219-CFA4-4051-8A11-3EE7A128AF08}.Release|Any CPU.ActiveCfg = Release|Any CPU
		{AB75F219-CFA4-4051-8A11-3EE7A128AF08}.Release|Any CPU.Build.0 = Release|Any CPU
		{AB75F219-CFA4-4051-8A11-3EE7A128AF08}.Release-Windows|Any CPU.ActiveCfg = Release|Any CPU
		{AB75F219-CFA4-4051-8A11-3EE7A128AF08}.Release-Windows|Any CPU.Build.0 = Release|Any CPU
		{27ADE3CC-43B5-4563-B6D1-4103E8A6ECCD}.Debug|Any CPU.ActiveCfg = Debug|Any CPU
		{27ADE3CC-43B5-4563-B6D1-4103E8A6ECCD}.Debug|Any CPU.Build.0 = Debug|Any CPU
		{27ADE3CC-43B5-4563-B6D1-4103E8A6ECCD}.Debug-Windows|Any CPU.ActiveCfg = Debug|Any CPU
		{27ADE3CC-43B5-4563-B6D1-4103E8A6ECCD}.Debug-Windows|Any CPU.Build.0 = Debug|Any CPU
		{27ADE3CC-43B5-4563-B6D1-4103E8A6ECCD}.Release|Any CPU.ActiveCfg = Release|Any CPU
		{27ADE3CC-43B5-4563-B6D1-4103E8A6ECCD}.Release|Any CPU.Build.0 = Release|Any CPU
		{27ADE3CC-43B5-4563-B6D1-4103E8A6ECCD}.Release-Windows|Any CPU.ActiveCfg = Release|Any CPU
		{27ADE3CC-43B5-4563-B6D1-4103E8A6ECCD}.Release-Windows|Any CPU.Build.0 = Release|Any CPU
		{1E638E89-43B9-4381-8CC7-B65548DB0070}.Debug|Any CPU.ActiveCfg = Debug|Any CPU
		{1E638E89-43B9-4381-8CC7-B65548DB0070}.Debug|Any CPU.Build.0 = Debug|Any CPU
		{1E638E89-43B9-4381-8CC7-B65548DB0070}.Debug-Windows|Any CPU.ActiveCfg = Debug|Any CPU
		{1E638E89-43B9-4381-8CC7-B65548DB0070}.Debug-Windows|Any CPU.Build.0 = Debug|Any CPU
		{1E638E89-43B9-4381-8CC7-B65548DB0070}.Release|Any CPU.ActiveCfg = Release|Any CPU
		{1E638E89-43B9-4381-8CC7-B65548DB0070}.Release|Any CPU.Build.0 = Release|Any CPU
		{1E638E89-43B9-4381-8CC7-B65548DB0070}.Release-Windows|Any CPU.ActiveCfg = Release|Any CPU
		{1E638E89-43B9-4381-8CC7-B65548DB0070}.Release-Windows|Any CPU.Build.0 = Release|Any CPU
		{3EA28B80-440E-4919-9850-31236968BC04}.Debug|Any CPU.ActiveCfg = Debug|Any CPU
		{3EA28B80-440E-4919-9850-31236968BC04}.Debug|Any CPU.Build.0 = Debug|Any CPU
		{3EA28B80-440E-4919-9850-31236968BC04}.Debug-Windows|Any CPU.ActiveCfg = Debug|Any CPU
		{3EA28B80-440E-4919-9850-31236968BC04}.Debug-Windows|Any CPU.Build.0 = Debug|Any CPU
		{3EA28B80-440E-4919-9850-31236968BC04}.Release|Any CPU.ActiveCfg = Release|Any CPU
		{3EA28B80-440E-4919-9850-31236968BC04}.Release|Any CPU.Build.0 = Release|Any CPU
		{3EA28B80-440E-4919-9850-31236968BC04}.Release-Windows|Any CPU.ActiveCfg = Release|Any CPU
		{3EA28B80-440E-4919-9850-31236968BC04}.Release-Windows|Any CPU.Build.0 = Release|Any CPU
	EndGlobalSection
	GlobalSection(SolutionProperties) = preSolution
		HideSolutionNode = FALSE
	EndGlobalSection
	GlobalSection(NestedProjects) = preSolution
		{3CF175CF-1AF4-4109-96CB-221684DCED7D} = {4269F3C3-6B42-419B-B64A-3E6DC0F1574A}
		{CA008713-655E-46DA-BBDF-1EF6B8CE7DCA} = {AD743B78-D61F-4FBF-B620-FA83CE599A50}
		{E325A0E2-716A-49E0-9767-5087CF05727C} = {AD743B78-D61F-4FBF-B620-FA83CE599A50}
		{B2C5EED9-21B2-4763-AB92-C1995B76DA3A} = {4269F3C3-6B42-419B-B64A-3E6DC0F1574A}
		{9BDF7020-A19F-4C6C-B329-E4BFEFF6DE6B} = {AD743B78-D61F-4FBF-B620-FA83CE599A50}
		{6462DA5D-27DC-4CD5-9467-5EFB998FD838} = {4269F3C3-6B42-419B-B64A-3E6DC0F1574A}
		{C1F54CDC-AD1D-45BB-8F7D-F49E411AFAF1} = {4269F3C3-6B42-419B-B64A-3E6DC0F1574A}
		{ADA8AB8B-2066-4193-B8F7-985669B23E00} = {4269F3C3-6B42-419B-B64A-3E6DC0F1574A}
		{BF414C86-DB3B-4022-9B29-DCE8AA954C12} = {AD743B78-D61F-4FBF-B620-FA83CE599A50}
		{276EBE79-A13A-46BD-A566-B01DC0477A9B} = {4269F3C3-6B42-419B-B64A-3E6DC0F1574A}
		{67AA3C00-E2C5-4D13-BA5E-72EB0E5B8DAA} = {763168FA-A590-482C-84D8-2922F7ADB1A2}
		{7BCEBDC1-D57F-4717-9B15-4FACD5473489} = {AD743B78-D61F-4FBF-B620-FA83CE599A50}
		{053BD8B8-B5C1-4C45-81D4-C9BA8D5B3CE2} = {276EBE79-A13A-46BD-A566-B01DC0477A9B}
		{EED5F0D3-6F00-4ED1-9108-5ADCB10A3734} = {4269F3C3-6B42-419B-B64A-3E6DC0F1574A}
		{C93F6192-0123-4121-AD92-374A71E4B0F3} = {AD743B78-D61F-4FBF-B620-FA83CE599A50}
		{A4184239-F13F-4A09-B2D3-0B9532609248} = {AD743B78-D61F-4FBF-B620-FA83CE599A50}
		{D9B2EF5D-0515-460F-948A-2BB70C8DCF62} = {763168FA-A590-482C-84D8-2922F7ADB1A2}
		{763168FA-A590-482C-84D8-2922F7ADB1A2} = {4269F3C3-6B42-419B-B64A-3E6DC0F1574A}
		{0F639EB4-FB64-4909-8A10-FB93E7BE3AFB} = {4269F3C3-6B42-419B-B64A-3E6DC0F1574A}
		{2F77CA1D-E6F0-4DEA-96BB-8A039F4D0FF8} = {AD743B78-D61F-4FBF-B620-FA83CE599A50}
		{0A0E26B0-7A46-4F1A-8BFE-9A763FDF6CF8} = {AD743B78-D61F-4FBF-B620-FA83CE599A50}
		{62C4DC83-3B07-45D7-856E-224FFB368E5F} = {0A0E26B0-7A46-4F1A-8BFE-9A763FDF6CF8}
		{35F9B8A8-1974-4795-930B-5E4980EE85E5} = {AD743B78-D61F-4FBF-B620-FA83CE599A50}
		{71698D71-4C6F-40D5-8BDE-2587514CA21C} = {AD743B78-D61F-4FBF-B620-FA83CE599A50}
		{0B8ABFDB-F9CF-4EC6-988E-9C32D9E01C26} = {4269F3C3-6B42-419B-B64A-3E6DC0F1574A}
		{1B7920E6-5262-4054-B72D-3A8DBBA057D2} = {AD743B78-D61F-4FBF-B620-FA83CE599A50}
		{8FC920C6-E895-4A17-AB2F-452FAAA36CC8} = {276EBE79-A13A-46BD-A566-B01DC0477A9B}
		{B609DB2C-5C1F-46D1-A0FA-A0FF9216899A} = {4269F3C3-6B42-419B-B64A-3E6DC0F1574A}
		{3F4A0DD8-4D47-4B9C-939A-3146E68C84F7} = {0A0E26B0-7A46-4F1A-8BFE-9A763FDF6CF8}
		{D790A4BB-D8AC-4AAE-B3FE-0CF432CA8031} = {AD743B78-D61F-4FBF-B620-FA83CE599A50}
		{C113E0AE-5564-4389-BA39-183A8D574210} = {AD743B78-D61F-4FBF-B620-FA83CE599A50}
		{060F070A-BBFA-490E-BE89-3844C857B771} = {4269F3C3-6B42-419B-B64A-3E6DC0F1574A}
		{E4E13301-9193-4106-B0E3-41276B478E7C} = {AD743B78-D61F-4FBF-B620-FA83CE599A50}
		{76391566-9F22-4994-8B0F-02EFC0E9E228} = {AD743B78-D61F-4FBF-B620-FA83CE599A50}
		{1BC05915-044E-4776-8956-B44BBEFF2F84} = {4269F3C3-6B42-419B-B64A-3E6DC0F1574A}
		{AE3FC7F6-B212-4438-B1D7-C121BB4C15ED} = {AD743B78-D61F-4FBF-B620-FA83CE599A50}
		{8DC1257B-7650-40EB-97A2-C1CBA306DA6A} = {4269F3C3-6B42-419B-B64A-3E6DC0F1574A}
		{D5E70443-4BA2-42ED-992A-010268440B08} = {AD743B78-D61F-4FBF-B620-FA83CE599A50}
		{84E3B6A2-42D9-498A-9CD2-1C5F5BE0D526} = {4269F3C3-6B42-419B-B64A-3E6DC0F1574A}
		{52CDBBA9-E5AF-433C-80F0-5EF3C8B14946} = {4269F3C3-6B42-419B-B64A-3E6DC0F1574A}
		{F59673EA-2D0D-441A-BB85-CD343DE6BE45} = {AD743B78-D61F-4FBF-B620-FA83CE599A50}
		{72EE26E2-E8BE-4169-82AD-93E021539C34} = {AD743B78-D61F-4FBF-B620-FA83CE599A50}
		{2454BBCD-77BC-4E3D-B5A6-3562BED898D6} = {AD743B78-D61F-4FBF-B620-FA83CE599A50}
		{685271A8-6C69-46E4-9B11-89AF9761CE0A} = {AD743B78-D61F-4FBF-B620-FA83CE599A50}
		{474C57B1-C9FC-4B71-A92B-B25BA27FAFA7} = {AD743B78-D61F-4FBF-B620-FA83CE599A50}
		{E0223463-97C6-4108-B5A9-AFBA16B9D5CC} = {276EBE79-A13A-46BD-A566-B01DC0477A9B}
		{EE76BD65-FB01-498F-B053-4E1B2693D85F} = {276EBE79-A13A-46BD-A566-B01DC0477A9B}
		{873BCC1F-ED12-424E-93FA-D76F4BA022C2} = {0A0E26B0-7A46-4F1A-8BFE-9A763FDF6CF8}
		{2614D290-1345-4A41-BE90-F85F817CEADE} = {0A0E26B0-7A46-4F1A-8BFE-9A763FDF6CF8}
		{EFAA1D3D-3102-4307-A5DD-EAB4DB9B0386} = {AD743B78-D61F-4FBF-B620-FA83CE599A50}
		{4C82FD14-418F-43E4-AC59-3D926B55CEA3} = {4269F3C3-6B42-419B-B64A-3E6DC0F1574A}
		{D243AC2D-7823-4177-9D8A-23FDFDA274D2} = {AD743B78-D61F-4FBF-B620-FA83CE599A50}
		{24CCB459-B4F6-484F-8BA4-946A4AB816FA} = {AD743B78-D61F-4FBF-B620-FA83CE599A50}
		{D9242899-AB3F-46BB-BAB4-386CB8EC535C} = {AD743B78-D61F-4FBF-B620-FA83CE599A50}
		{99C466C3-1931-4C0E-AA0A-A8D9D140F56E} = {AD743B78-D61F-4FBF-B620-FA83CE599A50}
		{2FBA2BB7-73C8-45CD-99B7-D65F817C9051} = {AD743B78-D61F-4FBF-B620-FA83CE599A50}
		{3C16F609-61D8-49C5-A243-9D32B9491D91} = {8667F820-8ADA-4498-91AE-AE95DEE5227E}
		{C9B9D0E6-1579-4F5E-B23B-9EFD17F50D34} = {3C16F609-61D8-49C5-A243-9D32B9491D91}
		{A0080C33-4628-4259-84D6-2E6DEDBD26B7} = {C9B9D0E6-1579-4F5E-B23B-9EFD17F50D34}
		{C8F3C6E5-6A21-4F77-ADF7-30119D836A4D} = {C9B9D0E6-1579-4F5E-B23B-9EFD17F50D34}
		{3E023AB7-FE1F-41B1-9EF4-1550BCE1DC37} = {3C16F609-61D8-49C5-A243-9D32B9491D91}
		{E65DC262-CA77-41F6-8439-02C1917874DD} = {3E023AB7-FE1F-41B1-9EF4-1550BCE1DC37}
		{31D0EA80-192C-4645-911D-F0393535B176} = {3E023AB7-FE1F-41B1-9EF4-1550BCE1DC37}
		{AB75F219-CFA4-4051-8A11-3EE7A128AF08} = {3E023AB7-FE1F-41B1-9EF4-1550BCE1DC37}
		{27ADE3CC-43B5-4563-B6D1-4103E8A6ECCD} = {4269F3C3-6B42-419B-B64A-3E6DC0F1574A}
		{AE7143FE-C460-449D-AA50-EFA4820EBADE} = {3C16F609-61D8-49C5-A243-9D32B9491D91}
		{1E638E89-43B9-4381-8CC7-B65548DB0070} = {AE7143FE-C460-449D-AA50-EFA4820EBADE}
		{3EA28B80-440E-4919-9850-31236968BC04} = {AE7143FE-C460-449D-AA50-EFA4820EBADE}
	EndGlobalSection
	GlobalSection(ExtensibilityGlobals) = postSolution
		SolutionGuid = {7173C9F3-A7F9-496E-9078-9156E35D6E16}
	EndGlobalSection
EndGlobal
