Microsoft Visual Studio Solution File, Format Version 12.00
# Visual Studio 15
VisualStudioVersion = 15.0.26730.12
MinimumVisualStudioVersion = 10.0.40219.1
Project("{2150E333-8FDC-42A3-9474-1A3956D46DE8}") = "Libraries", "Libraries", "{4269F3C3-6B42-419B-B64A-3E6DC0F1574A}"
EndProject
Project("{2150E333-8FDC-42A3-9474-1A3956D46DE8}") = "Tests", "Tests", "{AD743B78-D61F-4FBF-B620-FA83CE599A50}"
EndProject
Project("{9A19103F-16F7-4668-BE54-9A1E7A4F7556}") = "Microsoft.Bot.Builder.Azure", "libraries\Microsoft.Bot.Builder.Azure\Microsoft.Bot.Builder.Azure.csproj", "{B2C5EED9-21B2-4763-AB92-C1995B76DA3A}"
EndProject
Project("{9A19103F-16F7-4668-BE54-9A1E7A4F7556}") = "Microsoft.Bot.Builder.Ai.Translation", "libraries\Microsoft.Bot.Builder.Ai.Translation\Microsoft.Bot.Builder.Ai.Translation.csproj", "{F31CF172-6FEE-4188-9828-E5FDA531C871}"
EndProject
Project("{9A19103F-16F7-4668-BE54-9A1E7A4F7556}") = "Microsoft.Bot.Builder.Ai.QnA.Tests", "tests\Microsoft.Bot.Builder.Ai.QnA.Tests\Microsoft.Bot.Builder.Ai.QnA.Tests.csproj", "{9BDF7020-A19F-4C6C-B329-E4BFEFF6DE6B}"
EndProject
Project("{9A19103F-16F7-4668-BE54-9A1E7A4F7556}") = "Microsoft.Bot.Connector", "libraries\Microsoft.Bot.Connector\Microsoft.Bot.Connector.csproj", "{6462DA5D-27DC-4CD5-9467-5EFB998FD838}"
EndProject
Project("{9A19103F-16F7-4668-BE54-9A1E7A4F7556}") = "Microsoft.Bot.Schema", "libraries\Microsoft.Bot.Schema\Microsoft.Bot.Schema.csproj", "{C1F54CDC-AD1D-45BB-8F7D-F49E411AFAF1}"
EndProject
Project("{9A19103F-16F7-4668-BE54-9A1E7A4F7556}") = "Microsoft.Bot.Builder", "libraries\Microsoft.Bot.Builder\Microsoft.Bot.Builder.csproj", "{ADA8AB8B-2066-4193-B8F7-985669B23E00}"
EndProject
Project("{9A19103F-16F7-4668-BE54-9A1E7A4F7556}") = "Microsoft.Bot.Connector.Tests", "tests\Microsoft.Bot.Connector.Tests\Microsoft.Bot.Connector.Tests.csproj", "{BF414C86-DB3B-4022-9B29-DCE8AA954C12}"
EndProject
Project("{2150E333-8FDC-42A3-9474-1A3956D46DE8}") = "Integration", "Integration", "{276EBE79-A13A-46BD-A566-B01DC0477A9B}"
EndProject
Project("{9A19103F-16F7-4668-BE54-9A1E7A4F7556}") = "Microsoft.Bot.Builder.Ai.Luis", "libraries\Microsoft.Bot.Builder.Ai.LUIS\Microsoft.Bot.Builder.Ai.Luis.csproj", "{67AA3C00-E2C5-4D13-BA5E-72EB0E5B8DAA}"
EndProject
Project("{9A19103F-16F7-4668-BE54-9A1E7A4F7556}") = "Microsoft.Bot.Builder.Ai.Luis.Tests", "tests\Microsoft.Bot.Builder.Ai.LUIS.Tests\Microsoft.Bot.Builder.Ai.Luis.Tests.csproj", "{7BCEBDC1-D57F-4717-9B15-4FACD5473489}"
EndProject
Project("{9A19103F-16F7-4668-BE54-9A1E7A4F7556}") = "Microsoft.Bot.Builder.Integration.AspNet.WebApi", "libraries\integration\Microsoft.Bot.Builder.Integration.AspNet.WebApi\Microsoft.Bot.Builder.Integration.AspNet.WebApi.csproj", "{BD0B82EF-1601-4E87-B78A-B43DE7EB36B0}"
EndProject
Project("{9A19103F-16F7-4668-BE54-9A1E7A4F7556}") = "Microsoft.Bot.Builder.Integration.AspNet.Core", "libraries\integration\Microsoft.Bot.Builder.Integration.AspNet.Core\Microsoft.Bot.Builder.Integration.AspNet.Core.csproj", "{053BD8B8-B5C1-4C45-81D4-C9BA8D5B3CE2}"
EndProject
Project("{9A19103F-16F7-4668-BE54-9A1E7A4F7556}") = "Microsoft.Bot.Builder.TemplateManager", "libraries\Microsoft.Bot.Builder.TemplateManager\Microsoft.Bot.Builder.TemplateManager.csproj", "{EED5F0D3-6F00-4ED1-9108-5ADCB10A3734}"
EndProject
Project("{9A19103F-16F7-4668-BE54-9A1E7A4F7556}") = "Microsoft.Bot.Builder.TemplateManager.Tests", "tests\Microsoft.Bot.Builder.TemplateManager\Microsoft.Bot.Builder.TemplateManager.Tests.csproj", "{C93F6192-0123-4121-AD92-374A71E4B0F3}"
EndProject
Project("{2150E333-8FDC-42A3-9474-1A3956D46DE8}") = "Classic", "Classic", "{2A46FEEF-4FD9-4DD5-8650-39C36CFDF2BB}"
EndProject
Project("{9A19103F-16F7-4668-BE54-9A1E7A4F7556}") = "Microsoft.Bot.Builder.Classic.Tests", "tests\Microsoft.Bot.Builder.Classic.Tests\Microsoft.Bot.Builder.Classic.Tests.csproj", "{508661A7-F47A-4D60-8ED6-69E378ED0E74}"
EndProject
Project("{FAE04EC0-301F-11D3-BF4B-00C04F79EFBC}") = "RView", "libraries\Microsoft.Bot.Builder.Classic\RView\RView.csproj", "{12CAE029-7B8D-4928-8504-28746C36ADB3}"
EndProject
Project("{FAE04EC0-301F-11D3-BF4B-00C04F79EFBC}") = "FormTest", "tests\FormTest\FormTest.csproj", "{77BD8C61-FB06-4BF7-A346-D2C87284390A}"
EndProject
Project("{FAE04EC0-301F-11D3-BF4B-00C04F79EFBC}") = "Microsoft.Bot.Builder.Classic", "libraries\Microsoft.Bot.Builder.Classic\Microsoft.Bot.Builder.Classic\Microsoft.Bot.Builder.Classic.csproj", "{CDFEC7D6-847E-4C13-956B-0A960AE3EB60}"
EndProject
Project("{9A19103F-16F7-4668-BE54-9A1E7A4F7556}") = "Microsoft.Bot.Schema.Tests", "tests\Microsoft.Bot.Schema.Tests\Microsoft.Bot.Schema.Tests.csproj", "{A4184239-F13F-4A09-B2D3-0B9532609248}"
EndProject
Project("{9A19103F-16F7-4668-BE54-9A1E7A4F7556}") = "Microsoft.Bot.Builder.Ai.QnA", "libraries\Microsoft.Bot.Builder.Ai.QnA\Microsoft.Bot.Builder.Ai.QnA.csproj", "{D9B2EF5D-0515-460F-948A-2BB70C8DCF62}"
EndProject
Project("{9A19103F-16F7-4668-BE54-9A1E7A4F7556}") = "Microsoft.Bot.Builder.Ai.Translation.Tests", "tests\Microsoft.Bot.Builder.Ai.Translation.Tests\Microsoft.Bot.Builder.Ai.Translation.Tests.csproj", "{9C09FAB4-AB0B-49BB-8D51-3B0B86D95E8E}"
EndProject
Project("{2150E333-8FDC-42A3-9474-1A3956D46DE8}") = "AI", "AI", "{763168FA-A590-482C-84D8-2922F7ADB1A2}"
EndProject
Project("{9A19103F-16F7-4668-BE54-9A1E7A4F7556}") = "Microsoft.Bot.Builder.Dialogs", "libraries\Microsoft.Bot.Builder.Dialogs\Microsoft.Bot.Builder.Dialogs.csproj", "{0F639EB4-FB64-4909-8A10-FB93E7BE3AFB}"
EndProject
Project("{9A19103F-16F7-4668-BE54-9A1E7A4F7556}") = "Microsoft.Bot.Builder.Dialogs.Tests", "tests\Microsoft.Bot.Builder.Dialogs.Tests\Microsoft.Bot.Builder.Dialogs.Tests.csproj", "{2F77CA1D-E6F0-4DEA-96BB-8A039F4D0FF8}"
EndProject
Project("{2150E333-8FDC-42A3-9474-1A3956D46DE8}") = "Integration", "Integration", "{0A0E26B0-7A46-4F1A-8BFE-9A763FDF6CF8}"
EndProject
Project("{9A19103F-16F7-4668-BE54-9A1E7A4F7556}") = "Microsoft.Bot.Builder.Integration.AspNet.Core.Tests", "tests\integration\Microsoft.Bot.Builder.Integration.AspNet.Core.Tests\Microsoft.Bot.Builder.Integration.AspNet.Core.Tests.csproj", "{62C4DC83-3B07-45D7-856E-224FFB368E5F}"
EndProject
Project("{FAE04EC0-301F-11D3-BF4B-00C04F79EFBC}") = "Microsoft.Bot.Builder.Integration.AspNet.WebApi.Tests", "tests\integration\Microsoft.Bot.Builder.Integration.AspNet.WebApi.Tests\Microsoft.Bot.Builder.Integration.AspNet.WebApi.Tests.csproj", "{2614D290-1345-4A41-BE90-F85F817CEADE}"
EndProject
Project("{9A19103F-16F7-4668-BE54-9A1E7A4F7556}") = "Microsoft.Bot.Builder.Tests", "tests\Microsoft.Bot.Builder.Tests\Microsoft.Bot.Builder.Tests.csproj", "{35F9B8A8-1974-4795-930B-5E4980EE85E5}"
EndProject
Project("{2150E333-8FDC-42A3-9474-1A3956D46DE8}") = "IntegrationTests", "IntegrationTests", "{BB7BC71C-41D6-4E9C-AD8F-F3037E80D5A2}"
EndProject
Project("{9A19103F-16F7-4668-BE54-9A1E7A4F7556}") = "Microsoft.Bot.Builder.IntegrationTests", "tests\Microsoft.Bot.Builder.IntegrationTests\Microsoft.Bot.Builder.IntegrationTests.csproj", "{BC3301D0-CF24-4358-871A-9119F3161BE7}"
EndProject
Global
	GlobalSection(SolutionConfigurationPlatforms) = preSolution
		Debug - NuGet Packages|Any CPU = Debug - NuGet Packages|Any CPU
		Debug|Any CPU = Debug|Any CPU
		Documentation|Any CPU = Documentation|Any CPU
		Release|Any CPU = Release|Any CPU
	EndGlobalSection
	GlobalSection(ProjectConfigurationPlatforms) = postSolution
		{B2C5EED9-21B2-4763-AB92-C1995B76DA3A}.Debug - NuGet Packages|Any CPU.ActiveCfg = Debug - NuGet Packages|Any CPU
		{B2C5EED9-21B2-4763-AB92-C1995B76DA3A}.Debug - NuGet Packages|Any CPU.Build.0 = Debug - NuGet Packages|Any CPU
		{B2C5EED9-21B2-4763-AB92-C1995B76DA3A}.Debug|Any CPU.ActiveCfg = Debug|Any CPU
		{B2C5EED9-21B2-4763-AB92-C1995B76DA3A}.Debug|Any CPU.Build.0 = Debug|Any CPU
		{B2C5EED9-21B2-4763-AB92-C1995B76DA3A}.Documentation|Any CPU.ActiveCfg = Documentation|Any CPU
		{B2C5EED9-21B2-4763-AB92-C1995B76DA3A}.Documentation|Any CPU.Build.0 = Documentation|Any CPU
		{B2C5EED9-21B2-4763-AB92-C1995B76DA3A}.Release|Any CPU.ActiveCfg = Release|Any CPU
		{B2C5EED9-21B2-4763-AB92-C1995B76DA3A}.Release|Any CPU.Build.0 = Release|Any CPU
		{F31CF172-6FEE-4188-9828-E5FDA531C871}.Debug - NuGet Packages|Any CPU.ActiveCfg = Debug - NuGet Packages|Any CPU
		{F31CF172-6FEE-4188-9828-E5FDA531C871}.Debug - NuGet Packages|Any CPU.Build.0 = Debug - NuGet Packages|Any CPU
		{F31CF172-6FEE-4188-9828-E5FDA531C871}.Debug|Any CPU.ActiveCfg = Debug|Any CPU
		{F31CF172-6FEE-4188-9828-E5FDA531C871}.Debug|Any CPU.Build.0 = Debug|Any CPU
		{F31CF172-6FEE-4188-9828-E5FDA531C871}.Documentation|Any CPU.ActiveCfg = Documentation|Any CPU
		{F31CF172-6FEE-4188-9828-E5FDA531C871}.Documentation|Any CPU.Build.0 = Documentation|Any CPU
		{F31CF172-6FEE-4188-9828-E5FDA531C871}.Release|Any CPU.ActiveCfg = Release|Any CPU
		{F31CF172-6FEE-4188-9828-E5FDA531C871}.Release|Any CPU.Build.0 = Release|Any CPU
		{9BDF7020-A19F-4C6C-B329-E4BFEFF6DE6B}.Debug - NuGet Packages|Any CPU.ActiveCfg = Debug|Any CPU
		{9BDF7020-A19F-4C6C-B329-E4BFEFF6DE6B}.Debug - NuGet Packages|Any CPU.Build.0 = Debug|Any CPU
		{9BDF7020-A19F-4C6C-B329-E4BFEFF6DE6B}.Debug|Any CPU.ActiveCfg = Debug|Any CPU
		{9BDF7020-A19F-4C6C-B329-E4BFEFF6DE6B}.Debug|Any CPU.Build.0 = Debug|Any CPU
		{9BDF7020-A19F-4C6C-B329-E4BFEFF6DE6B}.Documentation|Any CPU.ActiveCfg = Documentation|Any CPU
		{9BDF7020-A19F-4C6C-B329-E4BFEFF6DE6B}.Release|Any CPU.ActiveCfg = Release|Any CPU
		{9BDF7020-A19F-4C6C-B329-E4BFEFF6DE6B}.Release|Any CPU.Build.0 = Release|Any CPU
		{6462DA5D-27DC-4CD5-9467-5EFB998FD838}.Debug - NuGet Packages|Any CPU.ActiveCfg = Debug - NuGet Packages|Any CPU
		{6462DA5D-27DC-4CD5-9467-5EFB998FD838}.Debug - NuGet Packages|Any CPU.Build.0 = Debug - NuGet Packages|Any CPU
		{6462DA5D-27DC-4CD5-9467-5EFB998FD838}.Debug|Any CPU.ActiveCfg = Debug|Any CPU
		{6462DA5D-27DC-4CD5-9467-5EFB998FD838}.Debug|Any CPU.Build.0 = Debug|Any CPU
		{6462DA5D-27DC-4CD5-9467-5EFB998FD838}.Documentation|Any CPU.ActiveCfg = Documentation|Any CPU
		{6462DA5D-27DC-4CD5-9467-5EFB998FD838}.Documentation|Any CPU.Build.0 = Documentation|Any CPU
		{6462DA5D-27DC-4CD5-9467-5EFB998FD838}.Release|Any CPU.ActiveCfg = Release|Any CPU
		{6462DA5D-27DC-4CD5-9467-5EFB998FD838}.Release|Any CPU.Build.0 = Release|Any CPU
		{C1F54CDC-AD1D-45BB-8F7D-F49E411AFAF1}.Debug - NuGet Packages|Any CPU.ActiveCfg = Debug - NuGet Packages|Any CPU
		{C1F54CDC-AD1D-45BB-8F7D-F49E411AFAF1}.Debug - NuGet Packages|Any CPU.Build.0 = Debug - NuGet Packages|Any CPU
		{C1F54CDC-AD1D-45BB-8F7D-F49E411AFAF1}.Debug|Any CPU.ActiveCfg = Debug|Any CPU
		{C1F54CDC-AD1D-45BB-8F7D-F49E411AFAF1}.Debug|Any CPU.Build.0 = Debug|Any CPU
		{C1F54CDC-AD1D-45BB-8F7D-F49E411AFAF1}.Documentation|Any CPU.ActiveCfg = Documentation|Any CPU
		{C1F54CDC-AD1D-45BB-8F7D-F49E411AFAF1}.Documentation|Any CPU.Build.0 = Documentation|Any CPU
		{C1F54CDC-AD1D-45BB-8F7D-F49E411AFAF1}.Release|Any CPU.ActiveCfg = Release|Any CPU
		{C1F54CDC-AD1D-45BB-8F7D-F49E411AFAF1}.Release|Any CPU.Build.0 = Release|Any CPU
		{ADA8AB8B-2066-4193-B8F7-985669B23E00}.Debug - NuGet Packages|Any CPU.ActiveCfg = Debug - NuGet Packages|Any CPU
		{ADA8AB8B-2066-4193-B8F7-985669B23E00}.Debug - NuGet Packages|Any CPU.Build.0 = Debug - NuGet Packages|Any CPU
		{ADA8AB8B-2066-4193-B8F7-985669B23E00}.Debug|Any CPU.ActiveCfg = Debug|Any CPU
		{ADA8AB8B-2066-4193-B8F7-985669B23E00}.Debug|Any CPU.Build.0 = Debug|Any CPU
		{ADA8AB8B-2066-4193-B8F7-985669B23E00}.Documentation|Any CPU.ActiveCfg = Documentation|Any CPU
		{ADA8AB8B-2066-4193-B8F7-985669B23E00}.Documentation|Any CPU.Build.0 = Documentation|Any CPU
		{ADA8AB8B-2066-4193-B8F7-985669B23E00}.Release|Any CPU.ActiveCfg = Release|Any CPU
		{ADA8AB8B-2066-4193-B8F7-985669B23E00}.Release|Any CPU.Build.0 = Release|Any CPU
		{BF414C86-DB3B-4022-9B29-DCE8AA954C12}.Debug - NuGet Packages|Any CPU.ActiveCfg = Debug|Any CPU
		{BF414C86-DB3B-4022-9B29-DCE8AA954C12}.Debug - NuGet Packages|Any CPU.Build.0 = Debug|Any CPU
		{BF414C86-DB3B-4022-9B29-DCE8AA954C12}.Debug|Any CPU.ActiveCfg = Debug|Any CPU
		{BF414C86-DB3B-4022-9B29-DCE8AA954C12}.Debug|Any CPU.Build.0 = Debug|Any CPU
		{BF414C86-DB3B-4022-9B29-DCE8AA954C12}.Documentation|Any CPU.ActiveCfg = Documentation|Any CPU
		{BF414C86-DB3B-4022-9B29-DCE8AA954C12}.Release|Any CPU.ActiveCfg = Release|Any CPU
		{BF414C86-DB3B-4022-9B29-DCE8AA954C12}.Release|Any CPU.Build.0 = Release|Any CPU
		{67AA3C00-E2C5-4D13-BA5E-72EB0E5B8DAA}.Debug - NuGet Packages|Any CPU.ActiveCfg = Debug - NuGet Packages|Any CPU
		{67AA3C00-E2C5-4D13-BA5E-72EB0E5B8DAA}.Debug - NuGet Packages|Any CPU.Build.0 = Debug - NuGet Packages|Any CPU
		{67AA3C00-E2C5-4D13-BA5E-72EB0E5B8DAA}.Debug|Any CPU.ActiveCfg = Debug|Any CPU
		{67AA3C00-E2C5-4D13-BA5E-72EB0E5B8DAA}.Debug|Any CPU.Build.0 = Debug|Any CPU
		{67AA3C00-E2C5-4D13-BA5E-72EB0E5B8DAA}.Documentation|Any CPU.ActiveCfg = Documentation|Any CPU
		{67AA3C00-E2C5-4D13-BA5E-72EB0E5B8DAA}.Documentation|Any CPU.Build.0 = Documentation|Any CPU
		{67AA3C00-E2C5-4D13-BA5E-72EB0E5B8DAA}.Release|Any CPU.ActiveCfg = Release|Any CPU
		{67AA3C00-E2C5-4D13-BA5E-72EB0E5B8DAA}.Release|Any CPU.Build.0 = Release|Any CPU
		{7BCEBDC1-D57F-4717-9B15-4FACD5473489}.Debug - NuGet Packages|Any CPU.ActiveCfg = Debug|Any CPU
		{7BCEBDC1-D57F-4717-9B15-4FACD5473489}.Debug - NuGet Packages|Any CPU.Build.0 = Debug|Any CPU
		{7BCEBDC1-D57F-4717-9B15-4FACD5473489}.Debug|Any CPU.ActiveCfg = Debug|Any CPU
		{7BCEBDC1-D57F-4717-9B15-4FACD5473489}.Debug|Any CPU.Build.0 = Debug|Any CPU
		{7BCEBDC1-D57F-4717-9B15-4FACD5473489}.Documentation|Any CPU.ActiveCfg = Documentation|Any CPU
		{7BCEBDC1-D57F-4717-9B15-4FACD5473489}.Release|Any CPU.ActiveCfg = Release|Any CPU
		{7BCEBDC1-D57F-4717-9B15-4FACD5473489}.Release|Any CPU.Build.0 = Release|Any CPU
		{BD0B82EF-1601-4E87-B78A-B43DE7EB36B0}.Debug - NuGet Packages|Any CPU.ActiveCfg = Debug - NuGet Packages|Any CPU
		{BD0B82EF-1601-4E87-B78A-B43DE7EB36B0}.Debug - NuGet Packages|Any CPU.Build.0 = Debug - NuGet Packages|Any CPU
		{BD0B82EF-1601-4E87-B78A-B43DE7EB36B0}.Debug|Any CPU.ActiveCfg = Debug|Any CPU
		{BD0B82EF-1601-4E87-B78A-B43DE7EB36B0}.Debug|Any CPU.Build.0 = Debug|Any CPU
		{BD0B82EF-1601-4E87-B78A-B43DE7EB36B0}.Documentation|Any CPU.ActiveCfg = Documentation|Any CPU
		{BD0B82EF-1601-4E87-B78A-B43DE7EB36B0}.Documentation|Any CPU.Build.0 = Documentation|Any CPU
		{BD0B82EF-1601-4E87-B78A-B43DE7EB36B0}.Release|Any CPU.ActiveCfg = Release|Any CPU
		{BD0B82EF-1601-4E87-B78A-B43DE7EB36B0}.Release|Any CPU.Build.0 = Release|Any CPU
		{053BD8B8-B5C1-4C45-81D4-C9BA8D5B3CE2}.Debug - NuGet Packages|Any CPU.ActiveCfg = Debug - NuGet Packages|Any CPU
		{053BD8B8-B5C1-4C45-81D4-C9BA8D5B3CE2}.Debug - NuGet Packages|Any CPU.Build.0 = Debug - NuGet Packages|Any CPU
		{053BD8B8-B5C1-4C45-81D4-C9BA8D5B3CE2}.Debug|Any CPU.ActiveCfg = Debug|Any CPU
		{053BD8B8-B5C1-4C45-81D4-C9BA8D5B3CE2}.Debug|Any CPU.Build.0 = Debug|Any CPU
		{053BD8B8-B5C1-4C45-81D4-C9BA8D5B3CE2}.Documentation|Any CPU.ActiveCfg = Documentation|Any CPU
		{053BD8B8-B5C1-4C45-81D4-C9BA8D5B3CE2}.Documentation|Any CPU.Build.0 = Documentation|Any CPU
		{053BD8B8-B5C1-4C45-81D4-C9BA8D5B3CE2}.Release|Any CPU.ActiveCfg = Release|Any CPU
		{053BD8B8-B5C1-4C45-81D4-C9BA8D5B3CE2}.Release|Any CPU.Build.0 = Release|Any CPU
		{EED5F0D3-6F00-4ED1-9108-5ADCB10A3734}.Debug - NuGet Packages|Any CPU.ActiveCfg = Debug - NuGet Packages|Any CPU
		{EED5F0D3-6F00-4ED1-9108-5ADCB10A3734}.Debug - NuGet Packages|Any CPU.Build.0 = Debug - NuGet Packages|Any CPU
		{EED5F0D3-6F00-4ED1-9108-5ADCB10A3734}.Debug|Any CPU.ActiveCfg = Debug|Any CPU
		{EED5F0D3-6F00-4ED1-9108-5ADCB10A3734}.Debug|Any CPU.Build.0 = Debug|Any CPU
		{EED5F0D3-6F00-4ED1-9108-5ADCB10A3734}.Documentation|Any CPU.ActiveCfg = Documentation|Any CPU
		{EED5F0D3-6F00-4ED1-9108-5ADCB10A3734}.Documentation|Any CPU.Build.0 = Documentation|Any CPU
		{EED5F0D3-6F00-4ED1-9108-5ADCB10A3734}.Release|Any CPU.ActiveCfg = Release|Any CPU
		{EED5F0D3-6F00-4ED1-9108-5ADCB10A3734}.Release|Any CPU.Build.0 = Release|Any CPU
		{C93F6192-0123-4121-AD92-374A71E4B0F3}.Debug - NuGet Packages|Any CPU.ActiveCfg = Debug|Any CPU
		{C93F6192-0123-4121-AD92-374A71E4B0F3}.Debug - NuGet Packages|Any CPU.Build.0 = Debug|Any CPU
		{C93F6192-0123-4121-AD92-374A71E4B0F3}.Debug|Any CPU.ActiveCfg = Debug|Any CPU
		{C93F6192-0123-4121-AD92-374A71E4B0F3}.Debug|Any CPU.Build.0 = Debug|Any CPU
		{C93F6192-0123-4121-AD92-374A71E4B0F3}.Documentation|Any CPU.ActiveCfg = Documentation|Any CPU
		{C93F6192-0123-4121-AD92-374A71E4B0F3}.Release|Any CPU.ActiveCfg = Release|Any CPU
		{C93F6192-0123-4121-AD92-374A71E4B0F3}.Release|Any CPU.Build.0 = Release|Any CPU
		{508661A7-F47A-4D60-8ED6-69E378ED0E74}.Debug - NuGet Packages|Any CPU.ActiveCfg = Debug|Any CPU
		{508661A7-F47A-4D60-8ED6-69E378ED0E74}.Debug - NuGet Packages|Any CPU.Build.0 = Debug|Any CPU
		{508661A7-F47A-4D60-8ED6-69E378ED0E74}.Debug|Any CPU.ActiveCfg = Debug|Any CPU
		{508661A7-F47A-4D60-8ED6-69E378ED0E74}.Debug|Any CPU.Build.0 = Debug|Any CPU
		{508661A7-F47A-4D60-8ED6-69E378ED0E74}.Documentation|Any CPU.ActiveCfg = Documentation|Any CPU
		{508661A7-F47A-4D60-8ED6-69E378ED0E74}.Release|Any CPU.ActiveCfg = Release|Any CPU
		{508661A7-F47A-4D60-8ED6-69E378ED0E74}.Release|Any CPU.Build.0 = Release|Any CPU
		{12CAE029-7B8D-4928-8504-28746C36ADB3}.Debug - NuGet Packages|Any CPU.ActiveCfg = Debug|Any CPU
		{12CAE029-7B8D-4928-8504-28746C36ADB3}.Debug - NuGet Packages|Any CPU.Build.0 = Debug|Any CPU
		{12CAE029-7B8D-4928-8504-28746C36ADB3}.Debug|Any CPU.ActiveCfg = Debug|Any CPU
		{12CAE029-7B8D-4928-8504-28746C36ADB3}.Debug|Any CPU.Build.0 = Debug|Any CPU
		{12CAE029-7B8D-4928-8504-28746C36ADB3}.Documentation|Any CPU.ActiveCfg = Documentation|Any CPU
		{12CAE029-7B8D-4928-8504-28746C36ADB3}.Documentation|Any CPU.Build.0 = Documentation|Any CPU
		{12CAE029-7B8D-4928-8504-28746C36ADB3}.Release|Any CPU.ActiveCfg = Release|Any CPU
		{12CAE029-7B8D-4928-8504-28746C36ADB3}.Release|Any CPU.Build.0 = Release|Any CPU
		{77BD8C61-FB06-4BF7-A346-D2C87284390A}.Debug - NuGet Packages|Any CPU.ActiveCfg = Debug|Any CPU
		{77BD8C61-FB06-4BF7-A346-D2C87284390A}.Debug - NuGet Packages|Any CPU.Build.0 = Debug|Any CPU
		{77BD8C61-FB06-4BF7-A346-D2C87284390A}.Debug|Any CPU.ActiveCfg = Debug|Any CPU
		{77BD8C61-FB06-4BF7-A346-D2C87284390A}.Debug|Any CPU.Build.0 = Debug|Any CPU
		{77BD8C61-FB06-4BF7-A346-D2C87284390A}.Documentation|Any CPU.ActiveCfg = Documentation|Any CPU
		{77BD8C61-FB06-4BF7-A346-D2C87284390A}.Release|Any CPU.ActiveCfg = Release|Any CPU
		{77BD8C61-FB06-4BF7-A346-D2C87284390A}.Release|Any CPU.Build.0 = Release|Any CPU
		{CDFEC7D6-847E-4C13-956B-0A960AE3EB60}.Debug - NuGet Packages|Any CPU.ActiveCfg = Debug|Any CPU
		{CDFEC7D6-847E-4C13-956B-0A960AE3EB60}.Debug - NuGet Packages|Any CPU.Build.0 = Debug|Any CPU
		{CDFEC7D6-847E-4C13-956B-0A960AE3EB60}.Debug|Any CPU.ActiveCfg = Debug|Any CPU
		{CDFEC7D6-847E-4C13-956B-0A960AE3EB60}.Debug|Any CPU.Build.0 = Debug|Any CPU
		{CDFEC7D6-847E-4C13-956B-0A960AE3EB60}.Documentation|Any CPU.ActiveCfg = Documentation|Any CPU
		{CDFEC7D6-847E-4C13-956B-0A960AE3EB60}.Documentation|Any CPU.Build.0 = Documentation|Any CPU
		{CDFEC7D6-847E-4C13-956B-0A960AE3EB60}.Release|Any CPU.ActiveCfg = Release|Any CPU
		{CDFEC7D6-847E-4C13-956B-0A960AE3EB60}.Release|Any CPU.Build.0 = Release|Any CPU
		{A4184239-F13F-4A09-B2D3-0B9532609248}.Debug - NuGet Packages|Any CPU.ActiveCfg = Debug|Any CPU
		{A4184239-F13F-4A09-B2D3-0B9532609248}.Debug - NuGet Packages|Any CPU.Build.0 = Debug|Any CPU
		{A4184239-F13F-4A09-B2D3-0B9532609248}.Debug|Any CPU.ActiveCfg = Debug|Any CPU
		{A4184239-F13F-4A09-B2D3-0B9532609248}.Debug|Any CPU.Build.0 = Debug|Any CPU
		{A4184239-F13F-4A09-B2D3-0B9532609248}.Documentation|Any CPU.ActiveCfg = Documentation|Any CPU
		{A4184239-F13F-4A09-B2D3-0B9532609248}.Release|Any CPU.ActiveCfg = Release|Any CPU
		{A4184239-F13F-4A09-B2D3-0B9532609248}.Release|Any CPU.Build.0 = Release|Any CPU
		{D9B2EF5D-0515-460F-948A-2BB70C8DCF62}.Debug - NuGet Packages|Any CPU.ActiveCfg = Debug - NuGet Packages|Any CPU
		{D9B2EF5D-0515-460F-948A-2BB70C8DCF62}.Debug - NuGet Packages|Any CPU.Build.0 = Debug - NuGet Packages|Any CPU
		{D9B2EF5D-0515-460F-948A-2BB70C8DCF62}.Debug|Any CPU.ActiveCfg = Debug|Any CPU
		{D9B2EF5D-0515-460F-948A-2BB70C8DCF62}.Debug|Any CPU.Build.0 = Debug|Any CPU
		{D9B2EF5D-0515-460F-948A-2BB70C8DCF62}.Documentation|Any CPU.ActiveCfg = Documentation|Any CPU
		{D9B2EF5D-0515-460F-948A-2BB70C8DCF62}.Documentation|Any CPU.Build.0 = Documentation|Any CPU
		{D9B2EF5D-0515-460F-948A-2BB70C8DCF62}.Release|Any CPU.ActiveCfg = Release|Any CPU
		{D9B2EF5D-0515-460F-948A-2BB70C8DCF62}.Release|Any CPU.Build.0 = Release|Any CPU
		{9C09FAB4-AB0B-49BB-8D51-3B0B86D95E8E}.Debug - NuGet Packages|Any CPU.ActiveCfg = Debug|Any CPU
		{9C09FAB4-AB0B-49BB-8D51-3B0B86D95E8E}.Debug - NuGet Packages|Any CPU.Build.0 = Debug|Any CPU
		{9C09FAB4-AB0B-49BB-8D51-3B0B86D95E8E}.Debug|Any CPU.ActiveCfg = Debug|Any CPU
		{9C09FAB4-AB0B-49BB-8D51-3B0B86D95E8E}.Debug|Any CPU.Build.0 = Debug|Any CPU
		{9C09FAB4-AB0B-49BB-8D51-3B0B86D95E8E}.Documentation|Any CPU.ActiveCfg = Documentation|Any CPU
		{9C09FAB4-AB0B-49BB-8D51-3B0B86D95E8E}.Release|Any CPU.ActiveCfg = Release|Any CPU
		{9C09FAB4-AB0B-49BB-8D51-3B0B86D95E8E}.Release|Any CPU.Build.0 = Release|Any CPU
		{0F639EB4-FB64-4909-8A10-FB93E7BE3AFB}.Debug - NuGet Packages|Any CPU.ActiveCfg = Debug - NuGet Packages|Any CPU
		{0F639EB4-FB64-4909-8A10-FB93E7BE3AFB}.Debug - NuGet Packages|Any CPU.Build.0 = Debug - NuGet Packages|Any CPU
		{0F639EB4-FB64-4909-8A10-FB93E7BE3AFB}.Debug|Any CPU.ActiveCfg = Debug|Any CPU
		{0F639EB4-FB64-4909-8A10-FB93E7BE3AFB}.Debug|Any CPU.Build.0 = Debug|Any CPU
		{0F639EB4-FB64-4909-8A10-FB93E7BE3AFB}.Documentation|Any CPU.ActiveCfg = Debug|Any CPU
		{0F639EB4-FB64-4909-8A10-FB93E7BE3AFB}.Documentation|Any CPU.Build.0 = Debug|Any CPU
		{0F639EB4-FB64-4909-8A10-FB93E7BE3AFB}.Release|Any CPU.ActiveCfg = Release|Any CPU
		{0F639EB4-FB64-4909-8A10-FB93E7BE3AFB}.Release|Any CPU.Build.0 = Release|Any CPU
		{2F77CA1D-E6F0-4DEA-96BB-8A039F4D0FF8}.Debug - NuGet Packages|Any CPU.ActiveCfg = Debug|Any CPU
		{2F77CA1D-E6F0-4DEA-96BB-8A039F4D0FF8}.Debug - NuGet Packages|Any CPU.Build.0 = Debug|Any CPU
		{2F77CA1D-E6F0-4DEA-96BB-8A039F4D0FF8}.Debug|Any CPU.ActiveCfg = Debug|Any CPU
		{2F77CA1D-E6F0-4DEA-96BB-8A039F4D0FF8}.Debug|Any CPU.Build.0 = Debug|Any CPU
		{2F77CA1D-E6F0-4DEA-96BB-8A039F4D0FF8}.Documentation|Any CPU.ActiveCfg = Debug|Any CPU
		{2F77CA1D-E6F0-4DEA-96BB-8A039F4D0FF8}.Release|Any CPU.ActiveCfg = Release|Any CPU
		{2F77CA1D-E6F0-4DEA-96BB-8A039F4D0FF8}.Release|Any CPU.Build.0 = Release|Any CPU
		{62C4DC83-3B07-45D7-856E-224FFB368E5F}.Debug - NuGet Packages|Any CPU.ActiveCfg = Debug|Any CPU
		{62C4DC83-3B07-45D7-856E-224FFB368E5F}.Debug - NuGet Packages|Any CPU.Build.0 = Debug|Any CPU
		{62C4DC83-3B07-45D7-856E-224FFB368E5F}.Debug|Any CPU.ActiveCfg = Debug|Any CPU
		{62C4DC83-3B07-45D7-856E-224FFB368E5F}.Debug|Any CPU.Build.0 = Debug|Any CPU
		{62C4DC83-3B07-45D7-856E-224FFB368E5F}.Documentation|Any CPU.ActiveCfg = Debug|Any CPU
		{62C4DC83-3B07-45D7-856E-224FFB368E5F}.Documentation|Any CPU.Build.0 = Debug|Any CPU
		{62C4DC83-3B07-45D7-856E-224FFB368E5F}.Release|Any CPU.ActiveCfg = Release|Any CPU
		{62C4DC83-3B07-45D7-856E-224FFB368E5F}.Release|Any CPU.Build.0 = Release|Any CPU
		{2614D290-1345-4A41-BE90-F85F817CEADE}.Debug - NuGet Packages|Any CPU.ActiveCfg = Debug|Any CPU
		{2614D290-1345-4A41-BE90-F85F817CEADE}.Debug - NuGet Packages|Any CPU.Build.0 = Debug|Any CPU
		{2614D290-1345-4A41-BE90-F85F817CEADE}.Debug|Any CPU.ActiveCfg = Debug|Any CPU
		{2614D290-1345-4A41-BE90-F85F817CEADE}.Debug|Any CPU.Build.0 = Debug|Any CPU
		{2614D290-1345-4A41-BE90-F85F817CEADE}.Documentation|Any CPU.ActiveCfg = Debug|Any CPU
		{2614D290-1345-4A41-BE90-F85F817CEADE}.Documentation|Any CPU.Build.0 = Debug|Any CPU
		{2614D290-1345-4A41-BE90-F85F817CEADE}.Release|Any CPU.ActiveCfg = Release|Any CPU
		{2614D290-1345-4A41-BE90-F85F817CEADE}.Release|Any CPU.Build.0 = Release|Any CPU
		{35F9B8A8-1974-4795-930B-5E4980EE85E5}.Debug - NuGet Packages|Any CPU.ActiveCfg = Debug|Any CPU
		{35F9B8A8-1974-4795-930B-5E4980EE85E5}.Debug - NuGet Packages|Any CPU.Build.0 = Debug|Any CPU
		{35F9B8A8-1974-4795-930B-5E4980EE85E5}.Debug|Any CPU.ActiveCfg = Debug|Any CPU
		{35F9B8A8-1974-4795-930B-5E4980EE85E5}.Debug|Any CPU.Build.0 = Debug|Any CPU
		{35F9B8A8-1974-4795-930B-5E4980EE85E5}.Documentation|Any CPU.ActiveCfg = Debug|Any CPU
		{35F9B8A8-1974-4795-930B-5E4980EE85E5}.Documentation|Any CPU.Build.0 = Debug|Any CPU
		{35F9B8A8-1974-4795-930B-5E4980EE85E5}.Release|Any CPU.ActiveCfg = Release|Any CPU
		{35F9B8A8-1974-4795-930B-5E4980EE85E5}.Release|Any CPU.Build.0 = Release|Any CPU
		{BC3301D0-CF24-4358-871A-9119F3161BE7}.Debug - NuGet Packages|Any CPU.ActiveCfg = Debug|Any CPU
		{BC3301D0-CF24-4358-871A-9119F3161BE7}.Debug - NuGet Packages|Any CPU.Build.0 = Debug|Any CPU
		{BC3301D0-CF24-4358-871A-9119F3161BE7}.Debug|Any CPU.ActiveCfg = Debug|Any CPU
		{BC3301D0-CF24-4358-871A-9119F3161BE7}.Debug|Any CPU.Build.0 = Debug|Any CPU
		{BC3301D0-CF24-4358-871A-9119F3161BE7}.Documentation|Any CPU.ActiveCfg = Debug|Any CPU
		{BC3301D0-CF24-4358-871A-9119F3161BE7}.Documentation|Any CPU.Build.0 = Debug|Any CPU
		{BC3301D0-CF24-4358-871A-9119F3161BE7}.Release|Any CPU.ActiveCfg = Release|Any CPU
		{BC3301D0-CF24-4358-871A-9119F3161BE7}.Release|Any CPU.Build.0 = Release|Any CPU
	EndGlobalSection
	GlobalSection(SolutionProperties) = preSolution
		HideSolutionNode = FALSE
	EndGlobalSection
	GlobalSection(NestedProjects) = preSolution
		{B2C5EED9-21B2-4763-AB92-C1995B76DA3A} = {4269F3C3-6B42-419B-B64A-3E6DC0F1574A}
		{F31CF172-6FEE-4188-9828-E5FDA531C871} = {763168FA-A590-482C-84D8-2922F7ADB1A2}
		{9BDF7020-A19F-4C6C-B329-E4BFEFF6DE6B} = {AD743B78-D61F-4FBF-B620-FA83CE599A50}
		{6462DA5D-27DC-4CD5-9467-5EFB998FD838} = {4269F3C3-6B42-419B-B64A-3E6DC0F1574A}
		{C1F54CDC-AD1D-45BB-8F7D-F49E411AFAF1} = {4269F3C3-6B42-419B-B64A-3E6DC0F1574A}
		{ADA8AB8B-2066-4193-B8F7-985669B23E00} = {4269F3C3-6B42-419B-B64A-3E6DC0F1574A}
		{BF414C86-DB3B-4022-9B29-DCE8AA954C12} = {AD743B78-D61F-4FBF-B620-FA83CE599A50}
		{276EBE79-A13A-46BD-A566-B01DC0477A9B} = {4269F3C3-6B42-419B-B64A-3E6DC0F1574A}
		{67AA3C00-E2C5-4D13-BA5E-72EB0E5B8DAA} = {763168FA-A590-482C-84D8-2922F7ADB1A2}
		{7BCEBDC1-D57F-4717-9B15-4FACD5473489} = {AD743B78-D61F-4FBF-B620-FA83CE599A50}
		{BD0B82EF-1601-4E87-B78A-B43DE7EB36B0} = {276EBE79-A13A-46BD-A566-B01DC0477A9B}
		{053BD8B8-B5C1-4C45-81D4-C9BA8D5B3CE2} = {276EBE79-A13A-46BD-A566-B01DC0477A9B}
		{EED5F0D3-6F00-4ED1-9108-5ADCB10A3734} = {4269F3C3-6B42-419B-B64A-3E6DC0F1574A}
		{C93F6192-0123-4121-AD92-374A71E4B0F3} = {AD743B78-D61F-4FBF-B620-FA83CE599A50}
		{2A46FEEF-4FD9-4DD5-8650-39C36CFDF2BB} = {4269F3C3-6B42-419B-B64A-3E6DC0F1574A}
		{508661A7-F47A-4D60-8ED6-69E378ED0E74} = {AD743B78-D61F-4FBF-B620-FA83CE599A50}
		{12CAE029-7B8D-4928-8504-28746C36ADB3} = {2A46FEEF-4FD9-4DD5-8650-39C36CFDF2BB}
		{77BD8C61-FB06-4BF7-A346-D2C87284390A} = {AD743B78-D61F-4FBF-B620-FA83CE599A50}
		{CDFEC7D6-847E-4C13-956B-0A960AE3EB60} = {2A46FEEF-4FD9-4DD5-8650-39C36CFDF2BB}
		{A4184239-F13F-4A09-B2D3-0B9532609248} = {AD743B78-D61F-4FBF-B620-FA83CE599A50}
		{D9B2EF5D-0515-460F-948A-2BB70C8DCF62} = {763168FA-A590-482C-84D8-2922F7ADB1A2}
		{9C09FAB4-AB0B-49BB-8D51-3B0B86D95E8E} = {AD743B78-D61F-4FBF-B620-FA83CE599A50}
		{763168FA-A590-482C-84D8-2922F7ADB1A2} = {4269F3C3-6B42-419B-B64A-3E6DC0F1574A}
		{0F639EB4-FB64-4909-8A10-FB93E7BE3AFB} = {4269F3C3-6B42-419B-B64A-3E6DC0F1574A}
		{2F77CA1D-E6F0-4DEA-96BB-8A039F4D0FF8} = {AD743B78-D61F-4FBF-B620-FA83CE599A50}
		{0A0E26B0-7A46-4F1A-8BFE-9A763FDF6CF8} = {AD743B78-D61F-4FBF-B620-FA83CE599A50}
		{62C4DC83-3B07-45D7-856E-224FFB368E5F} = {0A0E26B0-7A46-4F1A-8BFE-9A763FDF6CF8}
		{2614D290-1345-4A41-BE90-F85F817CEADE} = {0A0E26B0-7A46-4F1A-8BFE-9A763FDF6CF8}
		{35F9B8A8-1974-4795-930B-5E4980EE85E5} = {AD743B78-D61F-4FBF-B620-FA83CE599A50}
		{BB7BC71C-41D6-4E9C-AD8F-F3037E80D5A2} = {AD743B78-D61F-4FBF-B620-FA83CE599A50}
		{BC3301D0-CF24-4358-871A-9119F3161BE7} = {BB7BC71C-41D6-4E9C-AD8F-F3037E80D5A2}
	EndGlobalSection
	GlobalSection(ExtensibilityGlobals) = postSolution
		SolutionGuid = {7173C9F3-A7F9-496E-9078-9156E35D6E16}
	EndGlobalSection
EndGlobal
