
Microsoft Visual Studio Solution File, Format Version 12.00
# Visual Studio Version 16
VisualStudioVersion = 16.0.29123.88
MinimumVisualStudioVersion = 10.0.40219.1
Project("{9A19103F-16F7-4668-BE54-9A1E7A4F7556}") = "NotificationAlert", "NotificationAlert.csproj", "{983431D1-EBA1-4096-ACB4-A48DE0BC152C}"
EndProject
Global
	GlobalSection(SolutionConfigurationPlatforms) = preSolution
		Debug|Any CPU = Debug|Any CPU
		Release|Any CPU = Release|Any CPU
	EndGlobalSection
	GlobalSection(ProjectConfigurationPlatforms) = postSolution
		{983431D1-EBA1-4096-ACB4-A48DE0BC152C}.Debug|Any CPU.ActiveCfg = Debug|Any CPU
		{983431D1-EBA1-4096-ACB4-A48DE0BC152C}.Debug|Any CPU.Build.0 = Debug|Any CPU
		{983431D1-EBA1-4096-ACB4-A48DE0BC152C}.Release|Any CPU.ActiveCfg = Release|Any CPU
		{983431D1-EBA1-4096-ACB4-A48DE0BC152C}.Release|Any CPU.Build.0 = Release|Any CPU
	EndGlobalSection
	GlobalSection(SolutionProperties) = preSolution
		HideSolutionNode = FALSE
	EndGlobalSection
	GlobalSection(ExtensibilityGlobals) = postSolution
		SolutionGuid = {69A3762E-D93A-497C-A04B-EB65297A1B24}
	EndGlobalSection
EndGlobal
