<?xml version="1.0" encoding="utf-8"?>
<Project ToolsVersion="4.0" xmlns="http://schemas.microsoft.com/developer/msbuild/2003">
  <ItemGroup>
    <Filter Include="Source Files">
      <UniqueIdentifier>{4FC737F1-C7A5-4376-A066-2A32D752A2FF}</UniqueIdentifier>
      <Extensions>cpp;c;cc;cxx;c++;cppm;ixx;def;odl;idl;hpj;bat;asm;asmx</Extensions>
    </Filter>
    <Filter Include="Header Files">
      <UniqueIdentifier>{93995380-89BD-4b04-88EB-625FBE52EBFB}</UniqueIdentifier>
      <Extensions>h;hh;hpp;hxx;h++;hm;inl;inc;ipp;xsd</Extensions>
    </Filter>
    <Filter Include="Resource Files">
      <UniqueIdentifier>{67DA6AB6-F800-4c08-8B7A-83BB121AAD01}</UniqueIdentifier>
      <Extensions>rc;ico;cur;bmp;dlg;rc2;rct;bin;rgs;gif;jpg;jpeg;jpe;resx;tiff;tif;png;wav;mfcribbon-ms</Extensions>
    </Filter>
    <Filter Include="antlr">
      <UniqueIdentifier>{908ea5d1-f4bf-4981-8c85-ed4f4aac3898}</UniqueIdentifier>
    </Filter>
    <Filter Include="Memory">
      <UniqueIdentifier>{7bbe480c-a166-4c90-b20e-99ee4511aeee}</UniqueIdentifier>
    </Filter>
    <Filter Include="BuiltinFunctions">
      <UniqueIdentifier>{c217f0ba-d648-41f5-9183-4a17076be8df}</UniqueIdentifier>
    </Filter>
    <Filter Include="GeneratedAntlrFiles">
      <UniqueIdentifier>{2a61eeba-1e19-485a-8b9b-bb3ba0d0a915}</UniqueIdentifier>
    </Filter>
  </ItemGroup>
  <ItemGroup>
    <ClInclude Include="..\antlr4-runtime\antlr4-common.h">
      <Filter>antlr</Filter>
    </ClInclude>
    <ClInclude Include="..\antlr4-runtime\antlr4-runtime.h">
      <Filter>antlr</Filter>
    </ClInclude>
    <ClInclude Include="..\antlr4-runtime\ANTLRErrorListener.h">
      <Filter>antlr</Filter>
    </ClInclude>
    <ClInclude Include="..\antlr4-runtime\ANTLRErrorStrategy.h">
      <Filter>antlr</Filter>
    </ClInclude>
    <ClInclude Include="..\antlr4-runtime\ANTLRFileStream.h">
      <Filter>antlr</Filter>
    </ClInclude>
    <ClInclude Include="..\antlr4-runtime\ANTLRInputStream.h">
      <Filter>antlr</Filter>
    </ClInclude>
    <ClInclude Include="..\antlr4-runtime\BailErrorStrategy.h">
      <Filter>antlr</Filter>
    </ClInclude>
    <ClInclude Include="..\antlr4-runtime\BaseErrorListener.h">
      <Filter>antlr</Filter>
    </ClInclude>
    <ClInclude Include="..\antlr4-runtime\BufferedTokenStream.h">
      <Filter>antlr</Filter>
    </ClInclude>
    <ClInclude Include="..\antlr4-runtime\CharStream.h">
      <Filter>antlr</Filter>
    </ClInclude>
    <ClInclude Include="..\antlr4-runtime\CommonToken.h">
      <Filter>antlr</Filter>
    </ClInclude>
    <ClInclude Include="..\antlr4-runtime\CommonTokenFactory.h">
      <Filter>antlr</Filter>
    </ClInclude>
    <ClInclude Include="..\antlr4-runtime\CommonTokenStream.h">
      <Filter>antlr</Filter>
    </ClInclude>
    <ClInclude Include="..\antlr4-runtime\ConsoleErrorListener.h">
      <Filter>antlr</Filter>
    </ClInclude>
    <ClInclude Include="..\antlr4-runtime\DefaultErrorStrategy.h">
      <Filter>antlr</Filter>
    </ClInclude>
    <ClInclude Include="..\antlr4-runtime\DiagnosticErrorListener.h">
      <Filter>antlr</Filter>
    </ClInclude>
    <ClInclude Include="..\antlr4-runtime\Exceptions.h">
      <Filter>antlr</Filter>
    </ClInclude>
    <ClInclude Include="..\antlr4-runtime\FailedPredicateException.h">
      <Filter>antlr</Filter>
    </ClInclude>
    <ClInclude Include="..\antlr4-runtime\InputMismatchException.h">
      <Filter>antlr</Filter>
    </ClInclude>
    <ClInclude Include="..\antlr4-runtime\InterpreterRuleContext.h">
      <Filter>antlr</Filter>
    </ClInclude>
    <ClInclude Include="..\antlr4-runtime\IntStream.h">
      <Filter>antlr</Filter>
    </ClInclude>
    <ClInclude Include="..\antlr4-runtime\Lexer.h">
      <Filter>antlr</Filter>
    </ClInclude>
    <ClInclude Include="..\antlr4-runtime\LexerInterpreter.h">
      <Filter>antlr</Filter>
    </ClInclude>
    <ClInclude Include="..\antlr4-runtime\LexerNoViableAltException.h">
      <Filter>antlr</Filter>
    </ClInclude>
    <ClInclude Include="..\antlr4-runtime\ListTokenSource.h">
      <Filter>antlr</Filter>
    </ClInclude>
    <ClInclude Include="..\antlr4-runtime\NoViableAltException.h">
      <Filter>antlr</Filter>
    </ClInclude>
    <ClInclude Include="..\antlr4-runtime\Parser.h">
      <Filter>antlr</Filter>
    </ClInclude>
    <ClInclude Include="..\antlr4-runtime\ParserInterpreter.h">
      <Filter>antlr</Filter>
    </ClInclude>
    <ClInclude Include="..\antlr4-runtime\ParserRuleContext.h">
      <Filter>antlr</Filter>
    </ClInclude>
    <ClInclude Include="..\antlr4-runtime\ProxyErrorListener.h">
      <Filter>antlr</Filter>
    </ClInclude>
    <ClInclude Include="..\antlr4-runtime\RecognitionException.h">
      <Filter>antlr</Filter>
    </ClInclude>
    <ClInclude Include="..\antlr4-runtime\Recognizer.h">
      <Filter>antlr</Filter>
    </ClInclude>
    <ClInclude Include="..\antlr4-runtime\RuleContext.h">
      <Filter>antlr</Filter>
    </ClInclude>
    <ClInclude Include="..\antlr4-runtime\RuleContextWithAltNum.h">
      <Filter>antlr</Filter>
    </ClInclude>
    <ClInclude Include="..\antlr4-runtime\RuntimeMetaData.h">
      <Filter>antlr</Filter>
    </ClInclude>
    <ClInclude Include="..\antlr4-runtime\Token.h">
      <Filter>antlr</Filter>
    </ClInclude>
    <ClInclude Include="..\antlr4-runtime\TokenFactory.h">
      <Filter>antlr</Filter>
    </ClInclude>
    <ClInclude Include="..\antlr4-runtime\TokenSource.h">
      <Filter>antlr</Filter>
    </ClInclude>
    <ClInclude Include="..\antlr4-runtime\TokenStream.h">
      <Filter>antlr</Filter>
    </ClInclude>
    <ClInclude Include="..\antlr4-runtime\TokenStreamRewriter.h">
      <Filter>antlr</Filter>
    </ClInclude>
    <ClInclude Include="..\antlr4-runtime\UnbufferedCharStream.h">
      <Filter>antlr</Filter>
    </ClInclude>
    <ClInclude Include="..\antlr4-runtime\UnbufferedTokenStream.h">
      <Filter>antlr</Filter>
    </ClInclude>
    <ClInclude Include="..\antlr4-runtime\Vocabulary.h">
      <Filter>antlr</Filter>
    </ClInclude>
    <ClInclude Include="..\antlr4-runtime\WritableToken.h">
      <Filter>antlr</Filter>
    </ClInclude>
    <ClInclude Include="..\Code\pch.h">
      <Filter>Header Files</Filter>
    </ClInclude>
    <ClInclude Include="..\BuiltinFunctions\Add.h">
      <Filter>BuiltinFunctions</Filter>
    </ClInclude>
    <ClInclude Include="..\BuiltinFunctions\Subtract.h">
      <Filter>BuiltinFunctions</Filter>
    </ClInclude>
    <ClInclude Include="..\BuiltinFunctions\And.h">
      <Filter>BuiltinFunctions</Filter>
    </ClInclude>
    <ClInclude Include="..\GeneratedAntlrFiles\ExpressionAntlrLexer.h">
      <Filter>GeneratedAntlrFiles</Filter>
    </ClInclude>
    <ClInclude Include="..\GeneratedAntlrFiles\ExpressionAntlrParser.h">
      <Filter>GeneratedAntlrFiles</Filter>
    </ClInclude>
    <ClInclude Include="..\GeneratedAntlrFiles\ExpressionAntlrParserBaseVisitor.h">
      <Filter>GeneratedAntlrFiles</Filter>
    </ClInclude>
    <ClInclude Include="..\GeneratedAntlrFiles\ExpressionAntlrParserVisitor.h">
      <Filter>GeneratedAntlrFiles</Filter>
    </ClInclude>
    <ClInclude Include="..\Code\Constant.h">
      <Filter>Header Files</Filter>
    </ClInclude>
    <ClInclude Include="..\Code\Expression.h">
      <Filter>Header Files</Filter>
    </ClInclude>
    <ClInclude Include="..\Code\ExpressionEvaluator.h">
      <Filter>Header Files</Filter>
    </ClInclude>
    <ClInclude Include="..\Code\ExpressionEvaluatorWithArgs.h">
      <Filter>Header Files</Filter>
    </ClInclude>
    <ClInclude Include="..\Code\ExpressionFunctions.h">
      <Filter>Header Files</Filter>
    </ClInclude>
    <ClInclude Include="..\Code\ExpressionParser.h">
      <Filter>Header Files</Filter>
    </ClInclude>
    <ClInclude Include="..\Code\ExpressionType.h">
      <Filter>Header Files</Filter>
    </ClInclude>
    <ClInclude Include="..\Code\FunctionTable.h">
      <Filter>Header Files</Filter>
    </ClInclude>
    <ClInclude Include="..\Code\FunctionUtils.h">
      <Filter>Header Files</Filter>
    </ClInclude>
    <ClInclude Include="..\Code\Options.h">
      <Filter>Header Files</Filter>
    </ClInclude>
    <ClInclude Include="..\Code\ReturnType.h">
      <Filter>Header Files</Filter>
    </ClInclude>
    <ClInclude Include="..\BuiltinFunctions\Or.h">
      <Filter>BuiltinFunctions</Filter>
    </ClInclude>
    <ClInclude Include="..\BuiltinFunctions\Not.h">
      <Filter>BuiltinFunctions</Filter>
    </ClInclude>
  </ItemGroup>
  <ItemGroup>
    <ClCompile Include="..\Code\pch.cpp">
      <Filter>Source Files</Filter>
    </ClCompile>
    <ClCompile Include="..\BuiltinFunctions\Add.cpp">
      <Filter>BuiltinFunctions</Filter>
    </ClCompile>
    <ClCompile Include="..\BuiltinFunctions\Subtract.cpp">
      <Filter>BuiltinFunctions</Filter>
    </ClCompile>
    <ClCompile Include="..\BuiltinFunctions\And.cpp">
      <Filter>BuiltinFunctions</Filter>
    </ClCompile>
    <ClCompile Include="..\GeneratedAntlrFiles\ExpressionAntlrParser.cpp">
      <Filter>GeneratedAntlrFiles</Filter>
    </ClCompile>
    <ClCompile Include="..\GeneratedAntlrFiles\ExpressionAntlrParserBaseVisitor.cpp">
      <Filter>GeneratedAntlrFiles</Filter>
    </ClCompile>
    <ClCompile Include="..\GeneratedAntlrFiles\ExpressionAntlrParserVisitor.cpp">
      <Filter>GeneratedAntlrFiles</Filter>
    </ClCompile>
    <ClCompile Include="..\GeneratedAntlrFiles\ExpressionAntlrLexer.cpp">
      <Filter>GeneratedAntlrFiles</Filter>
    </ClCompile>
    <ClCompile Include="..\Code\Constant.cpp">
      <Filter>Source Files</Filter>
    </ClCompile>
    <ClCompile Include="..\Code\Expression.cpp">
      <Filter>Source Files</Filter>
    </ClCompile>
    <ClCompile Include="..\Code\ExpressionEvaluator.cpp">
      <Filter>Source Files</Filter>
    </ClCompile>
    <ClCompile Include="..\Code\ExpressionEvaluatorWithArgs.cpp">
      <Filter>Source Files</Filter>
    </ClCompile>
    <ClCompile Include="..\Code\ExpressionFunctions.cpp">
      <Filter>Source Files</Filter>
    </ClCompile>
    <ClCompile Include="..\Code\ExpressionParser.cpp">
      <Filter>Source Files</Filter>
    </ClCompile>
    <ClCompile Include="..\Code\ExpressionType.cpp">
      <Filter>Source Files</Filter>
    </ClCompile>
    <ClCompile Include="..\Code\FunctionTable.cpp">
      <Filter>Source Files</Filter>
    </ClCompile>
    <ClCompile Include="..\Code\FunctionUtils.cpp">
      <Filter>Source Files</Filter>
    </ClCompile>
    <ClCompile Include="..\BuiltinFunctions\Or.cpp">
      <Filter>BuiltinFunctions</Filter>
    </ClCompile>
    <ClCompile Include="..\BuiltinFunctions\Not.cpp">
      <Filter>BuiltinFunctions</Filter>
    </ClCompile>
  </ItemGroup>
  <ItemGroup>
    <None Include="cpp.hint" />
    <None Include="..\GeneratedAntlrFiles\ExpressionAntlrLexer.g4">
      <Filter>GeneratedAntlrFiles</Filter>
    </None>
    <None Include="..\GeneratedAntlrFiles\ExpressionAntlrParser.g4">
      <Filter>GeneratedAntlrFiles</Filter>
    </None>
  </ItemGroup>
</Project>