
Microsoft Visual Studio Solution File, Format Version 12.00
# Visual Studio 15
VisualStudioVersion = 15.0.28307.271
MinimumVisualStudioVersion = 10.0.40219.1
Project("{9A19103F-16F7-4668-BE54-9A1E7A4F7556}") = "Microsoft.Bot.Builder.Teams.Tests", "Microsoft.Bot.Builder.Teams.Tests\Microsoft.Bot.Builder.Teams.Tests.csproj", "{0E8BBFA6-0121-4C61-BC99-3BB705D9EA5F}"
EndProject
Project("{2150E333-8FDC-42A3-9474-1A3956D46DE8}") = "Dependencies", "Dependencies", "{A56AC445-2E07-4EFC-9326-80977C740D04}"
EndProject
Project("{9A19103F-16F7-4668-BE54-9A1E7A4F7556}") = "Microsoft.Bot.Builder", "..\..\libraries\Microsoft.Bot.Builder\Microsoft.Bot.Builder.csproj", "{C996255E-BF5F-4611-B14C-5614DE333FD6}"
EndProject
Project("{9A19103F-16F7-4668-BE54-9A1E7A4F7556}") = "Microsoft.Bot.Connector", "..\..\libraries\Microsoft.Bot.Connector\Microsoft.Bot.Connector.csproj", "{0D4DDC10-C314-4862-A424-1AB076D96A5A}"
EndProject
Project("{9A19103F-16F7-4668-BE54-9A1E7A4F7556}") = "Microsoft.Bot.Schema", "..\..\libraries\Microsoft.Bot.Schema\Microsoft.Bot.Schema.csproj", "{01205ADB-1EF1-4217-B553-CE8BE187C518}"
EndProject
Project("{9A19103F-16F7-4668-BE54-9A1E7A4F7556}") = "Microsoft.Bot.Builder.Integration.AspNet.Core", "..\..\libraries\integration\Microsoft.Bot.Builder.Integration.AspNet.Core\Microsoft.Bot.Builder.Integration.AspNet.Core.csproj", "{5D7C3E6A-5203-48BA-915C-C22AB2815224}"
EndProject
Global
	GlobalSection(SolutionConfigurationPlatforms) = preSolution
		Release|Any CPU = Release|Any CPU
	EndGlobalSection
	GlobalSection(ProjectConfigurationPlatforms) = postSolution
		{0E8BBFA6-0121-4C61-BC99-3BB705D9EA5F}.Release|Any CPU.ActiveCfg = Release|Any CPU
		{0E8BBFA6-0121-4C61-BC99-3BB705D9EA5F}.Release|Any CPU.Build.0 = Release|Any CPU
		{C996255E-BF5F-4611-B14C-5614DE333FD6}.Release|Any CPU.ActiveCfg = Release|Any CPU
		{C996255E-BF5F-4611-B14C-5614DE333FD6}.Release|Any CPU.Build.0 = Release|Any CPU
		{0D4DDC10-C314-4862-A424-1AB076D96A5A}.Release|Any CPU.ActiveCfg = Release|Any CPU
		{0D4DDC10-C314-4862-A424-1AB076D96A5A}.Release|Any CPU.Build.0 = Release|Any CPU
		{01205ADB-1EF1-4217-B553-CE8BE187C518}.Release|Any CPU.ActiveCfg = Release|Any CPU
		{01205ADB-1EF1-4217-B553-CE8BE187C518}.Release|Any CPU.Build.0 = Release|Any CPU
		{5D7C3E6A-5203-48BA-915C-C22AB2815224}.Release|Any CPU.ActiveCfg = Release|Any CPU
		{5D7C3E6A-5203-48BA-915C-C22AB2815224}.Release|Any CPU.Build.0 = Release|Any CPU
	EndGlobalSection
	GlobalSection(SolutionProperties) = preSolution
		HideSolutionNode = FALSE
	EndGlobalSection
	GlobalSection(NestedProjects) = preSolution
		{C996255E-BF5F-4611-B14C-5614DE333FD6} = {A56AC445-2E07-4EFC-9326-80977C740D04}
		{0D4DDC10-C314-4862-A424-1AB076D96A5A} = {A56AC445-2E07-4EFC-9326-80977C740D04}
		{01205ADB-1EF1-4217-B553-CE8BE187C518} = {A56AC445-2E07-4EFC-9326-80977C740D04}
		{5D7C3E6A-5203-48BA-915C-C22AB2815224} = {A56AC445-2E07-4EFC-9326-80977C740D04}
	EndGlobalSection
	GlobalSection(ExtensibilityGlobals) = postSolution
		SolutionGuid = {6ED9DC95-7090-4498-BC15-54F668BA2BD5}
	EndGlobalSection
EndGlobal
