
Microsoft Visual Studio Solution File, Format Version 12.00
# Visual Studio 15
VisualStudioVersion = 15.0.27130.2024
MinimumVisualStudioVersion = 10.0.40219.1
Project("{9A19103F-16F7-4668-BE54-9A1E7A4F7556}") = "Microsoft.Bot.Connector", "Microsoft.Bot.Connector\Microsoft.Bot.Connector.csproj", "{34B9AF8E-3EF6-4A81-8076-C0BD26D1FF7D}"
EndProject
Project("{FAE04EC0-301F-11D3-BF4B-00C04F79EFBC}") = "Microsoft.Bot.Connector.Tests", "Microsoft.Bot.Connector.Tests\Microsoft.Bot.Connector.Tests.csproj", "{8E8E332B-C18A-49B5-A388-10B80A3CD983}"
EndProject
Global
	GlobalSection(SolutionConfigurationPlatforms) = preSolution
		Debug|Any CPU = Debug|Any CPU
		Release|Any CPU = Release|Any CPU
	EndGlobalSection
	GlobalSection(ProjectConfigurationPlatforms) = postSolution
		{34B9AF8E-3EF6-4A81-8076-C0BD26D1FF7D}.Debug|Any CPU.ActiveCfg = Debug|Any CPU
		{34B9AF8E-3EF6-4A81-8076-C0BD26D1FF7D}.Debug|Any CPU.Build.0 = Debug|Any CPU
		{34B9AF8E-3EF6-4A81-8076-C0BD26D1FF7D}.Release|Any CPU.ActiveCfg = Release|Any CPU
		{34B9AF8E-3EF6-4A81-8076-C0BD26D1FF7D}.Release|Any CPU.Build.0 = Release|Any CPU
		{8E8E332B-C18A-49B5-A388-10B80A3CD983}.Debug|Any CPU.ActiveCfg = Debug|Any CPU
		{8E8E332B-C18A-49B5-A388-10B80A3CD983}.Debug|Any CPU.Build.0 = Debug|Any CPU
		{8E8E332B-C18A-49B5-A388-10B80A3CD983}.Release|Any CPU.ActiveCfg = Release|Any CPU
		{8E8E332B-C18A-49B5-A388-10B80A3CD983}.Release|Any CPU.Build.0 = Release|Any CPU
	EndGlobalSection
	GlobalSection(SolutionProperties) = preSolution
		HideSolutionNode = FALSE
	EndGlobalSection
	GlobalSection(ExtensibilityGlobals) = postSolution
		SolutionGuid = {1264495F-7DEC-408C-9EC0-942D29506D63}
	EndGlobalSection
EndGlobal
